
Microsoft Visual Studio Solution File, Format Version 12.00
Project("{FAE04EC0-301F-11D3-BF4B-00C04F79EFBC}") = "LeetCode.TwoSum", "LeetCode.TwoSum\LeetCode.TwoSum.csproj", "{572F6ABA-B205-474A-9A1E-1C4F85BCBE25}"
EndProject
Project("{FAE04EC0-301F-11D3-BF4B-00C04F79EFBC}") = "CustomHashTable", "CustomHashTable\CustomHashTable.csproj", "{4B663F79-C179-4807-BF23-2A29EBC72878}"
EndProject
Project("{FAE04EC0-301F-11D3-BF4B-00C04F79EFBC}") = "LeetCode.AddTwoNumbers", "LeetCode.AddTwoNumbers\LeetCode.AddTwoNumbers.csproj", "{73DEA1ED-047A-4FF6-96AA-3930A70594C4}"
EndProject
Project("{FAE04EC0-301F-11D3-BF4B-00C04F79EFBC}") = "LeetCode.LongestSubstring", "LeetCode.LongestSubstring\LeetCode.LongestSubstring.csproj", "{6D17BEB4-9BF8-45B8-8A3C-6C7D9D46926C}"
EndProject
Project("{FAE04EC0-301F-11D3-BF4B-00C04F79EFBC}") = "LeetCode.MedianOfTwoSortedArrays", "LeetCode.MedianOfTwoSortedArrays\LeetCode.MedianOfTwoSortedArrays.csproj", "{58AE911D-81CC-4BCE-A5F0-E797AB2586B3}"
EndProject
Project("{FAE04EC0-301F-11D3-BF4B-00C04F79EFBC}") = "LeetCode.LongestPalindromicSubstring", "LeetCode.LongestPalindromicSubstring\LeetCode.LongestPalindromicSubstring.csproj", "{C44EECE2-4CC9-425E-9194-31E9BE3F28A9}"
EndProject
Global
	GlobalSection(SolutionConfigurationPlatforms) = preSolution
		Debug|Any CPU = Debug|Any CPU
		Release|Any CPU = Release|Any CPU
	EndGlobalSection
	GlobalSection(ProjectConfigurationPlatforms) = postSolution
		{572F6ABA-B205-474A-9A1E-1C4F85BCBE25}.Debug|Any CPU.ActiveCfg = Debug|Any CPU
		{572F6ABA-B205-474A-9A1E-1C4F85BCBE25}.Debug|Any CPU.Build.0 = Debug|Any CPU
		{572F6ABA-B205-474A-9A1E-1C4F85BCBE25}.Release|Any CPU.ActiveCfg = Release|Any CPU
		{572F6ABA-B205-474A-9A1E-1C4F85BCBE25}.Release|Any CPU.Build.0 = Release|Any CPU
		{4B663F79-C179-4807-BF23-2A29EBC72878}.Debug|Any CPU.ActiveCfg = Debug|Any CPU
		{4B663F79-C179-4807-BF23-2A29EBC72878}.Debug|Any CPU.Build.0 = Debug|Any CPU
		{4B663F79-C179-4807-BF23-2A29EBC72878}.Release|Any CPU.ActiveCfg = Release|Any CPU
		{4B663F79-C179-4807-BF23-2A29EBC72878}.Release|Any CPU.Build.0 = Release|Any CPU
		{73DEA1ED-047A-4FF6-96AA-3930A70594C4}.Debug|Any CPU.ActiveCfg = Debug|Any CPU
		{73DEA1ED-047A-4FF6-96AA-3930A70594C4}.Debug|Any CPU.Build.0 = Debug|Any CPU
		{73DEA1ED-047A-4FF6-96AA-3930A70594C4}.Release|Any CPU.ActiveCfg = Release|Any CPU
		{73DEA1ED-047A-4FF6-96AA-3930A70594C4}.Release|Any CPU.Build.0 = Release|Any CPU
		{6D17BEB4-9BF8-45B8-8A3C-6C7D9D46926C}.Debug|Any CPU.ActiveCfg = Debug|Any CPU
		{6D17BEB4-9BF8-45B8-8A3C-6C7D9D46926C}.Debug|Any CPU.Build.0 = Debug|Any CPU
		{6D17BEB4-9BF8-45B8-8A3C-6C7D9D46926C}.Release|Any CPU.ActiveCfg = Release|Any CPU
		{6D17BEB4-9BF8-45B8-8A3C-6C7D9D46926C}.Release|Any CPU.Build.0 = Release|Any CPU
		{58AE911D-81CC-4BCE-A5F0-E797AB2586B3}.Debug|Any CPU.ActiveCfg = Debug|Any CPU
		{58AE911D-81CC-4BCE-A5F0-E797AB2586B3}.Debug|Any CPU.Build.0 = Debug|Any CPU
		{58AE911D-81CC-4BCE-A5F0-E797AB2586B3}.Release|Any CPU.ActiveCfg = Release|Any CPU
		{58AE911D-81CC-4BCE-A5F0-E797AB2586B3}.Release|Any CPU.Build.0 = Release|Any CPU
		{C44EECE2-4CC9-425E-9194-31E9BE3F28A9}.Debug|Any CPU.ActiveCfg = Debug|Any CPU
		{C44EECE2-4CC9-425E-9194-31E9BE3F28A9}.Debug|Any CPU.Build.0 = Debug|Any CPU
		{C44EECE2-4CC9-425E-9194-31E9BE3F28A9}.Release|Any CPU.ActiveCfg = Release|Any CPU
		{C44EECE2-4CC9-425E-9194-31E9BE3F28A9}.Release|Any CPU.Build.0 = Release|Any CPU
	EndGlobalSection
EndGlobal
