
Microsoft Visual Studio Solution File, Format Version 12.00
Project("{FAE04EC0-301F-11D3-BF4B-00C04F79EFBC}") = "LeetCode.TwoSum", "LeetCode.TwoSum\LeetCode.TwoSum.csproj", "{572F6ABA-B205-474A-9A1E-1C4F85BCBE25}"
EndProject
Project("{FAE04EC0-301F-11D3-BF4B-00C04F79EFBC}") = "CustomHashTable", "CustomHashTable\CustomHashTable.csproj", "{4B663F79-C179-4807-BF23-2A29EBC72878}"
EndProject
Project("{FAE04EC0-301F-11D3-BF4B-00C04F79EFBC}") = "LeetCode.AddTwoNumbers", "LeetCode.AddTwoNumbers\LeetCode.AddTwoNumbers.csproj", "{73DEA1ED-047A-4FF6-96AA-3930A70594C4}"
EndProject
Project("{FAE04EC0-301F-11D3-BF4B-00C04F79EFBC}") = "LeetCode.LongestSubstring", "LeetCode.LongestSubstring\LeetCode.LongestSubstring.csproj", "{6D17BEB4-9BF8-45B8-8A3C-6C7D9D46926C}"
EndProject
Project("{FAE04EC0-301F-11D3-BF4B-00C04F79EFBC}") = "LeetCode.MedianOfTwoSortedArrays", "LeetCode.MedianOfTwoSortedArrays\LeetCode.MedianOfTwoSortedArrays.csproj", "{58AE911D-81CC-4BCE-A5F0-E797AB2586B3}"
EndProject
Project("{FAE04EC0-301F-11D3-BF4B-00C04F79EFBC}") = "LeetCode.LongestPalindromicSubstring", "LeetCode.LongestPalindromicSubstring\LeetCode.LongestPalindromicSubstring.csproj", "{C44EECE2-4CC9-425E-9194-31E9BE3F28A9}"
EndProject
Project("{FAE04EC0-301F-11D3-BF4B-00C04F79EFBC}") = "LeetCode.ZigzagConversion", "LeetCode.ZigzagConversion\LeetCode.ZigzagConversion.csproj", "{2C312C04-8F4F-4CFA-9223-5312A12EED6D}"
EndProject
Project("{FAE04EC0-301F-11D3-BF4B-00C04F79EFBC}") = "LeetCode.ReverseInteger", "LeetCode.ReverseInteger\LeetCode.ReverseInteger.csproj", "{A1187F45-A636-4F9F-9055-53F19D0C02D1}"
EndProject
Project("{FAE04EC0-301F-11D3-BF4B-00C04F79EFBC}") = "LeetCode.StringToInteger", "LeetCode.StringToInteger\LeetCode.StringToInteger.csproj", "{C2EDD2CF-A194-4729-B117-5C02878ECC50}"
EndProject
Project("{FAE04EC0-301F-11D3-BF4B-00C04F79EFBC}") = "LeetCode.PalindromeNumber", "LeetCode.PalindromeNumber\LeetCode.PalindromeNumber.csproj", "{C2F2922F-58EF-420A-8B94-FB8BF410B290}"
EndProject
Project("{FAE04EC0-301F-11D3-BF4B-00C04F79EFBC}") = "LeetCode.RegularExpessionMatching", "LeetCode.RegularExpessionMatching\LeetCode.RegularExpessionMatching.csproj", "{440F8925-F3F4-4BCA-BF64-7078219FB294}"
EndProject
Project("{FAE04EC0-301F-11D3-BF4B-00C04F79EFBC}") = "LeetCode.ContainerWithMostWater", "LeetCode.ContainerWithMostWater\LeetCode.ContainerWithMostWater.csproj", "{F259FF73-6098-41C4-A376-40E37CF23721}"
EndProject
Project("{FAE04EC0-301F-11D3-BF4B-00C04F79EFBC}") = "LeetCode.IntegerToRoman", "LeetCode.IntegerToRoman\LeetCode.IntegerToRoman.csproj", "{05BA76B1-6E7E-475D-A576-BBB8433493BB}"
EndProject
Project("{FAE04EC0-301F-11D3-BF4B-00C04F79EFBC}") = "LeetCode.RomanToInteger", "LeetCode.RomanToInteger\LeetCode.RomanToInteger.csproj", "{70055571-75EE-4780-A209-A9489E88C8AC}"
EndProject
Project("{FAE04EC0-301F-11D3-BF4B-00C04F79EFBC}") = "LeetCode.LongestCommonPrefix", "LeetCode.LongestCommonPrefix\LeetCode.LongestCommonPrefix.csproj", "{C2CD242B-5FF7-4320-B20C-1D81693DD475}"
EndProject
Project("{FAE04EC0-301F-11D3-BF4B-00C04F79EFBC}") = "LeetCode.LetterCombinations", "LeetCode.LetterCombinations\LeetCode.LetterCombinations.csproj", "{F386C4C9-BFF2-4613-9A13-8DAC9D5CCE9A}"
EndProject
Project("{FAE04EC0-301F-11D3-BF4B-00C04F79EFBC}") = "LeetCode.ThreeSum", "LeetCode.ThreeSum\LeetCode.ThreeSum.csproj", "{DA96D339-5942-45A2-8921-D36D96EF3CB8}"
EndProject
Project("{FAE04EC0-301F-11D3-BF4B-00C04F79EFBC}") = "LeetCode.ThreeSumClosest", "LeetCode.ThreeSumClosest\LeetCode.ThreeSumClosest.csproj", "{0B907586-133E-403F-9473-0E94BB87D052}"
EndProject
Project("{FAE04EC0-301F-11D3-BF4B-00C04F79EFBC}") = "LeetCode.ForSum", "LeetCode.ForSum\LeetCode.ForSum.csproj", "{4916DAD5-7012-49EE-A4EC-2E11F974A172}"
EndProject
Project("{FAE04EC0-301F-11D3-BF4B-00C04F79EFBC}") = "LeetCode.RemoveNthNode", "LeetCode.RemoveNthNode\LeetCode.RemoveNthNode.csproj", "{B3A7724A-6DAE-473A-AD42-7DE20FA038B5}"
EndProject
Project("{FAE04EC0-301F-11D3-BF4B-00C04F79EFBC}") = "LeetCode.ValidParentheses", "LeetCode.ValidParentheses\LeetCode.ValidParentheses.csproj", "{5F4DA9E7-0357-4673-B88E-840F344CC363}"
EndProject
Project("{FAE04EC0-301F-11D3-BF4B-00C04F79EFBC}") = "LeetCode.MergeTwoSortedLists", "LeetCode.MergeTwoSortedLists\LeetCode.MergeTwoSortedLists.csproj", "{38F01CBE-EC7E-44F4-990B-9CD1E100948D}"
EndProject
Project("{FAE04EC0-301F-11D3-BF4B-00C04F79EFBC}") = "LeetCode.GenerateParentheses", "LeetCode.GenerateParentheses\LeetCode.GenerateParentheses.csproj", "{7D76F3AA-98D5-4D7A-B15A-4CCD36390935}"
EndProject
Project("{FAE04EC0-301F-11D3-BF4B-00C04F79EFBC}") = "LeetCode.MergeKSortedLists", "LeetCode.MergeKSortedLists\LeetCode.MergeKSortedLists.csproj", "{D90684BC-5488-447F-9456-352FA8B09117}"
EndProject
Project("{FAE04EC0-301F-11D3-BF4B-00C04F79EFBC}") = "LeetCode.SwapNodesInPairs", "LeetCode.SwapNodesInPairs\LeetCode.SwapNodesInPairs.csproj", "{FABF7CCB-4E73-4292-9C72-AF8F3CA96A7D}"
EndProject
Project("{FAE04EC0-301F-11D3-BF4B-00C04F79EFBC}") = "LeetCode.ReverseNodeGroup", "LeetCode.ReverseNodeGroup\LeetCode.ReverseNodeGroup.csproj", "{978E04B0-C5D3-4117-AD2D-897244960604}"
EndProject
Project("{FAE04EC0-301F-11D3-BF4B-00C04F79EFBC}") = "LeetCode.RemoveDuplicatesFromSortedArray", "LeetCode.RemoveDuplicatesFromSortedArray\LeetCode.RemoveDuplicatesFromSortedArray.csproj", "{6A55B6D0-76E8-437C-954F-A083D89576E3}"
EndProject
Project("{FAE04EC0-301F-11D3-BF4B-00C04F79EFBC}") = "LeetCode.RemoveElement", "LeetCode.RemoveElement\LeetCode.RemoveElement.csproj", "{B875F272-CAEE-4253-A72D-94BE28DB15D6}"
EndProject
Project("{FAE04EC0-301F-11D3-BF4B-00C04F79EFBC}") = "LeetCode.FindTheIndexOf", "LeetCode.FindTheIndexOf\LeetCode.FindTheIndexOf.csproj", "{65AE7D0B-97B4-488C-9281-7E7E61CC96FE}"
EndProject
Project("{FAE04EC0-301F-11D3-BF4B-00C04F79EFBC}") = "LeetCode.DivideTwoIntegers", "LeetCode.DivideTwoIntegers\LeetCode.DivideTwoIntegers.csproj", "{6B776561-BD4F-4BE3-A57B-08EE4267EFC5}"
EndProject
Project("{FAE04EC0-301F-11D3-BF4B-00C04F79EFBC}") = "LeetCode.SubstringWithConcatenation", "LeetCode.SubstringWithConcatenation\LeetCode.SubstringWithConcatenation.csproj", "{D87AE7AA-F8FF-44CD-9C1D-2DEF2267B631}"
EndProject
Project("{FAE04EC0-301F-11D3-BF4B-00C04F79EFBC}") = "LeetCode.NextPermutation", "LeetCode.NextPermutation\LeetCode.NextPermutation.csproj", "{8C8FEB77-9F87-43D2-BE40-DED60933BDC3}"
EndProject
Project("{FAE04EC0-301F-11D3-BF4B-00C04F79EFBC}") = "LeetCode.LongestValidParentheses", "LeetCode.LongestValidParentheses\LeetCode.LongestValidParentheses.csproj", "{41C36EC0-24E4-4F97-A7B0-A66F1619F601}"
EndProject
Project("{FAE04EC0-301F-11D3-BF4B-00C04F79EFBC}") = "LeetCode.SearchInRotatedSortedArray", "LeetCode.SearchInRotatedSortedArray\LeetCode.SearchInRotatedSortedArray.csproj", "{9F75944E-2E88-4294-B98B-05B1D219AF0B}"
EndProject
Project("{FAE04EC0-301F-11D3-BF4B-00C04F79EFBC}") = "LeetCode.FindFirstAndLastPosition", "LeetCode.FindFirstAndLastPosition\LeetCode.FindFirstAndLastPosition.csproj", "{4C934ADD-DF0C-4D7A-ADF9-844EED7D0464}"
EndProject
Project("{FAE04EC0-301F-11D3-BF4B-00C04F79EFBC}") = "LeetCode.SearchInsertPosition", "LeetCode.SearchInsertPosition\LeetCode.SearchInsertPosition.csproj", "{39D30C4F-E61D-440B-8AD9-91587840820D}"
EndProject
Project("{FAE04EC0-301F-11D3-BF4B-00C04F79EFBC}") = "LeetCode.ValidSudoku", "LeetCode.ValidSudoku\LeetCode.ValidSudoku.csproj", "{6A6E1422-1E74-42C6-B10B-CDDAFF1D33E0}"
EndProject
Project("{FAE04EC0-301F-11D3-BF4B-00C04F79EFBC}") = "LeetCode.CountAndSay", "LeetCode.CountAndSay\LeetCode.CountAndSay.csproj", "{930E2668-C621-4913-AF96-270F6BB4B1CB}"
EndProject
Project("{FAE04EC0-301F-11D3-BF4B-00C04F79EFBC}") = "LeetCode.CombinationSum", "LeetCode.CombinationSum\LeetCode.CombinationSum.csproj", "{B9E6289D-19DD-4AF9-A4B7-624D852C57BD}"
EndProject
Project("{FAE04EC0-301F-11D3-BF4B-00C04F79EFBC}") = "LeetCode.CombinationSum2", "LeetCode.CombinationSum2\LeetCode.CombinationSum2.csproj", "{387DBDFB-BB77-4FF1-8C09-09F7604270A0}"
EndProject
Project("{FAE04EC0-301F-11D3-BF4B-00C04F79EFBC}") = "LeetCode.FirstMissingPositive", "LeetCode.FirstMissingPositive\LeetCode.FirstMissingPositive.csproj", "{A3FCC31E-285E-4BA4-85C0-50A165E2EE94}"
EndProject
Project("{FAE04EC0-301F-11D3-BF4B-00C04F79EFBC}") = "RecursiveProblem", "RecursiveProblem\RecursiveProblem.csproj", "{DDCCB8FA-70AC-4D53-A847-6844E9E75965}"
EndProject
Project("{FAE04EC0-301F-11D3-BF4B-00C04F79EFBC}") = "LeetCode.TrappingRainWater", "LeetCode.TrappingRainWater\LeetCode.TrappingRainWater.csproj", "{220044AC-BD60-476A-B397-0F4C26EE7C38}"
EndProject
Project("{FAE04EC0-301F-11D3-BF4B-00C04F79EFBC}") = "DynamicProgramming", "DynamicProgramming\DynamicProgramming.csproj", "{5C1F2B57-651C-4FF9-A817-1A1A0DBDA79F}"
EndProject
Project("{FAE04EC0-301F-11D3-BF4B-00C04F79EFBC}") = "LeetCode.MultiplyStrings", "LeetCode.MultiplyStrings\LeetCode.MultiplyStrings.csproj", "{D3343D8C-11CE-4890-888E-575621A0EFA9}"
EndProject
Project("{FAE04EC0-301F-11D3-BF4B-00C04F79EFBC}") = "LeetCode.WildcardMatching", "LeetCode.WildcardMatching\LeetCode.WildcardMatching.csproj", "{8C540125-104B-4526-8651-3B2C9BDA1FAC}"
EndProject
Project("{FAE04EC0-301F-11D3-BF4B-00C04F79EFBC}") = "DepthFirstSearch", "DepthFirstSearch\DepthFirstSearch.csproj", "{2BA9C03A-C55C-4D80-A6A6-E51AA8A764A0}"
EndProject
Project("{FAE04EC0-301F-11D3-BF4B-00C04F79EFBC}") = "LeetCode.KthLargestElement", "LeetCode.KthLargestElement\LeetCode.KthLargestElement.csproj", "{419E347B-35A7-4F31-90AF-42916686B147}"
EndProject
Project("{FAE04EC0-301F-11D3-BF4B-00C04F79EFBC}") = "LeetCode.Permutations", "LeetCode.Permutations\LeetCode.Permutations.csproj", "{B32D37C7-5AE0-4E61-AEF7-38EEB601BA65}"
EndProject
Project("{FAE04EC0-301F-11D3-BF4B-00C04F79EFBC}") = "LeetCode.Permutations2", "LeetCode.Permutations2\LeetCode.Permutations2.csproj", "{DED71F33-1945-418A-A897-BC6892A09DF0}"
EndProject
Project("{FAE04EC0-301F-11D3-BF4B-00C04F79EFBC}") = "LeetCode.RotateImage", "LeetCode.RotateImage\LeetCode.RotateImage.csproj", "{D2D8A7DA-6766-47C6-90D4-B4C8D7A2721D}"
EndProject
Project("{FAE04EC0-301F-11D3-BF4B-00C04F79EFBC}") = "LeetCode.GroupAnagrams", "LeetCode.GroupAnagrams\LeetCode.GroupAnagrams.csproj", "{B4FAA19C-3299-489F-BA07-EB606EDB503B}"
EndProject
Project("{FAE04EC0-301F-11D3-BF4B-00C04F79EFBC}") = "LeetCode.N-Queens", "LeetCode.N-Queens\LeetCode.N-Queens.csproj", "{2FD929EE-70C7-4958-94CE-9C1B8D431381}"
EndProject
Project("{FAE04EC0-301F-11D3-BF4B-00C04F79EFBC}") = "LeetCode.MaximumSubarray", "LeetCode.MaximumSubarray\LeetCode.MaximumSubarray.csproj", "{5AA8C0B5-9FCA-4F3C-83BF-CE25F94715B6}"
EndProject
Project("{FAE04EC0-301F-11D3-BF4B-00C04F79EFBC}") = "LeetCode. SpiralMatrix", "LeetCode. SpiralMatrix\LeetCode. SpiralMatrix.csproj", "{45BA8002-FFEC-4DF2-989C-89B82CFD49FB}"
EndProject
Project("{FAE04EC0-301F-11D3-BF4B-00C04F79EFBC}") = "LeetCode.JumpGame", "LeetCode.JumpGame\LeetCode.JumpGame.csproj", "{B1C34DE2-C124-4E33-A10A-7486FC27B29B}"
EndProject
Project("{FAE04EC0-301F-11D3-BF4B-00C04F79EFBC}") = "LeetCode.MergeIntervals", "LeetCode.MergeIntervals\LeetCode.MergeIntervals.csproj", "{6E1703C9-6074-4579-8D95-0B8060064978}"
EndProject
Project("{FAE04EC0-301F-11D3-BF4B-00C04F79EFBC}") = "LeetCode.InsertInterval", "LeetCode.InsertInterval\LeetCode.InsertInterval.csproj", "{35CA3B0A-5CA5-4FDB-837D-7064B18C4D54}"
EndProject
Project("{FAE04EC0-301F-11D3-BF4B-00C04F79EFBC}") = "LeetCode.LengthOfLastWord", "LeetCode.LengthOfLastWord\LeetCode.LengthOfLastWord.csproj", "{62FF42F6-1840-47D3-8070-D47C708BDC00}"
EndProject
Project("{FAE04EC0-301F-11D3-BF4B-00C04F79EFBC}") = "LeetCode.SpiralMatrix2", "LeetCode.SpiralMatrix2\LeetCode.SpiralMatrix2.csproj", "{DB901B0F-AED3-4C46-B0B7-C17CD97B0482}"
EndProject
Project("{FAE04EC0-301F-11D3-BF4B-00C04F79EFBC}") = "LeetCode.RotateList", "LeetCode.RotateList\LeetCode.RotateList.csproj", "{4E23D2B3-9B20-4986-B5F8-D6C8FD936468}"
EndProject
Project("{FAE04EC0-301F-11D3-BF4B-00C04F79EFBC}") = "LeetCode.UniquePaths", "LeetCode.UniquePaths\LeetCode.UniquePaths.csproj", "{27704B4E-995C-4F77-85D9-8D168F0F4541}"
EndProject
Project("{FAE04EC0-301F-11D3-BF4B-00C04F79EFBC}") = "LeetCode.UniquePaths2", "LeetCode.UniquePaths2\LeetCode.UniquePaths2.csproj", "{44BF3638-1AC9-4D06-843A-E32E51462190}"
EndProject
Project("{FAE04EC0-301F-11D3-BF4B-00C04F79EFBC}") = "LeetCode.MinimumPathSum", "LeetCode.MinimumPathSum\LeetCode.MinimumPathSum.csproj", "{AB387F46-2CCE-44C6-9762-F178B42BFD07}"
EndProject
Project("{FAE04EC0-301F-11D3-BF4B-00C04F79EFBC}") = "LeetCode.PlusOne", "LeetCode.PlusOne\LeetCode.PlusOne.csproj", "{C390C06C-53F4-486A-9AD9-FF06835E76BA}"
EndProject
Project("{FAE04EC0-301F-11D3-BF4B-00C04F79EFBC}") = "LeetCode.AddBinary", "LeetCode.AddBinary\LeetCode.AddBinary.csproj", "{D9398A1C-3F84-4258-9398-3717ACB890A6}"
EndProject
Project("{FAE04EC0-301F-11D3-BF4B-00C04F79EFBC}") = "LeetCode.TextJustification", "LeetCode.TextJustification\LeetCode.TextJustification.csproj", "{D04171FC-F422-45CE-8C8A-19B5B2EAB7C7}"
EndProject
Project("{FAE04EC0-301F-11D3-BF4B-00C04F79EFBC}") = "LeetCode.Sqrt", "LeetCode.Sqrt\LeetCode.Sqrt.csproj", "{0C969A34-5910-47CA-ABFE-B5358DA420F1}"
EndProject
Project("{FAE04EC0-301F-11D3-BF4B-00C04F79EFBC}") = "LeetCode.ClimbingStairs", "LeetCode.ClimbingStairs\LeetCode.ClimbingStairs.csproj", "{4B47DE52-C642-4DCD-9B9A-69BA22D6BA3A}"
EndProject
Project("{FAE04EC0-301F-11D3-BF4B-00C04F79EFBC}") = "LeetCode.SimplifyPath", "LeetCode.SimplifyPath\LeetCode.SimplifyPath.csproj", "{8DF0B1D4-FD32-420B-A909-599E135FD8F0}"
EndProject
Project("{FAE04EC0-301F-11D3-BF4B-00C04F79EFBC}") = "LeetCode.EditDistance", "LeetCode.EditDistance\LeetCode.EditDistance.csproj", "{0A3CCF71-BA22-4778-9E66-3BF1F6EA36CF}"
EndProject
Project("{FAE04EC0-301F-11D3-BF4B-00C04F79EFBC}") = "LeetCode.SetMatrixZeroes", "LeetCode.SetMatrixZeroes\LeetCode.SetMatrixZeroes.csproj", "{80688BC9-839A-4396-841A-DBEA8AA95353}"
EndProject
Project("{FAE04EC0-301F-11D3-BF4B-00C04F79EFBC}") = "LeetCode.Search2DMatrix", "LeetCode.Search2DMatrix\LeetCode.Search2DMatrix.csproj", "{E32768E7-E8F1-45B7-AC4C-17045DB84B29}"
EndProject
Project("{FAE04EC0-301F-11D3-BF4B-00C04F79EFBC}") = "LeetCode.SortColors", "LeetCode.SortColors\LeetCode.SortColors.csproj", "{0A7285E3-A33F-47C4-9F6E-BBB0832FEFA5}"
EndProject
Project("{FAE04EC0-301F-11D3-BF4B-00C04F79EFBC}") = "QuickSortExercise", "QuickSortExercise\QuickSortExercise.csproj", "{BEB5EE17-8DEE-40D0-8FB7-6DA8761BB5F0}"
EndProject
Project("{FAE04EC0-301F-11D3-BF4B-00C04F79EFBC}") = "LeetCode.MinimumWindowSubstring", "LeetCode.MinimumWindowSubstring\LeetCode.MinimumWindowSubstring.csproj", "{6DFA07E4-AD82-473F-8A31-B80298C35CEB}"
EndProject
Project("{FAE04EC0-301F-11D3-BF4B-00C04F79EFBC}") = "LeetCode.Combinations", "LeetCode.Combinations\LeetCode.Combinations.csproj", "{21BC0186-D4DC-470D-9348-F717E76C478C}"
EndProject
Project("{FAE04EC0-301F-11D3-BF4B-00C04F79EFBC}") = "LeetCode.Subsets", "LeetCode.Subsets\LeetCode.Subsets.csproj", "{6E17D91A-A570-4097-AAD5-DD4E0C258727}"
EndProject
Project("{FAE04EC0-301F-11D3-BF4B-00C04F79EFBC}") = "LeetCode.WordSearch", "LeetCode.WordSearch\LeetCode.WordSearch.csproj", "{A2608CD3-9A3E-42EF-BD51-46D2BBA1525B}"
EndProject
Project("{FAE04EC0-301F-11D3-BF4B-00C04F79EFBC}") = "LeetCode.RemoveDuplicatesII", "LeetCode.RemoveDuplicatesII\LeetCode.RemoveDuplicatesII.csproj", "{16E48919-F4DA-4EC2-ADC2-2D8C324749A3}"
EndProject
Project("{FAE04EC0-301F-11D3-BF4B-00C04F79EFBC}") = "LeetCode.SearchRotatedSortedArrayII", "LeetCode.SearchRotatedSortedArrayII\LeetCode.SearchRotatedSortedArrayII.csproj", "{A460D8F2-80BE-4155-9253-2B240D9DD7EF}"
EndProject
Project("{FAE04EC0-301F-11D3-BF4B-00C04F79EFBC}") = "LeetCode.RemoveDuplicatesSortedListII", "LeetCode.RemoveDuplicatesSortedListII\LeetCode.RemoveDuplicatesSortedListII.csproj", "{5DCEF0FB-E45E-4DA9-BF41-FA54B130F8C4}"
EndProject
Project("{FAE04EC0-301F-11D3-BF4B-00C04F79EFBC}") = "LeetCode.RemoveDuplicatesSortedList", "LeetCode.RemoveDuplicatesSortedList\LeetCode.RemoveDuplicatesSortedList.csproj", "{E28DF840-3FB2-4A4C-89E1-8FDA85113D5A}"
EndProject
Project("{FAE04EC0-301F-11D3-BF4B-00C04F79EFBC}") = "LeetCode.LargestRectangleHistogram", "LeetCode.LargestRectangleHistogram\LeetCode.LargestRectangleHistogram.csproj", "{0FF23692-A7B7-4C9A-AFC2-A41B66B80965}"
EndProject
Project("{FAE04EC0-301F-11D3-BF4B-00C04F79EFBC}") = "LeetCode.MaximalRectangle", "LeetCode.MaximalRectangle\LeetCode.MaximalRectangle.csproj", "{AA541777-04E9-46DA-93E0-994EFF12F6E9}"
EndProject
Project("{FAE04EC0-301F-11D3-BF4B-00C04F79EFBC}") = "LeetCode.PartitionList", "LeetCode.PartitionList\LeetCode.PartitionList.csproj", "{ACE2F34B-6604-4B78-976A-420DC2BA719F}"
EndProject
Project("{FAE04EC0-301F-11D3-BF4B-00C04F79EFBC}") = "LeetCode.MergeSortedArray", "LeetCode.MergeSortedArray\LeetCode.MergeSortedArray.csproj", "{5A5FE9F7-4C85-42F1-89EF-1127AF4FE432}"
EndProject
Project("{FAE04EC0-301F-11D3-BF4B-00C04F79EFBC}") = "LeetCode.ScrambleString", "LeetCode.ScrambleString\LeetCode.ScrambleString.csproj", "{E885A54F-FD06-4499-8EE7-0C9F4850E0D1}"
EndProject
Project("{FAE04EC0-301F-11D3-BF4B-00C04F79EFBC}") = "LeetCode.GrayCode", "LeetCode.GrayCode\LeetCode.GrayCode.csproj", "{9B434B77-B901-4450-8C75-4C5998BCA0E8}"
EndProject
Project("{FAE04EC0-301F-11D3-BF4B-00C04F79EFBC}") = "LeetCode.Subsets2", "LeetCode.Subsets2\LeetCode.Subsets2.csproj", "{6CD93A6C-FB3C-4F22-9559-2ECD450EDD4F}"
EndProject
Project("{FAE04EC0-301F-11D3-BF4B-00C04F79EFBC}") = "LeetCode.DecodeWays", "LeetCode.DecodeWays\LeetCode.DecodeWays.csproj", "{5CE238B4-29EA-4A3C-8307-67EA60602BE0}"
EndProject
Project("{FAE04EC0-301F-11D3-BF4B-00C04F79EFBC}") = "LeetCode.ReverseLinkedList2", "LeetCode.ReverseLinkedList2\LeetCode.ReverseLinkedList2.csproj", "{00687649-8BDB-41D2-9081-785F9AAFF7B7}"
EndProject
Project("{FAE04EC0-301F-11D3-BF4B-00C04F79EFBC}") = "LeetCode.RestoreIPAddresses", "LeetCode.RestoreIPAddresses\LeetCode.RestoreIPAddresses.csproj", "{BE529D9F-E16D-4350-A077-BB39AB6429F5}"
EndProject
Project("{FAE04EC0-301F-11D3-BF4B-00C04F79EFBC}") = "LeetCode.BinaryTreeInorderTraversal", "LeetCode.BinaryTreeInorderTraversal\LeetCode.BinaryTreeInorderTraversal.csproj", "{DD4B625A-4C6C-4A40-A505-16AB49918E85}"
EndProject
Project("{FAE04EC0-301F-11D3-BF4B-00C04F79EFBC}") = "LeetCode. UniqueBinarySearchTrees2", "LeetCode. UniqueBinarySearchTrees2\LeetCode. UniqueBinarySearchTrees2.csproj", "{30E12056-5328-4F7B-B82A-033AC6177509}"
EndProject
Project("{FAE04EC0-301F-11D3-BF4B-00C04F79EFBC}") = "LeetCode.UniqueBinarySearchTrees", "LeetCode.UniqueBinarySearchTrees\LeetCode.UniqueBinarySearchTrees.csproj", "{000131CF-449E-45FB-85E5-51C361CB6FFF}"
EndProject
Project("{FAE04EC0-301F-11D3-BF4B-00C04F79EFBC}") = "LeetCode.InterleavingString", "LeetCode.InterleavingString\LeetCode.InterleavingString.csproj", "{2F7D0203-8485-40E0-BAAC-3C0314B72F20}"
EndProject
Project("{FAE04EC0-301F-11D3-BF4B-00C04F79EFBC}") = "LeetCode.ValidateBinarySearchTree", "LeetCode.ValidateBinarySearchTree\LeetCode.ValidateBinarySearchTree.csproj", "{ACECF906-689E-4C7D-B3DE-814943005399}"
EndProject
Project("{FAE04EC0-301F-11D3-BF4B-00C04F79EFBC}") = "LeetCode.RecoverBinarySearchTree", "LeetCode.RecoverBinarySearchTree\LeetCode.RecoverBinarySearchTree.csproj", "{67B1FFE5-4EAF-48F6-BA02-289D050AEC07}"
EndProject
Project("{FAE04EC0-301F-11D3-BF4B-00C04F79EFBC}") = "LeetCode.SameTree", "LeetCode.SameTree\LeetCode.SameTree.csproj", "{35AEC564-BF4F-45A4-B738-4B9AC250A787}"
EndProject
Project("{FAE04EC0-301F-11D3-BF4B-00C04F79EFBC}") = "LeetCode.SymmetricTree", "LeetCode.SymmetricTree\LeetCode.SymmetricTree.csproj", "{6F8DBF7D-638C-469F-8C8C-ADE00E79E358}"
EndProject
Project("{FAE04EC0-301F-11D3-BF4B-00C04F79EFBC}") = "LeetCode.BinaryTreeLevelOrderTraversal", "LeetCode.BinaryTreeLevelOrderTraversal\LeetCode.BinaryTreeLevelOrderTraversal.csproj", "{3FD73017-F264-4FFD-A5EF-3C3D82820BF2}"
EndProject
Project("{FAE04EC0-301F-11D3-BF4B-00C04F79EFBC}") = "LeetCode.BinaryTreeZigzagLevelOrderTraversal", "LeetCode.BinaryTreeZigzagLevelOrderTraversal\LeetCode.BinaryTreeZigzagLevelOrderTraversal.csproj", "{7CED940F-9677-41C7-B3CF-4F1D37AE794F}"
EndProject
Project("{FAE04EC0-301F-11D3-BF4B-00C04F79EFBC}") = "LeetCode.MaximumDepthofBinaryTree", "LeetCode.MaximumDepthofBinaryTree\LeetCode.MaximumDepthofBinaryTree.csproj", "{261694E1-06EC-4107-B092-464D1D11E362}"
EndProject
Project("{FAE04EC0-301F-11D3-BF4B-00C04F79EFBC}") = "LeetCode.ConstructBinaryTreeFromPreorderAndInorderTraversal", "LeetCode.ConstructBinaryTreeFromPreorderAndInorderTraversal\LeetCode.ConstructBinaryTreeFromPreorderAndInorderTraversal.csproj", "{C3AC51F3-BA4D-453A-99C8-DA14A613B9AA}"
EndProject
Project("{FAE04EC0-301F-11D3-BF4B-00C04F79EFBC}") = "LeetCode.ConstructBinaryTreeFromInorderAndPostorderTraversal", "LeetCode.ConstructBinaryTreeFromInorderAndPostorderTraversal\LeetCode.ConstructBinaryTreeFromInorderAndPostorderTraversal.csproj", "{26D7958F-1756-4364-98FF-1D7553C3BA84}"
EndProject
Project("{FAE04EC0-301F-11D3-BF4B-00C04F79EFBC}") = "LeetCode.BinaryTreeLevelOrderTraversal2", "LeetCode.BinaryTreeLevelOrderTraversal2\LeetCode.BinaryTreeLevelOrderTraversal2.csproj", "{99DF5B2F-E0C0-477A-95AD-78568ED24818}"
EndProject
Project("{FAE04EC0-301F-11D3-BF4B-00C04F79EFBC}") = "LeetCode.ConvertSortedArrayToBinarySearchTree", "LeetCode.ConvertSortedArrayToBinarySearchTree\LeetCode.ConvertSortedArrayToBinarySearchTree.csproj", "{0EF311A1-75AD-4947-AACE-81E232155E22}"
EndProject
Project("{FAE04EC0-301F-11D3-BF4B-00C04F79EFBC}") = "LeetCode.ConvertSortedListToBinarySearchTree", "LeetCode.ConvertSortedListToBinarySearchTree\LeetCode.ConvertSortedListToBinarySearchTree.csproj", "{CFD61D2A-D62E-4921-B57E-2198ACD6CBA8}"
EndProject
Project("{FAE04EC0-301F-11D3-BF4B-00C04F79EFBC}") = "LeetCode.BalancedBinaryTree", "LeetCode.BalancedBinaryTree\LeetCode.BalancedBinaryTree.csproj", "{25844A9F-41F5-4976-889D-B875C58FF507}"
EndProject
Project("{FAE04EC0-301F-11D3-BF4B-00C04F79EFBC}") = "LeetCode.MinimumDepthOfBinaryTree", "LeetCode.MinimumDepthOfBinaryTree\LeetCode.MinimumDepthOfBinaryTree.csproj", "{2CD7AC2F-995B-4B9D-8B5F-05BEDCD5D30E}"
EndProject
Project("{FAE04EC0-301F-11D3-BF4B-00C04F79EFBC}") = "LeetCode.PathSum", "LeetCode.PathSum\LeetCode.PathSum.csproj", "{E5A84597-46E6-49C2-BC71-07A75DC49038}"
EndProject
Project("{FAE04EC0-301F-11D3-BF4B-00C04F79EFBC}") = "LeetCode.PathSum2", "LeetCode.PathSum2\LeetCode.PathSum2.csproj", "{4517B7FC-8BE5-4DE8-A232-157D410BE968}"
EndProject
Project("{FAE04EC0-301F-11D3-BF4B-00C04F79EFBC}") = "LeetCode.FlattenBinaryTreeToLinkedList", "LeetCode.FlattenBinaryTreeToLinkedList\LeetCode.FlattenBinaryTreeToLinkedList.csproj", "{52881568-F4CB-4AFA-8B95-ECAAEE6BE0BD}"
EndProject
Project("{FAE04EC0-301F-11D3-BF4B-00C04F79EFBC}") = "LeetCode.DistinctSubsequences", "LeetCode.DistinctSubsequences\LeetCode.DistinctSubsequences.csproj", "{93DC2646-7465-45C7-A2BC-D3E52351E825}"
EndProject
Project("{FAE04EC0-301F-11D3-BF4B-00C04F79EFBC}") = "LeetCode.PopulatingNextRightPointersInEachNode", "LeetCode.PopulatingNextRightPointersInEachNode\LeetCode.PopulatingNextRightPointersInEachNode.csproj", "{9AA63388-6731-4125-BC28-25E639E64381}"
EndProject
Project("{FAE04EC0-301F-11D3-BF4B-00C04F79EFBC}") = "LeetCode.PopulatingNextRightPointersInEachNode2", "LeetCode.PopulatingNextRightPointersInEachNode2\LeetCode.PopulatingNextRightPointersInEachNode2.csproj", "{7BE101D3-1E54-4A2D-A326-1A8BD637E7C9}"
EndProject
Project("{FAE04EC0-301F-11D3-BF4B-00C04F79EFBC}") = "LeetCode.PascalsTriangle", "LeetCode.PascalsTriangle\LeetCode.PascalsTriangle.csproj", "{89FECBBE-D44F-4162-B88C-1BAB6A20C67C}"
EndProject
Project("{FAE04EC0-301F-11D3-BF4B-00C04F79EFBC}") = "LeetCode.PascalsTriangle2", "LeetCode.PascalsTriangle2\LeetCode.PascalsTriangle2.csproj", "{4AFB3080-834A-42DB-82B1-8AF4DD21EF7F}"
EndProject
Project("{FAE04EC0-301F-11D3-BF4B-00C04F79EFBC}") = "LeetCode.Triangle", "LeetCode.Triangle\LeetCode.Triangle.csproj", "{22CB63FF-CCEA-4236-B868-82D0E5EB85F4}"
EndProject
Project("{FAE04EC0-301F-11D3-BF4B-00C04F79EFBC}") = "LeetCode.BestTimeToBuyAndSellStock", "LeetCode.BestTimeToBuyAndSellStock\LeetCode.BestTimeToBuyAndSellStock.csproj", "{CA8DE726-C378-4827-841B-68D02FD4EA4D}"
EndProject
Project("{FAE04EC0-301F-11D3-BF4B-00C04F79EFBC}") = "LeetCode.BestTimeToBuyAndSellStock2", "LeetCode.BestTimeToBuyAndSellStock2\LeetCode.BestTimeToBuyAndSellStock2.csproj", "{23912B6D-E78C-4866-816A-EC0DFD7BA4DB}"
EndProject
Project("{FAE04EC0-301F-11D3-BF4B-00C04F79EFBC}") = "LeetCode.BestTimeToBuyAndSellStock3", "LeetCode.BestTimeToBuyAndSellStock3\LeetCode.BestTimeToBuyAndSellStock3.csproj", "{72A50014-907E-4621-9B2E-544D39F8A0F3}"
EndProject
Project("{FAE04EC0-301F-11D3-BF4B-00C04F79EFBC}") = "LeetCode.BinaryTreeMaximumPathSum", "LeetCode.BinaryTreeMaximumPathSum\LeetCode.BinaryTreeMaximumPathSum.csproj", "{A2451CC5-2CB6-4872-9864-60E9B711D2A7}"
EndProject
Project("{FAE04EC0-301F-11D3-BF4B-00C04F79EFBC}") = "LeetCode.ValidPalindrome", "LeetCode.ValidPalindrome\LeetCode.ValidPalindrome.csproj", "{B1F4E8B2-B270-4068-A7FE-876BBF76F862}"
EndProject
Project("{FAE04EC0-301F-11D3-BF4B-00C04F79EFBC}") = "LeetCode.LongestConsecutiveSequence", "LeetCode.LongestConsecutiveSequence\LeetCode.LongestConsecutiveSequence.csproj", "{0A1F84DB-3A80-40C8-AEAC-778604B5B905}"
EndProject
Project("{FAE04EC0-301F-11D3-BF4B-00C04F79EFBC}") = "LeetCode.SumRootToLeafNumbers", "LeetCode.SumRootToLeafNumbers\LeetCode.SumRootToLeafNumbers.csproj", "{12DA8232-F3A5-42CE-8CF9-60595E32370E}"
EndProject
Project("{FAE04EC0-301F-11D3-BF4B-00C04F79EFBC}") = "LeetCode.SurroundedRegions", "LeetCode.SurroundedRegions\LeetCode.SurroundedRegions.csproj", "{69CF0CD7-513E-41D3-BD6A-489DC2AFE6DD}"
EndProject
Project("{FAE04EC0-301F-11D3-BF4B-00C04F79EFBC}") = "LeetCode.PalindromePartitioning", "LeetCode.PalindromePartitioning\LeetCode.PalindromePartitioning.csproj", "{2C6DB5AD-FDB8-40CD-BF1B-8F469BBCD159}"
EndProject
Project("{FAE04EC0-301F-11D3-BF4B-00C04F79EFBC}") = "LeetCode.PalindromePartitioning2", "LeetCode.PalindromePartitioning2\LeetCode.PalindromePartitioning2.csproj", "{31047400-55F7-4FEC-B31C-A76660457C2F}"
EndProject
Project("{FAE04EC0-301F-11D3-BF4B-00C04F79EFBC}") = "LeetCode.CloneGraph", "LeetCode.CloneGraph\LeetCode.CloneGraph.csproj", "{E47D9C75-C06D-47A8-ABF6-39F1E4FF807F}"
EndProject
Project("{FAE04EC0-301F-11D3-BF4B-00C04F79EFBC}") = "LeetCode.GasStation", "LeetCode.GasStation\LeetCode.GasStation.csproj", "{7F44E7B7-F362-4141-9A3C-613538E7E86A}"
EndProject
Project("{FAE04EC0-301F-11D3-BF4B-00C04F79EFBC}") = "LeetCode.SingleNumber", "LeetCode.SingleNumber\LeetCode.SingleNumber.csproj", "{B6E69D72-8742-42A0-B05E-01E3D2125ECE}"
EndProject
Project("{FAE04EC0-301F-11D3-BF4B-00C04F79EFBC}") = "LeetCode.SingleNumber2", "LeetCode.SingleNumber2\LeetCode.SingleNumber2.csproj", "{27C7BBE4-8560-4A22-A293-954FDB63ADCA}"
EndProject
Project("{FAE04EC0-301F-11D3-BF4B-00C04F79EFBC}") = "LeetCode.CopyListWithRandomPointer", "LeetCode.CopyListWithRandomPointer\LeetCode.CopyListWithRandomPointer.csproj", "{E5A1C4FF-9EB8-4EDE-B0C5-E7B0B7503479}"
EndProject
Project("{FAE04EC0-301F-11D3-BF4B-00C04F79EFBC}") = "LeetCode.WordBreak", "LeetCode.WordBreak\LeetCode.WordBreak.csproj", "{3F196A2B-2C87-45EA-B977-398E4A876E70}"
EndProject
Project("{FAE04EC0-301F-11D3-BF4B-00C04F79EFBC}") = "LeetCode.WordBreak2", "LeetCode.WordBreak2\LeetCode.WordBreak2.csproj", "{EE31A090-3E9A-4039-ADEB-3E414837F3C5}"
EndProject
Project("{FAE04EC0-301F-11D3-BF4B-00C04F79EFBC}") = "LeetCode.LinkedListCycle", "LeetCode.LinkedListCycle\LeetCode.LinkedListCycle.csproj", "{7DFC44E9-60FA-4497-8A03-D36FBC0EAD0F}"
EndProject
Project("{FAE04EC0-301F-11D3-BF4B-00C04F79EFBC}") = "LeetCode.LinkedListCycle2", "LeetCode.LinkedListCycle2\LeetCode.LinkedListCycle2.csproj", "{7BD39BD6-B008-4AF5-9E99-F9ED4A73A57B}"
EndProject
Project("{FAE04EC0-301F-11D3-BF4B-00C04F79EFBC}") = "LeetCode.BinaryTreePreorderTraversal", "LeetCode.BinaryTreePreorderTraversal\LeetCode.BinaryTreePreorderTraversal.csproj", "{72F2CE3B-A66E-425E-AC57-BA34BF484573}"
EndProject
Project("{FAE04EC0-301F-11D3-BF4B-00C04F79EFBC}") = "LeetCode.BinaryTreePostorderTraversal", "LeetCode.BinaryTreePostorderTraversal\LeetCode.BinaryTreePostorderTraversal.csproj", "{1B4BFA26-DE4F-4B98-963A-C7A73597800E}"
EndProject
Project("{FAE04EC0-301F-11D3-BF4B-00C04F79EFBC}") = "LeetCode.LRUCache", "LeetCode.LRUCache\LeetCode.LRUCache.csproj", "{19626F52-A480-49E8-A4DD-975F8D543EF6}"
EndProject
Project("{FAE04EC0-301F-11D3-BF4B-00C04F79EFBC}") = "LeetCode.InsertionSortList", "LeetCode.InsertionSortList\LeetCode.InsertionSortList.csproj", "{34FE7463-3C27-47F1-B340-9D446E87E782}"
EndProject
Project("{FAE04EC0-301F-11D3-BF4B-00C04F79EFBC}") = "LeetCode.SortList", "LeetCode.SortList\LeetCode.SortList.csproj", "{6468DDB4-4FA5-4D8B-9A26-3481EC1E1422}"
EndProject
Project("{FAE04EC0-301F-11D3-BF4B-00C04F79EFBC}") = "LeetCode.MaxPointsOnALine", "LeetCode.MaxPointsOnALine\LeetCode.MaxPointsOnALine.csproj", "{44673469-ADA0-4D77-AC1F-5437803589A2}"
EndProject
Project("{FAE04EC0-301F-11D3-BF4B-00C04F79EFBC}") = "LeetCode.EvaluateReversePolishNotation", "LeetCode.EvaluateReversePolishNotation\LeetCode.EvaluateReversePolishNotation.csproj", "{E8BE562C-2BA7-4843-9A30-F0BC1957D52C}"
EndProject
Project("{FAE04EC0-301F-11D3-BF4B-00C04F79EFBC}") = "LeetCode.ReverseWordsInAString", "LeetCode.ReverseWordsInAString\LeetCode.ReverseWordsInAString.csproj", "{5961E2C9-DC79-4976-8FB3-E602351F4DA9}"
EndProject
Project("{FAE04EC0-301F-11D3-BF4B-00C04F79EFBC}") = "LeetCode.MaximumProductSubarray", "LeetCode.MaximumProductSubarray\LeetCode.MaximumProductSubarray.csproj", "{8BE0C7D7-BE1F-4860-838F-74F0440EB257}"
EndProject
Project("{FAE04EC0-301F-11D3-BF4B-00C04F79EFBC}") = "LeetCode.FindMinimumInRotatedSortedArray", "LeetCode.FindMinimumInRotatedSortedArray\LeetCode.FindMinimumInRotatedSortedArray.csproj", "{74C09650-CC6F-4B7D-9C59-4F8037EF09E4}"
EndProject
Project("{FAE04EC0-301F-11D3-BF4B-00C04F79EFBC}") = "LeetCode.FindMinimumInRotatedSortedArray2", "LeetCode.FindMinimumInRotatedSortedArray2\LeetCode.FindMinimumInRotatedSortedArray2.csproj", "{C9A3D36E-B9D3-4211-AC05-A2A558B728FE}"
EndProject
Project("{FAE04EC0-301F-11D3-BF4B-00C04F79EFBC}") = "LeetCode.MinStack", "LeetCode.MinStack\LeetCode.MinStack.csproj", "{0963F740-8E96-4554-A2C1-B4E0F0531C38}"
EndProject
Project("{FAE04EC0-301F-11D3-BF4B-00C04F79EFBC}") = "LeetCode.IntersectionOfTwoLinkedLists", "LeetCode.IntersectionOfTwoLinkedLists\LeetCode.IntersectionOfTwoLinkedLists.csproj", "{DD40B5DB-5823-4962-97B4-BB76AA2B1A99}"
EndProject
Project("{FAE04EC0-301F-11D3-BF4B-00C04F79EFBC}") = "LeetCode.FindPeakElement", "LeetCode.FindPeakElement\LeetCode.FindPeakElement.csproj", "{2FF461AE-08D8-4AB5-B106-8670861C0DC9}"
EndProject
Project("{FAE04EC0-301F-11D3-BF4B-00C04F79EFBC}") = "LeetCode.MaximumGap", "LeetCode.MaximumGap\LeetCode.MaximumGap.csproj", "{73061C8A-3638-4B44-899C-847273147748}"
EndProject
Project("{FAE04EC0-301F-11D3-BF4B-00C04F79EFBC}") = "LeetCode.CompareVersionNumbers", "LeetCode.CompareVersionNumbers\LeetCode.CompareVersionNumbers.csproj", "{D475BF93-7BE2-463E-BC8B-A200CE0F046E}"
EndProject
Project("{FAE04EC0-301F-11D3-BF4B-00C04F79EFBC}") = "LeetCode.FractionToRecurringDecimal", "LeetCode.FractionToRecurringDecimal\LeetCode.FractionToRecurringDecimal.csproj", "{E22A4071-D7C0-42CD-9036-7DE32D5E7642}"
EndProject
Project("{FAE04EC0-301F-11D3-BF4B-00C04F79EFBC}") = "LeetCode.TwoSum2", "LeetCode.TwoSum2\LeetCode.TwoSum2.csproj", "{8BB504BD-6F02-47F8-9AAF-974622AE4C31}"
EndProject
Project("{FAE04EC0-301F-11D3-BF4B-00C04F79EFBC}") = "LeetCode.ExcelSheetColumnTitle", "LeetCode.ExcelSheetColumnTitle\LeetCode.ExcelSheetColumnTitle.csproj", "{0B624B82-332F-48AC-AA30-F824103D9EA5}"
EndProject
Project("{FAE04EC0-301F-11D3-BF4B-00C04F79EFBC}") = "LeetCode.MajorityElement", "LeetCode.MajorityElement\LeetCode.MajorityElement.csproj", "{254EA9A1-A49A-4ABE-875C-20B8337E2F5C}"
EndProject
Project("{FAE04EC0-301F-11D3-BF4B-00C04F79EFBC}") = "LeetCode.ExcelSheetColumnNumber", "LeetCode.ExcelSheetColumnNumber\LeetCode.ExcelSheetColumnNumber.csproj", "{EFA8E369-EE15-422F-B157-AA8658F3DDEE}"
EndProject
Project("{FAE04EC0-301F-11D3-BF4B-00C04F79EFBC}") = "LeetCode.FactorialTrailingZeroes", "LeetCode.FactorialTrailingZeroes\LeetCode.FactorialTrailingZeroes.csproj", "{C2A87C7B-1CF2-4006-8655-F2C26FF0D071}"
EndProject
Project("{FAE04EC0-301F-11D3-BF4B-00C04F79EFBC}") = "LeetCode.BinarySearchTreeIterator", "LeetCode.BinarySearchTreeIterator\LeetCode.BinarySearchTreeIterator.csproj", "{E0CA5398-ABAC-4D2D-B49F-28D7C4398256}"
EndProject
Project("{FAE04EC0-301F-11D3-BF4B-00C04F79EFBC}") = "LeetCode.LargestNumber", "LeetCode.LargestNumber\LeetCode.LargestNumber.csproj", "{592B7158-9603-4198-AE14-9162B8FB8581}"
EndProject
Project("{FAE04EC0-301F-11D3-BF4B-00C04F79EFBC}") = "LeetCode.RepeatedDNASequences", "LeetCode.RepeatedDNASequences\LeetCode.RepeatedDNASequences.csproj", "{824F90E6-64E0-40A8-8958-F9744B8AB17E}"
EndProject
Project("{FAE04EC0-301F-11D3-BF4B-00C04F79EFBC}") = "LeetCode.BestTimeToBuyAndSellStock4", "LeetCode.BestTimeToBuyAndSellStock4\LeetCode.BestTimeToBuyAndSellStock4.csproj", "{09304C73-B3C9-48C1-8B18-62F079AB1590}"
EndProject
Project("{FAE04EC0-301F-11D3-BF4B-00C04F79EFBC}") = "LeetCode.RotateArray", "LeetCode.RotateArray\LeetCode.RotateArray.csproj", "{4CA6FA81-B0FD-4909-8D1A-B0E5807E8689}"
EndProject
Project("{FAE04EC0-301F-11D3-BF4B-00C04F79EFBC}") = "LeetCode.ReverseBits", "LeetCode.ReverseBits\LeetCode.ReverseBits.csproj", "{23D5776D-F00D-494C-AE4D-E150F7BB5A61}"
EndProject
Project("{FAE04EC0-301F-11D3-BF4B-00C04F79EFBC}") = "LeetCode.NumberOf1Bit", "LeetCode.NumberOf1Bit\LeetCode.NumberOf1Bit.csproj", "{46D34016-24EA-4018-8231-4CFE36707328}"
EndProject
Project("{FAE04EC0-301F-11D3-BF4B-00C04F79EFBC}") = "LeetCode.HouseRobber", "LeetCode.HouseRobber\LeetCode.HouseRobber.csproj", "{959F113D-A08F-4D2D-8CB2-A8EC7318B295}"
EndProject
Project("{FAE04EC0-301F-11D3-BF4B-00C04F79EFBC}") = "LeetCode.BinaryTreeRightSideView", "LeetCode.BinaryTreeRightSideView\LeetCode.BinaryTreeRightSideView.csproj", "{74BE6C91-885F-42D0-A671-3C447D2799FC}"
EndProject
Project("{FAE04EC0-301F-11D3-BF4B-00C04F79EFBC}") = "LeetCode.HouseRobber2", "LeetCode.HouseRobber2\LeetCode.HouseRobber2.csproj", "{67FBA82E-11D6-420A-A428-43C1BD719810}"
EndProject
Project("{FAE04EC0-301F-11D3-BF4B-00C04F79EFBC}") = "LeetCode.MaximalSquare", "LeetCode.MaximalSquare\LeetCode.MaximalSquare.csproj", "{F65F6D16-258F-498D-AB12-8D405E5D1C8C}"
EndProject
Project("{FAE04EC0-301F-11D3-BF4B-00C04F79EFBC}") = "LeetCode.CountingBits", "LeetCode.CountingBits\LeetCode.CountingBits.csproj", "{44822182-D5CA-4D2F-AE34-7528EA27A510}"
EndProject
Project("{FAE04EC0-301F-11D3-BF4B-00C04F79EFBC}") = "LeetCode.UglyNumber", "LeetCode.UglyNumber\LeetCode.UglyNumber.csproj", "{77ACEB66-0C51-4C6D-AD63-2D8B6A1AB29C}"
EndProject
Project("{FAE04EC0-301F-11D3-BF4B-00C04F79EFBC}") = "LeetCode.UglyNumber2", "LeetCode.UglyNumber2\LeetCode.UglyNumber2.csproj", "{54970E61-6176-409E-8811-881885D2C24E}"
EndProject
Project("{FAE04EC0-301F-11D3-BF4B-00C04F79EFBC}") = "LeetCode.PerfectSquares", "LeetCode.PerfectSquares\LeetCode.PerfectSquares.csproj", "{9788181A-02C1-46BA-BCEA-50DECD558805}"
EndProject
Project("{FAE04EC0-301F-11D3-BF4B-00C04F79EFBC}") = "LeetCode.CoinChange", "LeetCode.CoinChange\LeetCode.CoinChange.csproj", "{BEB44B44-98AB-4004-B4CA-593759034637}"
EndProject
Project("{FAE04EC0-301F-11D3-BF4B-00C04F79EFBC}") = "LeetCode.MinimumCostForTickets", "LeetCode.MinimumCostForTickets\LeetCode.MinimumCostForTickets.csproj", "{751BA8FA-C7C8-4890-82A2-1F13A4AEF83E}"
EndProject
Project("{FAE04EC0-301F-11D3-BF4B-00C04F79EFBC}") = "LeetCode.LongestIncreasingSubsequence", "LeetCode.LongestIncreasingSubsequence\LeetCode.LongestIncreasingSubsequence.csproj", "{E6ED475E-92F0-483E-B714-C4A6F8EADA96}"
EndProject
Project("{FAE04EC0-301F-11D3-BF4B-00C04F79EFBC}") = "LeetCode.MaximumLengthOfPairChain", "LeetCode.MaximumLengthOfPairChain\LeetCode.MaximumLengthOfPairChain.csproj", "{8975EF5A-0BCE-458C-806E-A1FF623E8326}"
EndProject
Project("{FAE04EC0-301F-11D3-BF4B-00C04F79EFBC}") = "LeetCode.NumberOfLongestIncreasingSubsequence", "LeetCode.NumberOfLongestIncreasingSubsequence\LeetCode.NumberOfLongestIncreasingSubsequence.csproj", "{07D268D1-1EC7-47F3-A623-9632C1D716C5}"
EndProject
Project("{FAE04EC0-301F-11D3-BF4B-00C04F79EFBC}") = "LeetCode.IsSubsequence", "LeetCode.IsSubsequence\LeetCode.IsSubsequence.csproj", "{12C3DD34-D60C-4CC2-9168-21EFD96D849E}"
EndProject
Project("{FAE04EC0-301F-11D3-BF4B-00C04F79EFBC}") = "LeetCode.LongestCommonSubsequence", "LeetCode.LongestCommonSubsequence\LeetCode.LongestCommonSubsequence.csproj", "{4A9D07C7-00E0-4999-974C-7D8CB1760CC5}"
EndProject
Project("{FAE04EC0-301F-11D3-BF4B-00C04F79EFBC}") = "LeetCode.LongestPalindromicSubsequence", "LeetCode.LongestPalindromicSubsequence\LeetCode.LongestPalindromicSubsequence.csproj", "{81007775-426E-49E8-94CD-7E7607657F97}"
EndProject
Project("{FAE04EC0-301F-11D3-BF4B-00C04F79EFBC}") = "LeetCode.PalindromicSubstrings", "LeetCode.PalindromicSubstrings\LeetCode.PalindromicSubstrings.csproj", "{78A4D888-F5C3-4398-B77F-49D3798C7DAC}"
EndProject
Global
	GlobalSection(SolutionConfigurationPlatforms) = preSolution
		Debug|Any CPU = Debug|Any CPU
		Release|Any CPU = Release|Any CPU
	EndGlobalSection
	GlobalSection(ProjectConfigurationPlatforms) = postSolution
		{572F6ABA-B205-474A-9A1E-1C4F85BCBE25}.Debug|Any CPU.ActiveCfg = Debug|Any CPU
		{572F6ABA-B205-474A-9A1E-1C4F85BCBE25}.Debug|Any CPU.Build.0 = Debug|Any CPU
		{572F6ABA-B205-474A-9A1E-1C4F85BCBE25}.Release|Any CPU.ActiveCfg = Release|Any CPU
		{572F6ABA-B205-474A-9A1E-1C4F85BCBE25}.Release|Any CPU.Build.0 = Release|Any CPU
		{4B663F79-C179-4807-BF23-2A29EBC72878}.Debug|Any CPU.ActiveCfg = Debug|Any CPU
		{4B663F79-C179-4807-BF23-2A29EBC72878}.Debug|Any CPU.Build.0 = Debug|Any CPU
		{4B663F79-C179-4807-BF23-2A29EBC72878}.Release|Any CPU.ActiveCfg = Release|Any CPU
		{4B663F79-C179-4807-BF23-2A29EBC72878}.Release|Any CPU.Build.0 = Release|Any CPU
		{73DEA1ED-047A-4FF6-96AA-3930A70594C4}.Debug|Any CPU.ActiveCfg = Debug|Any CPU
		{73DEA1ED-047A-4FF6-96AA-3930A70594C4}.Debug|Any CPU.Build.0 = Debug|Any CPU
		{73DEA1ED-047A-4FF6-96AA-3930A70594C4}.Release|Any CPU.ActiveCfg = Release|Any CPU
		{73DEA1ED-047A-4FF6-96AA-3930A70594C4}.Release|Any CPU.Build.0 = Release|Any CPU
		{6D17BEB4-9BF8-45B8-8A3C-6C7D9D46926C}.Debug|Any CPU.ActiveCfg = Debug|Any CPU
		{6D17BEB4-9BF8-45B8-8A3C-6C7D9D46926C}.Debug|Any CPU.Build.0 = Debug|Any CPU
		{6D17BEB4-9BF8-45B8-8A3C-6C7D9D46926C}.Release|Any CPU.ActiveCfg = Release|Any CPU
		{6D17BEB4-9BF8-45B8-8A3C-6C7D9D46926C}.Release|Any CPU.Build.0 = Release|Any CPU
		{58AE911D-81CC-4BCE-A5F0-E797AB2586B3}.Debug|Any CPU.ActiveCfg = Debug|Any CPU
		{58AE911D-81CC-4BCE-A5F0-E797AB2586B3}.Debug|Any CPU.Build.0 = Debug|Any CPU
		{58AE911D-81CC-4BCE-A5F0-E797AB2586B3}.Release|Any CPU.ActiveCfg = Release|Any CPU
		{58AE911D-81CC-4BCE-A5F0-E797AB2586B3}.Release|Any CPU.Build.0 = Release|Any CPU
		{C44EECE2-4CC9-425E-9194-31E9BE3F28A9}.Debug|Any CPU.ActiveCfg = Debug|Any CPU
		{C44EECE2-4CC9-425E-9194-31E9BE3F28A9}.Debug|Any CPU.Build.0 = Debug|Any CPU
		{C44EECE2-4CC9-425E-9194-31E9BE3F28A9}.Release|Any CPU.ActiveCfg = Release|Any CPU
		{C44EECE2-4CC9-425E-9194-31E9BE3F28A9}.Release|Any CPU.Build.0 = Release|Any CPU
		{2C312C04-8F4F-4CFA-9223-5312A12EED6D}.Debug|Any CPU.ActiveCfg = Debug|Any CPU
		{2C312C04-8F4F-4CFA-9223-5312A12EED6D}.Debug|Any CPU.Build.0 = Debug|Any CPU
		{2C312C04-8F4F-4CFA-9223-5312A12EED6D}.Release|Any CPU.ActiveCfg = Release|Any CPU
		{2C312C04-8F4F-4CFA-9223-5312A12EED6D}.Release|Any CPU.Build.0 = Release|Any CPU
		{A1187F45-A636-4F9F-9055-53F19D0C02D1}.Debug|Any CPU.ActiveCfg = Debug|Any CPU
		{A1187F45-A636-4F9F-9055-53F19D0C02D1}.Debug|Any CPU.Build.0 = Debug|Any CPU
		{A1187F45-A636-4F9F-9055-53F19D0C02D1}.Release|Any CPU.ActiveCfg = Release|Any CPU
		{A1187F45-A636-4F9F-9055-53F19D0C02D1}.Release|Any CPU.Build.0 = Release|Any CPU
		{C2EDD2CF-A194-4729-B117-5C02878ECC50}.Debug|Any CPU.ActiveCfg = Debug|Any CPU
		{C2EDD2CF-A194-4729-B117-5C02878ECC50}.Debug|Any CPU.Build.0 = Debug|Any CPU
		{C2EDD2CF-A194-4729-B117-5C02878ECC50}.Release|Any CPU.ActiveCfg = Release|Any CPU
		{C2EDD2CF-A194-4729-B117-5C02878ECC50}.Release|Any CPU.Build.0 = Release|Any CPU
		{C2F2922F-58EF-420A-8B94-FB8BF410B290}.Debug|Any CPU.ActiveCfg = Debug|Any CPU
		{C2F2922F-58EF-420A-8B94-FB8BF410B290}.Debug|Any CPU.Build.0 = Debug|Any CPU
		{C2F2922F-58EF-420A-8B94-FB8BF410B290}.Release|Any CPU.ActiveCfg = Release|Any CPU
		{C2F2922F-58EF-420A-8B94-FB8BF410B290}.Release|Any CPU.Build.0 = Release|Any CPU
		{440F8925-F3F4-4BCA-BF64-7078219FB294}.Debug|Any CPU.ActiveCfg = Debug|Any CPU
		{440F8925-F3F4-4BCA-BF64-7078219FB294}.Debug|Any CPU.Build.0 = Debug|Any CPU
		{440F8925-F3F4-4BCA-BF64-7078219FB294}.Release|Any CPU.ActiveCfg = Release|Any CPU
		{440F8925-F3F4-4BCA-BF64-7078219FB294}.Release|Any CPU.Build.0 = Release|Any CPU
		{F259FF73-6098-41C4-A376-40E37CF23721}.Debug|Any CPU.ActiveCfg = Debug|Any CPU
		{F259FF73-6098-41C4-A376-40E37CF23721}.Debug|Any CPU.Build.0 = Debug|Any CPU
		{F259FF73-6098-41C4-A376-40E37CF23721}.Release|Any CPU.ActiveCfg = Release|Any CPU
		{F259FF73-6098-41C4-A376-40E37CF23721}.Release|Any CPU.Build.0 = Release|Any CPU
		{05BA76B1-6E7E-475D-A576-BBB8433493BB}.Debug|Any CPU.ActiveCfg = Debug|Any CPU
		{05BA76B1-6E7E-475D-A576-BBB8433493BB}.Debug|Any CPU.Build.0 = Debug|Any CPU
		{05BA76B1-6E7E-475D-A576-BBB8433493BB}.Release|Any CPU.ActiveCfg = Release|Any CPU
		{05BA76B1-6E7E-475D-A576-BBB8433493BB}.Release|Any CPU.Build.0 = Release|Any CPU
		{70055571-75EE-4780-A209-A9489E88C8AC}.Debug|Any CPU.ActiveCfg = Debug|Any CPU
		{70055571-75EE-4780-A209-A9489E88C8AC}.Debug|Any CPU.Build.0 = Debug|Any CPU
		{70055571-75EE-4780-A209-A9489E88C8AC}.Release|Any CPU.ActiveCfg = Release|Any CPU
		{70055571-75EE-4780-A209-A9489E88C8AC}.Release|Any CPU.Build.0 = Release|Any CPU
		{C2CD242B-5FF7-4320-B20C-1D81693DD475}.Debug|Any CPU.ActiveCfg = Debug|Any CPU
		{C2CD242B-5FF7-4320-B20C-1D81693DD475}.Debug|Any CPU.Build.0 = Debug|Any CPU
		{C2CD242B-5FF7-4320-B20C-1D81693DD475}.Release|Any CPU.ActiveCfg = Release|Any CPU
		{C2CD242B-5FF7-4320-B20C-1D81693DD475}.Release|Any CPU.Build.0 = Release|Any CPU
		{F386C4C9-BFF2-4613-9A13-8DAC9D5CCE9A}.Debug|Any CPU.ActiveCfg = Debug|Any CPU
		{F386C4C9-BFF2-4613-9A13-8DAC9D5CCE9A}.Debug|Any CPU.Build.0 = Debug|Any CPU
		{F386C4C9-BFF2-4613-9A13-8DAC9D5CCE9A}.Release|Any CPU.ActiveCfg = Release|Any CPU
		{F386C4C9-BFF2-4613-9A13-8DAC9D5CCE9A}.Release|Any CPU.Build.0 = Release|Any CPU
		{DA96D339-5942-45A2-8921-D36D96EF3CB8}.Debug|Any CPU.ActiveCfg = Debug|Any CPU
		{DA96D339-5942-45A2-8921-D36D96EF3CB8}.Debug|Any CPU.Build.0 = Debug|Any CPU
		{DA96D339-5942-45A2-8921-D36D96EF3CB8}.Release|Any CPU.ActiveCfg = Release|Any CPU
		{DA96D339-5942-45A2-8921-D36D96EF3CB8}.Release|Any CPU.Build.0 = Release|Any CPU
		{0B907586-133E-403F-9473-0E94BB87D052}.Debug|Any CPU.ActiveCfg = Debug|Any CPU
		{0B907586-133E-403F-9473-0E94BB87D052}.Debug|Any CPU.Build.0 = Debug|Any CPU
		{0B907586-133E-403F-9473-0E94BB87D052}.Release|Any CPU.ActiveCfg = Release|Any CPU
		{0B907586-133E-403F-9473-0E94BB87D052}.Release|Any CPU.Build.0 = Release|Any CPU
		{4916DAD5-7012-49EE-A4EC-2E11F974A172}.Debug|Any CPU.ActiveCfg = Debug|Any CPU
		{4916DAD5-7012-49EE-A4EC-2E11F974A172}.Debug|Any CPU.Build.0 = Debug|Any CPU
		{4916DAD5-7012-49EE-A4EC-2E11F974A172}.Release|Any CPU.ActiveCfg = Release|Any CPU
		{4916DAD5-7012-49EE-A4EC-2E11F974A172}.Release|Any CPU.Build.0 = Release|Any CPU
		{B3A7724A-6DAE-473A-AD42-7DE20FA038B5}.Debug|Any CPU.ActiveCfg = Debug|Any CPU
		{B3A7724A-6DAE-473A-AD42-7DE20FA038B5}.Debug|Any CPU.Build.0 = Debug|Any CPU
		{B3A7724A-6DAE-473A-AD42-7DE20FA038B5}.Release|Any CPU.ActiveCfg = Release|Any CPU
		{B3A7724A-6DAE-473A-AD42-7DE20FA038B5}.Release|Any CPU.Build.0 = Release|Any CPU
		{5F4DA9E7-0357-4673-B88E-840F344CC363}.Debug|Any CPU.ActiveCfg = Debug|Any CPU
		{5F4DA9E7-0357-4673-B88E-840F344CC363}.Debug|Any CPU.Build.0 = Debug|Any CPU
		{5F4DA9E7-0357-4673-B88E-840F344CC363}.Release|Any CPU.ActiveCfg = Release|Any CPU
		{5F4DA9E7-0357-4673-B88E-840F344CC363}.Release|Any CPU.Build.0 = Release|Any CPU
		{38F01CBE-EC7E-44F4-990B-9CD1E100948D}.Debug|Any CPU.ActiveCfg = Debug|Any CPU
		{38F01CBE-EC7E-44F4-990B-9CD1E100948D}.Debug|Any CPU.Build.0 = Debug|Any CPU
		{38F01CBE-EC7E-44F4-990B-9CD1E100948D}.Release|Any CPU.ActiveCfg = Release|Any CPU
		{38F01CBE-EC7E-44F4-990B-9CD1E100948D}.Release|Any CPU.Build.0 = Release|Any CPU
		{7D76F3AA-98D5-4D7A-B15A-4CCD36390935}.Debug|Any CPU.ActiveCfg = Debug|Any CPU
		{7D76F3AA-98D5-4D7A-B15A-4CCD36390935}.Debug|Any CPU.Build.0 = Debug|Any CPU
		{7D76F3AA-98D5-4D7A-B15A-4CCD36390935}.Release|Any CPU.ActiveCfg = Release|Any CPU
		{7D76F3AA-98D5-4D7A-B15A-4CCD36390935}.Release|Any CPU.Build.0 = Release|Any CPU
		{D90684BC-5488-447F-9456-352FA8B09117}.Debug|Any CPU.ActiveCfg = Debug|Any CPU
		{D90684BC-5488-447F-9456-352FA8B09117}.Debug|Any CPU.Build.0 = Debug|Any CPU
		{D90684BC-5488-447F-9456-352FA8B09117}.Release|Any CPU.ActiveCfg = Release|Any CPU
		{D90684BC-5488-447F-9456-352FA8B09117}.Release|Any CPU.Build.0 = Release|Any CPU
		{FABF7CCB-4E73-4292-9C72-AF8F3CA96A7D}.Debug|Any CPU.ActiveCfg = Debug|Any CPU
		{FABF7CCB-4E73-4292-9C72-AF8F3CA96A7D}.Debug|Any CPU.Build.0 = Debug|Any CPU
		{FABF7CCB-4E73-4292-9C72-AF8F3CA96A7D}.Release|Any CPU.ActiveCfg = Release|Any CPU
		{FABF7CCB-4E73-4292-9C72-AF8F3CA96A7D}.Release|Any CPU.Build.0 = Release|Any CPU
		{978E04B0-C5D3-4117-AD2D-897244960604}.Debug|Any CPU.ActiveCfg = Debug|Any CPU
		{978E04B0-C5D3-4117-AD2D-897244960604}.Debug|Any CPU.Build.0 = Debug|Any CPU
		{978E04B0-C5D3-4117-AD2D-897244960604}.Release|Any CPU.ActiveCfg = Release|Any CPU
		{978E04B0-C5D3-4117-AD2D-897244960604}.Release|Any CPU.Build.0 = Release|Any CPU
		{6A55B6D0-76E8-437C-954F-A083D89576E3}.Debug|Any CPU.ActiveCfg = Debug|Any CPU
		{6A55B6D0-76E8-437C-954F-A083D89576E3}.Debug|Any CPU.Build.0 = Debug|Any CPU
		{6A55B6D0-76E8-437C-954F-A083D89576E3}.Release|Any CPU.ActiveCfg = Release|Any CPU
		{6A55B6D0-76E8-437C-954F-A083D89576E3}.Release|Any CPU.Build.0 = Release|Any CPU
		{B875F272-CAEE-4253-A72D-94BE28DB15D6}.Debug|Any CPU.ActiveCfg = Debug|Any CPU
		{B875F272-CAEE-4253-A72D-94BE28DB15D6}.Debug|Any CPU.Build.0 = Debug|Any CPU
		{B875F272-CAEE-4253-A72D-94BE28DB15D6}.Release|Any CPU.ActiveCfg = Release|Any CPU
		{B875F272-CAEE-4253-A72D-94BE28DB15D6}.Release|Any CPU.Build.0 = Release|Any CPU
		{65AE7D0B-97B4-488C-9281-7E7E61CC96FE}.Debug|Any CPU.ActiveCfg = Debug|Any CPU
		{65AE7D0B-97B4-488C-9281-7E7E61CC96FE}.Debug|Any CPU.Build.0 = Debug|Any CPU
		{65AE7D0B-97B4-488C-9281-7E7E61CC96FE}.Release|Any CPU.ActiveCfg = Release|Any CPU
		{65AE7D0B-97B4-488C-9281-7E7E61CC96FE}.Release|Any CPU.Build.0 = Release|Any CPU
		{6B776561-BD4F-4BE3-A57B-08EE4267EFC5}.Debug|Any CPU.ActiveCfg = Debug|Any CPU
		{6B776561-BD4F-4BE3-A57B-08EE4267EFC5}.Debug|Any CPU.Build.0 = Debug|Any CPU
		{6B776561-BD4F-4BE3-A57B-08EE4267EFC5}.Release|Any CPU.ActiveCfg = Release|Any CPU
		{6B776561-BD4F-4BE3-A57B-08EE4267EFC5}.Release|Any CPU.Build.0 = Release|Any CPU
		{D87AE7AA-F8FF-44CD-9C1D-2DEF2267B631}.Debug|Any CPU.ActiveCfg = Debug|Any CPU
		{D87AE7AA-F8FF-44CD-9C1D-2DEF2267B631}.Debug|Any CPU.Build.0 = Debug|Any CPU
		{D87AE7AA-F8FF-44CD-9C1D-2DEF2267B631}.Release|Any CPU.ActiveCfg = Release|Any CPU
		{D87AE7AA-F8FF-44CD-9C1D-2DEF2267B631}.Release|Any CPU.Build.0 = Release|Any CPU
		{8C8FEB77-9F87-43D2-BE40-DED60933BDC3}.Debug|Any CPU.ActiveCfg = Debug|Any CPU
		{8C8FEB77-9F87-43D2-BE40-DED60933BDC3}.Debug|Any CPU.Build.0 = Debug|Any CPU
		{8C8FEB77-9F87-43D2-BE40-DED60933BDC3}.Release|Any CPU.ActiveCfg = Release|Any CPU
		{8C8FEB77-9F87-43D2-BE40-DED60933BDC3}.Release|Any CPU.Build.0 = Release|Any CPU
		{41C36EC0-24E4-4F97-A7B0-A66F1619F601}.Debug|Any CPU.ActiveCfg = Debug|Any CPU
		{41C36EC0-24E4-4F97-A7B0-A66F1619F601}.Debug|Any CPU.Build.0 = Debug|Any CPU
		{41C36EC0-24E4-4F97-A7B0-A66F1619F601}.Release|Any CPU.ActiveCfg = Release|Any CPU
		{41C36EC0-24E4-4F97-A7B0-A66F1619F601}.Release|Any CPU.Build.0 = Release|Any CPU
		{9F75944E-2E88-4294-B98B-05B1D219AF0B}.Debug|Any CPU.ActiveCfg = Debug|Any CPU
		{9F75944E-2E88-4294-B98B-05B1D219AF0B}.Debug|Any CPU.Build.0 = Debug|Any CPU
		{9F75944E-2E88-4294-B98B-05B1D219AF0B}.Release|Any CPU.ActiveCfg = Release|Any CPU
		{9F75944E-2E88-4294-B98B-05B1D219AF0B}.Release|Any CPU.Build.0 = Release|Any CPU
		{4C934ADD-DF0C-4D7A-ADF9-844EED7D0464}.Debug|Any CPU.ActiveCfg = Debug|Any CPU
		{4C934ADD-DF0C-4D7A-ADF9-844EED7D0464}.Debug|Any CPU.Build.0 = Debug|Any CPU
		{4C934ADD-DF0C-4D7A-ADF9-844EED7D0464}.Release|Any CPU.ActiveCfg = Release|Any CPU
		{4C934ADD-DF0C-4D7A-ADF9-844EED7D0464}.Release|Any CPU.Build.0 = Release|Any CPU
		{39D30C4F-E61D-440B-8AD9-91587840820D}.Debug|Any CPU.ActiveCfg = Debug|Any CPU
		{39D30C4F-E61D-440B-8AD9-91587840820D}.Debug|Any CPU.Build.0 = Debug|Any CPU
		{39D30C4F-E61D-440B-8AD9-91587840820D}.Release|Any CPU.ActiveCfg = Release|Any CPU
		{39D30C4F-E61D-440B-8AD9-91587840820D}.Release|Any CPU.Build.0 = Release|Any CPU
		{6A6E1422-1E74-42C6-B10B-CDDAFF1D33E0}.Debug|Any CPU.ActiveCfg = Debug|Any CPU
		{6A6E1422-1E74-42C6-B10B-CDDAFF1D33E0}.Debug|Any CPU.Build.0 = Debug|Any CPU
		{6A6E1422-1E74-42C6-B10B-CDDAFF1D33E0}.Release|Any CPU.ActiveCfg = Release|Any CPU
		{6A6E1422-1E74-42C6-B10B-CDDAFF1D33E0}.Release|Any CPU.Build.0 = Release|Any CPU
		{930E2668-C621-4913-AF96-270F6BB4B1CB}.Debug|Any CPU.ActiveCfg = Debug|Any CPU
		{930E2668-C621-4913-AF96-270F6BB4B1CB}.Debug|Any CPU.Build.0 = Debug|Any CPU
		{930E2668-C621-4913-AF96-270F6BB4B1CB}.Release|Any CPU.ActiveCfg = Release|Any CPU
		{930E2668-C621-4913-AF96-270F6BB4B1CB}.Release|Any CPU.Build.0 = Release|Any CPU
		{B9E6289D-19DD-4AF9-A4B7-624D852C57BD}.Debug|Any CPU.ActiveCfg = Debug|Any CPU
		{B9E6289D-19DD-4AF9-A4B7-624D852C57BD}.Debug|Any CPU.Build.0 = Debug|Any CPU
		{B9E6289D-19DD-4AF9-A4B7-624D852C57BD}.Release|Any CPU.ActiveCfg = Release|Any CPU
		{B9E6289D-19DD-4AF9-A4B7-624D852C57BD}.Release|Any CPU.Build.0 = Release|Any CPU
		{387DBDFB-BB77-4FF1-8C09-09F7604270A0}.Debug|Any CPU.ActiveCfg = Debug|Any CPU
		{387DBDFB-BB77-4FF1-8C09-09F7604270A0}.Debug|Any CPU.Build.0 = Debug|Any CPU
		{387DBDFB-BB77-4FF1-8C09-09F7604270A0}.Release|Any CPU.ActiveCfg = Release|Any CPU
		{387DBDFB-BB77-4FF1-8C09-09F7604270A0}.Release|Any CPU.Build.0 = Release|Any CPU
		{A3FCC31E-285E-4BA4-85C0-50A165E2EE94}.Debug|Any CPU.ActiveCfg = Debug|Any CPU
		{A3FCC31E-285E-4BA4-85C0-50A165E2EE94}.Debug|Any CPU.Build.0 = Debug|Any CPU
		{A3FCC31E-285E-4BA4-85C0-50A165E2EE94}.Release|Any CPU.ActiveCfg = Release|Any CPU
		{A3FCC31E-285E-4BA4-85C0-50A165E2EE94}.Release|Any CPU.Build.0 = Release|Any CPU
		{DDCCB8FA-70AC-4D53-A847-6844E9E75965}.Debug|Any CPU.ActiveCfg = Debug|Any CPU
		{DDCCB8FA-70AC-4D53-A847-6844E9E75965}.Debug|Any CPU.Build.0 = Debug|Any CPU
		{DDCCB8FA-70AC-4D53-A847-6844E9E75965}.Release|Any CPU.ActiveCfg = Release|Any CPU
		{DDCCB8FA-70AC-4D53-A847-6844E9E75965}.Release|Any CPU.Build.0 = Release|Any CPU
		{220044AC-BD60-476A-B397-0F4C26EE7C38}.Debug|Any CPU.ActiveCfg = Debug|Any CPU
		{220044AC-BD60-476A-B397-0F4C26EE7C38}.Debug|Any CPU.Build.0 = Debug|Any CPU
		{220044AC-BD60-476A-B397-0F4C26EE7C38}.Release|Any CPU.ActiveCfg = Release|Any CPU
		{220044AC-BD60-476A-B397-0F4C26EE7C38}.Release|Any CPU.Build.0 = Release|Any CPU
		{5C1F2B57-651C-4FF9-A817-1A1A0DBDA79F}.Debug|Any CPU.ActiveCfg = Debug|Any CPU
		{5C1F2B57-651C-4FF9-A817-1A1A0DBDA79F}.Debug|Any CPU.Build.0 = Debug|Any CPU
		{5C1F2B57-651C-4FF9-A817-1A1A0DBDA79F}.Release|Any CPU.ActiveCfg = Release|Any CPU
		{5C1F2B57-651C-4FF9-A817-1A1A0DBDA79F}.Release|Any CPU.Build.0 = Release|Any CPU
		{D3343D8C-11CE-4890-888E-575621A0EFA9}.Debug|Any CPU.ActiveCfg = Debug|Any CPU
		{D3343D8C-11CE-4890-888E-575621A0EFA9}.Debug|Any CPU.Build.0 = Debug|Any CPU
		{D3343D8C-11CE-4890-888E-575621A0EFA9}.Release|Any CPU.ActiveCfg = Release|Any CPU
		{D3343D8C-11CE-4890-888E-575621A0EFA9}.Release|Any CPU.Build.0 = Release|Any CPU
		{8C540125-104B-4526-8651-3B2C9BDA1FAC}.Debug|Any CPU.ActiveCfg = Debug|Any CPU
		{8C540125-104B-4526-8651-3B2C9BDA1FAC}.Debug|Any CPU.Build.0 = Debug|Any CPU
		{8C540125-104B-4526-8651-3B2C9BDA1FAC}.Release|Any CPU.ActiveCfg = Release|Any CPU
		{8C540125-104B-4526-8651-3B2C9BDA1FAC}.Release|Any CPU.Build.0 = Release|Any CPU
		{2BA9C03A-C55C-4D80-A6A6-E51AA8A764A0}.Debug|Any CPU.ActiveCfg = Debug|Any CPU
		{2BA9C03A-C55C-4D80-A6A6-E51AA8A764A0}.Debug|Any CPU.Build.0 = Debug|Any CPU
		{2BA9C03A-C55C-4D80-A6A6-E51AA8A764A0}.Release|Any CPU.ActiveCfg = Release|Any CPU
		{2BA9C03A-C55C-4D80-A6A6-E51AA8A764A0}.Release|Any CPU.Build.0 = Release|Any CPU
		{419E347B-35A7-4F31-90AF-42916686B147}.Debug|Any CPU.ActiveCfg = Debug|Any CPU
		{419E347B-35A7-4F31-90AF-42916686B147}.Debug|Any CPU.Build.0 = Debug|Any CPU
		{419E347B-35A7-4F31-90AF-42916686B147}.Release|Any CPU.ActiveCfg = Release|Any CPU
		{419E347B-35A7-4F31-90AF-42916686B147}.Release|Any CPU.Build.0 = Release|Any CPU
		{B32D37C7-5AE0-4E61-AEF7-38EEB601BA65}.Debug|Any CPU.ActiveCfg = Debug|Any CPU
		{B32D37C7-5AE0-4E61-AEF7-38EEB601BA65}.Debug|Any CPU.Build.0 = Debug|Any CPU
		{B32D37C7-5AE0-4E61-AEF7-38EEB601BA65}.Release|Any CPU.ActiveCfg = Release|Any CPU
		{B32D37C7-5AE0-4E61-AEF7-38EEB601BA65}.Release|Any CPU.Build.0 = Release|Any CPU
		{DED71F33-1945-418A-A897-BC6892A09DF0}.Debug|Any CPU.ActiveCfg = Debug|Any CPU
		{DED71F33-1945-418A-A897-BC6892A09DF0}.Debug|Any CPU.Build.0 = Debug|Any CPU
		{DED71F33-1945-418A-A897-BC6892A09DF0}.Release|Any CPU.ActiveCfg = Release|Any CPU
		{DED71F33-1945-418A-A897-BC6892A09DF0}.Release|Any CPU.Build.0 = Release|Any CPU
		{D2D8A7DA-6766-47C6-90D4-B4C8D7A2721D}.Debug|Any CPU.ActiveCfg = Debug|Any CPU
		{D2D8A7DA-6766-47C6-90D4-B4C8D7A2721D}.Debug|Any CPU.Build.0 = Debug|Any CPU
		{D2D8A7DA-6766-47C6-90D4-B4C8D7A2721D}.Release|Any CPU.ActiveCfg = Release|Any CPU
		{D2D8A7DA-6766-47C6-90D4-B4C8D7A2721D}.Release|Any CPU.Build.0 = Release|Any CPU
		{B4FAA19C-3299-489F-BA07-EB606EDB503B}.Debug|Any CPU.ActiveCfg = Debug|Any CPU
		{B4FAA19C-3299-489F-BA07-EB606EDB503B}.Debug|Any CPU.Build.0 = Debug|Any CPU
		{B4FAA19C-3299-489F-BA07-EB606EDB503B}.Release|Any CPU.ActiveCfg = Release|Any CPU
		{B4FAA19C-3299-489F-BA07-EB606EDB503B}.Release|Any CPU.Build.0 = Release|Any CPU
		{2FD929EE-70C7-4958-94CE-9C1B8D431381}.Debug|Any CPU.ActiveCfg = Debug|Any CPU
		{2FD929EE-70C7-4958-94CE-9C1B8D431381}.Debug|Any CPU.Build.0 = Debug|Any CPU
		{2FD929EE-70C7-4958-94CE-9C1B8D431381}.Release|Any CPU.ActiveCfg = Release|Any CPU
		{2FD929EE-70C7-4958-94CE-9C1B8D431381}.Release|Any CPU.Build.0 = Release|Any CPU
		{5AA8C0B5-9FCA-4F3C-83BF-CE25F94715B6}.Debug|Any CPU.ActiveCfg = Debug|Any CPU
		{5AA8C0B5-9FCA-4F3C-83BF-CE25F94715B6}.Debug|Any CPU.Build.0 = Debug|Any CPU
		{5AA8C0B5-9FCA-4F3C-83BF-CE25F94715B6}.Release|Any CPU.ActiveCfg = Release|Any CPU
		{5AA8C0B5-9FCA-4F3C-83BF-CE25F94715B6}.Release|Any CPU.Build.0 = Release|Any CPU
		{45BA8002-FFEC-4DF2-989C-89B82CFD49FB}.Debug|Any CPU.ActiveCfg = Debug|Any CPU
		{45BA8002-FFEC-4DF2-989C-89B82CFD49FB}.Debug|Any CPU.Build.0 = Debug|Any CPU
		{45BA8002-FFEC-4DF2-989C-89B82CFD49FB}.Release|Any CPU.ActiveCfg = Release|Any CPU
		{45BA8002-FFEC-4DF2-989C-89B82CFD49FB}.Release|Any CPU.Build.0 = Release|Any CPU
		{B1C34DE2-C124-4E33-A10A-7486FC27B29B}.Debug|Any CPU.ActiveCfg = Debug|Any CPU
		{B1C34DE2-C124-4E33-A10A-7486FC27B29B}.Debug|Any CPU.Build.0 = Debug|Any CPU
		{B1C34DE2-C124-4E33-A10A-7486FC27B29B}.Release|Any CPU.ActiveCfg = Release|Any CPU
		{B1C34DE2-C124-4E33-A10A-7486FC27B29B}.Release|Any CPU.Build.0 = Release|Any CPU
		{6E1703C9-6074-4579-8D95-0B8060064978}.Debug|Any CPU.ActiveCfg = Debug|Any CPU
		{6E1703C9-6074-4579-8D95-0B8060064978}.Debug|Any CPU.Build.0 = Debug|Any CPU
		{6E1703C9-6074-4579-8D95-0B8060064978}.Release|Any CPU.ActiveCfg = Release|Any CPU
		{6E1703C9-6074-4579-8D95-0B8060064978}.Release|Any CPU.Build.0 = Release|Any CPU
		{35CA3B0A-5CA5-4FDB-837D-7064B18C4D54}.Debug|Any CPU.ActiveCfg = Debug|Any CPU
		{35CA3B0A-5CA5-4FDB-837D-7064B18C4D54}.Debug|Any CPU.Build.0 = Debug|Any CPU
		{35CA3B0A-5CA5-4FDB-837D-7064B18C4D54}.Release|Any CPU.ActiveCfg = Release|Any CPU
		{35CA3B0A-5CA5-4FDB-837D-7064B18C4D54}.Release|Any CPU.Build.0 = Release|Any CPU
		{62FF42F6-1840-47D3-8070-D47C708BDC00}.Debug|Any CPU.ActiveCfg = Debug|Any CPU
		{62FF42F6-1840-47D3-8070-D47C708BDC00}.Debug|Any CPU.Build.0 = Debug|Any CPU
		{62FF42F6-1840-47D3-8070-D47C708BDC00}.Release|Any CPU.ActiveCfg = Release|Any CPU
		{62FF42F6-1840-47D3-8070-D47C708BDC00}.Release|Any CPU.Build.0 = Release|Any CPU
		{DB901B0F-AED3-4C46-B0B7-C17CD97B0482}.Debug|Any CPU.ActiveCfg = Debug|Any CPU
		{DB901B0F-AED3-4C46-B0B7-C17CD97B0482}.Debug|Any CPU.Build.0 = Debug|Any CPU
		{DB901B0F-AED3-4C46-B0B7-C17CD97B0482}.Release|Any CPU.ActiveCfg = Release|Any CPU
		{DB901B0F-AED3-4C46-B0B7-C17CD97B0482}.Release|Any CPU.Build.0 = Release|Any CPU
		{4E23D2B3-9B20-4986-B5F8-D6C8FD936468}.Debug|Any CPU.ActiveCfg = Debug|Any CPU
		{4E23D2B3-9B20-4986-B5F8-D6C8FD936468}.Debug|Any CPU.Build.0 = Debug|Any CPU
		{4E23D2B3-9B20-4986-B5F8-D6C8FD936468}.Release|Any CPU.ActiveCfg = Release|Any CPU
		{4E23D2B3-9B20-4986-B5F8-D6C8FD936468}.Release|Any CPU.Build.0 = Release|Any CPU
		{27704B4E-995C-4F77-85D9-8D168F0F4541}.Debug|Any CPU.ActiveCfg = Debug|Any CPU
		{27704B4E-995C-4F77-85D9-8D168F0F4541}.Debug|Any CPU.Build.0 = Debug|Any CPU
		{27704B4E-995C-4F77-85D9-8D168F0F4541}.Release|Any CPU.ActiveCfg = Release|Any CPU
		{27704B4E-995C-4F77-85D9-8D168F0F4541}.Release|Any CPU.Build.0 = Release|Any CPU
		{44BF3638-1AC9-4D06-843A-E32E51462190}.Debug|Any CPU.ActiveCfg = Debug|Any CPU
		{44BF3638-1AC9-4D06-843A-E32E51462190}.Debug|Any CPU.Build.0 = Debug|Any CPU
		{44BF3638-1AC9-4D06-843A-E32E51462190}.Release|Any CPU.ActiveCfg = Release|Any CPU
		{44BF3638-1AC9-4D06-843A-E32E51462190}.Release|Any CPU.Build.0 = Release|Any CPU
		{AB387F46-2CCE-44C6-9762-F178B42BFD07}.Debug|Any CPU.ActiveCfg = Debug|Any CPU
		{AB387F46-2CCE-44C6-9762-F178B42BFD07}.Debug|Any CPU.Build.0 = Debug|Any CPU
		{AB387F46-2CCE-44C6-9762-F178B42BFD07}.Release|Any CPU.ActiveCfg = Release|Any CPU
		{AB387F46-2CCE-44C6-9762-F178B42BFD07}.Release|Any CPU.Build.0 = Release|Any CPU
		{C390C06C-53F4-486A-9AD9-FF06835E76BA}.Debug|Any CPU.ActiveCfg = Debug|Any CPU
		{C390C06C-53F4-486A-9AD9-FF06835E76BA}.Debug|Any CPU.Build.0 = Debug|Any CPU
		{C390C06C-53F4-486A-9AD9-FF06835E76BA}.Release|Any CPU.ActiveCfg = Release|Any CPU
		{C390C06C-53F4-486A-9AD9-FF06835E76BA}.Release|Any CPU.Build.0 = Release|Any CPU
		{D9398A1C-3F84-4258-9398-3717ACB890A6}.Debug|Any CPU.ActiveCfg = Debug|Any CPU
		{D9398A1C-3F84-4258-9398-3717ACB890A6}.Debug|Any CPU.Build.0 = Debug|Any CPU
		{D9398A1C-3F84-4258-9398-3717ACB890A6}.Release|Any CPU.ActiveCfg = Release|Any CPU
		{D9398A1C-3F84-4258-9398-3717ACB890A6}.Release|Any CPU.Build.0 = Release|Any CPU
		{D04171FC-F422-45CE-8C8A-19B5B2EAB7C7}.Debug|Any CPU.ActiveCfg = Debug|Any CPU
		{D04171FC-F422-45CE-8C8A-19B5B2EAB7C7}.Debug|Any CPU.Build.0 = Debug|Any CPU
		{D04171FC-F422-45CE-8C8A-19B5B2EAB7C7}.Release|Any CPU.ActiveCfg = Release|Any CPU
		{D04171FC-F422-45CE-8C8A-19B5B2EAB7C7}.Release|Any CPU.Build.0 = Release|Any CPU
		{0C969A34-5910-47CA-ABFE-B5358DA420F1}.Debug|Any CPU.ActiveCfg = Debug|Any CPU
		{0C969A34-5910-47CA-ABFE-B5358DA420F1}.Debug|Any CPU.Build.0 = Debug|Any CPU
		{0C969A34-5910-47CA-ABFE-B5358DA420F1}.Release|Any CPU.ActiveCfg = Release|Any CPU
		{0C969A34-5910-47CA-ABFE-B5358DA420F1}.Release|Any CPU.Build.0 = Release|Any CPU
		{4B47DE52-C642-4DCD-9B9A-69BA22D6BA3A}.Debug|Any CPU.ActiveCfg = Debug|Any CPU
		{4B47DE52-C642-4DCD-9B9A-69BA22D6BA3A}.Debug|Any CPU.Build.0 = Debug|Any CPU
		{4B47DE52-C642-4DCD-9B9A-69BA22D6BA3A}.Release|Any CPU.ActiveCfg = Release|Any CPU
		{4B47DE52-C642-4DCD-9B9A-69BA22D6BA3A}.Release|Any CPU.Build.0 = Release|Any CPU
		{8DF0B1D4-FD32-420B-A909-599E135FD8F0}.Debug|Any CPU.ActiveCfg = Debug|Any CPU
		{8DF0B1D4-FD32-420B-A909-599E135FD8F0}.Debug|Any CPU.Build.0 = Debug|Any CPU
		{8DF0B1D4-FD32-420B-A909-599E135FD8F0}.Release|Any CPU.ActiveCfg = Release|Any CPU
		{8DF0B1D4-FD32-420B-A909-599E135FD8F0}.Release|Any CPU.Build.0 = Release|Any CPU
		{0A3CCF71-BA22-4778-9E66-3BF1F6EA36CF}.Debug|Any CPU.ActiveCfg = Debug|Any CPU
		{0A3CCF71-BA22-4778-9E66-3BF1F6EA36CF}.Debug|Any CPU.Build.0 = Debug|Any CPU
		{0A3CCF71-BA22-4778-9E66-3BF1F6EA36CF}.Release|Any CPU.ActiveCfg = Release|Any CPU
		{0A3CCF71-BA22-4778-9E66-3BF1F6EA36CF}.Release|Any CPU.Build.0 = Release|Any CPU
		{80688BC9-839A-4396-841A-DBEA8AA95353}.Debug|Any CPU.ActiveCfg = Debug|Any CPU
		{80688BC9-839A-4396-841A-DBEA8AA95353}.Debug|Any CPU.Build.0 = Debug|Any CPU
		{80688BC9-839A-4396-841A-DBEA8AA95353}.Release|Any CPU.ActiveCfg = Release|Any CPU
		{80688BC9-839A-4396-841A-DBEA8AA95353}.Release|Any CPU.Build.0 = Release|Any CPU
		{E32768E7-E8F1-45B7-AC4C-17045DB84B29}.Debug|Any CPU.ActiveCfg = Debug|Any CPU
		{E32768E7-E8F1-45B7-AC4C-17045DB84B29}.Debug|Any CPU.Build.0 = Debug|Any CPU
		{E32768E7-E8F1-45B7-AC4C-17045DB84B29}.Release|Any CPU.ActiveCfg = Release|Any CPU
		{E32768E7-E8F1-45B7-AC4C-17045DB84B29}.Release|Any CPU.Build.0 = Release|Any CPU
		{0A7285E3-A33F-47C4-9F6E-BBB0832FEFA5}.Debug|Any CPU.ActiveCfg = Debug|Any CPU
		{0A7285E3-A33F-47C4-9F6E-BBB0832FEFA5}.Debug|Any CPU.Build.0 = Debug|Any CPU
		{0A7285E3-A33F-47C4-9F6E-BBB0832FEFA5}.Release|Any CPU.ActiveCfg = Release|Any CPU
		{0A7285E3-A33F-47C4-9F6E-BBB0832FEFA5}.Release|Any CPU.Build.0 = Release|Any CPU
		{BEB5EE17-8DEE-40D0-8FB7-6DA8761BB5F0}.Debug|Any CPU.ActiveCfg = Debug|Any CPU
		{BEB5EE17-8DEE-40D0-8FB7-6DA8761BB5F0}.Debug|Any CPU.Build.0 = Debug|Any CPU
		{BEB5EE17-8DEE-40D0-8FB7-6DA8761BB5F0}.Release|Any CPU.ActiveCfg = Release|Any CPU
		{BEB5EE17-8DEE-40D0-8FB7-6DA8761BB5F0}.Release|Any CPU.Build.0 = Release|Any CPU
		{6DFA07E4-AD82-473F-8A31-B80298C35CEB}.Debug|Any CPU.ActiveCfg = Debug|Any CPU
		{6DFA07E4-AD82-473F-8A31-B80298C35CEB}.Debug|Any CPU.Build.0 = Debug|Any CPU
		{6DFA07E4-AD82-473F-8A31-B80298C35CEB}.Release|Any CPU.ActiveCfg = Release|Any CPU
		{6DFA07E4-AD82-473F-8A31-B80298C35CEB}.Release|Any CPU.Build.0 = Release|Any CPU
		{21BC0186-D4DC-470D-9348-F717E76C478C}.Debug|Any CPU.ActiveCfg = Debug|Any CPU
		{21BC0186-D4DC-470D-9348-F717E76C478C}.Debug|Any CPU.Build.0 = Debug|Any CPU
		{21BC0186-D4DC-470D-9348-F717E76C478C}.Release|Any CPU.ActiveCfg = Release|Any CPU
		{21BC0186-D4DC-470D-9348-F717E76C478C}.Release|Any CPU.Build.0 = Release|Any CPU
		{6E17D91A-A570-4097-AAD5-DD4E0C258727}.Debug|Any CPU.ActiveCfg = Debug|Any CPU
		{6E17D91A-A570-4097-AAD5-DD4E0C258727}.Debug|Any CPU.Build.0 = Debug|Any CPU
		{6E17D91A-A570-4097-AAD5-DD4E0C258727}.Release|Any CPU.ActiveCfg = Release|Any CPU
		{6E17D91A-A570-4097-AAD5-DD4E0C258727}.Release|Any CPU.Build.0 = Release|Any CPU
		{A2608CD3-9A3E-42EF-BD51-46D2BBA1525B}.Debug|Any CPU.ActiveCfg = Debug|Any CPU
		{A2608CD3-9A3E-42EF-BD51-46D2BBA1525B}.Debug|Any CPU.Build.0 = Debug|Any CPU
		{A2608CD3-9A3E-42EF-BD51-46D2BBA1525B}.Release|Any CPU.ActiveCfg = Release|Any CPU
		{A2608CD3-9A3E-42EF-BD51-46D2BBA1525B}.Release|Any CPU.Build.0 = Release|Any CPU
		{16E48919-F4DA-4EC2-ADC2-2D8C324749A3}.Debug|Any CPU.ActiveCfg = Debug|Any CPU
		{16E48919-F4DA-4EC2-ADC2-2D8C324749A3}.Debug|Any CPU.Build.0 = Debug|Any CPU
		{16E48919-F4DA-4EC2-ADC2-2D8C324749A3}.Release|Any CPU.ActiveCfg = Release|Any CPU
		{16E48919-F4DA-4EC2-ADC2-2D8C324749A3}.Release|Any CPU.Build.0 = Release|Any CPU
		{A460D8F2-80BE-4155-9253-2B240D9DD7EF}.Debug|Any CPU.ActiveCfg = Debug|Any CPU
		{A460D8F2-80BE-4155-9253-2B240D9DD7EF}.Debug|Any CPU.Build.0 = Debug|Any CPU
		{A460D8F2-80BE-4155-9253-2B240D9DD7EF}.Release|Any CPU.ActiveCfg = Release|Any CPU
		{A460D8F2-80BE-4155-9253-2B240D9DD7EF}.Release|Any CPU.Build.0 = Release|Any CPU
		{5DCEF0FB-E45E-4DA9-BF41-FA54B130F8C4}.Debug|Any CPU.ActiveCfg = Debug|Any CPU
		{5DCEF0FB-E45E-4DA9-BF41-FA54B130F8C4}.Debug|Any CPU.Build.0 = Debug|Any CPU
		{5DCEF0FB-E45E-4DA9-BF41-FA54B130F8C4}.Release|Any CPU.ActiveCfg = Release|Any CPU
		{5DCEF0FB-E45E-4DA9-BF41-FA54B130F8C4}.Release|Any CPU.Build.0 = Release|Any CPU
		{E28DF840-3FB2-4A4C-89E1-8FDA85113D5A}.Debug|Any CPU.ActiveCfg = Debug|Any CPU
		{E28DF840-3FB2-4A4C-89E1-8FDA85113D5A}.Debug|Any CPU.Build.0 = Debug|Any CPU
		{E28DF840-3FB2-4A4C-89E1-8FDA85113D5A}.Release|Any CPU.ActiveCfg = Release|Any CPU
		{E28DF840-3FB2-4A4C-89E1-8FDA85113D5A}.Release|Any CPU.Build.0 = Release|Any CPU
		{0FF23692-A7B7-4C9A-AFC2-A41B66B80965}.Debug|Any CPU.ActiveCfg = Debug|Any CPU
		{0FF23692-A7B7-4C9A-AFC2-A41B66B80965}.Debug|Any CPU.Build.0 = Debug|Any CPU
		{0FF23692-A7B7-4C9A-AFC2-A41B66B80965}.Release|Any CPU.ActiveCfg = Release|Any CPU
		{0FF23692-A7B7-4C9A-AFC2-A41B66B80965}.Release|Any CPU.Build.0 = Release|Any CPU
		{AA541777-04E9-46DA-93E0-994EFF12F6E9}.Debug|Any CPU.ActiveCfg = Debug|Any CPU
		{AA541777-04E9-46DA-93E0-994EFF12F6E9}.Debug|Any CPU.Build.0 = Debug|Any CPU
		{AA541777-04E9-46DA-93E0-994EFF12F6E9}.Release|Any CPU.ActiveCfg = Release|Any CPU
		{AA541777-04E9-46DA-93E0-994EFF12F6E9}.Release|Any CPU.Build.0 = Release|Any CPU
		{ACE2F34B-6604-4B78-976A-420DC2BA719F}.Debug|Any CPU.ActiveCfg = Debug|Any CPU
		{ACE2F34B-6604-4B78-976A-420DC2BA719F}.Debug|Any CPU.Build.0 = Debug|Any CPU
		{ACE2F34B-6604-4B78-976A-420DC2BA719F}.Release|Any CPU.ActiveCfg = Release|Any CPU
		{ACE2F34B-6604-4B78-976A-420DC2BA719F}.Release|Any CPU.Build.0 = Release|Any CPU
		{5A5FE9F7-4C85-42F1-89EF-1127AF4FE432}.Debug|Any CPU.ActiveCfg = Debug|Any CPU
		{5A5FE9F7-4C85-42F1-89EF-1127AF4FE432}.Debug|Any CPU.Build.0 = Debug|Any CPU
		{5A5FE9F7-4C85-42F1-89EF-1127AF4FE432}.Release|Any CPU.ActiveCfg = Release|Any CPU
		{5A5FE9F7-4C85-42F1-89EF-1127AF4FE432}.Release|Any CPU.Build.0 = Release|Any CPU
		{E885A54F-FD06-4499-8EE7-0C9F4850E0D1}.Debug|Any CPU.ActiveCfg = Debug|Any CPU
		{E885A54F-FD06-4499-8EE7-0C9F4850E0D1}.Debug|Any CPU.Build.0 = Debug|Any CPU
		{E885A54F-FD06-4499-8EE7-0C9F4850E0D1}.Release|Any CPU.ActiveCfg = Release|Any CPU
		{E885A54F-FD06-4499-8EE7-0C9F4850E0D1}.Release|Any CPU.Build.0 = Release|Any CPU
		{9B434B77-B901-4450-8C75-4C5998BCA0E8}.Debug|Any CPU.ActiveCfg = Debug|Any CPU
		{9B434B77-B901-4450-8C75-4C5998BCA0E8}.Debug|Any CPU.Build.0 = Debug|Any CPU
		{9B434B77-B901-4450-8C75-4C5998BCA0E8}.Release|Any CPU.ActiveCfg = Release|Any CPU
		{9B434B77-B901-4450-8C75-4C5998BCA0E8}.Release|Any CPU.Build.0 = Release|Any CPU
		{6CD93A6C-FB3C-4F22-9559-2ECD450EDD4F}.Debug|Any CPU.ActiveCfg = Debug|Any CPU
		{6CD93A6C-FB3C-4F22-9559-2ECD450EDD4F}.Debug|Any CPU.Build.0 = Debug|Any CPU
		{6CD93A6C-FB3C-4F22-9559-2ECD450EDD4F}.Release|Any CPU.ActiveCfg = Release|Any CPU
		{6CD93A6C-FB3C-4F22-9559-2ECD450EDD4F}.Release|Any CPU.Build.0 = Release|Any CPU
		{5CE238B4-29EA-4A3C-8307-67EA60602BE0}.Debug|Any CPU.ActiveCfg = Debug|Any CPU
		{5CE238B4-29EA-4A3C-8307-67EA60602BE0}.Debug|Any CPU.Build.0 = Debug|Any CPU
		{5CE238B4-29EA-4A3C-8307-67EA60602BE0}.Release|Any CPU.ActiveCfg = Release|Any CPU
		{5CE238B4-29EA-4A3C-8307-67EA60602BE0}.Release|Any CPU.Build.0 = Release|Any CPU
		{00687649-8BDB-41D2-9081-785F9AAFF7B7}.Debug|Any CPU.ActiveCfg = Debug|Any CPU
		{00687649-8BDB-41D2-9081-785F9AAFF7B7}.Debug|Any CPU.Build.0 = Debug|Any CPU
		{00687649-8BDB-41D2-9081-785F9AAFF7B7}.Release|Any CPU.ActiveCfg = Release|Any CPU
		{00687649-8BDB-41D2-9081-785F9AAFF7B7}.Release|Any CPU.Build.0 = Release|Any CPU
		{BE529D9F-E16D-4350-A077-BB39AB6429F5}.Debug|Any CPU.ActiveCfg = Debug|Any CPU
		{BE529D9F-E16D-4350-A077-BB39AB6429F5}.Debug|Any CPU.Build.0 = Debug|Any CPU
		{BE529D9F-E16D-4350-A077-BB39AB6429F5}.Release|Any CPU.ActiveCfg = Release|Any CPU
		{BE529D9F-E16D-4350-A077-BB39AB6429F5}.Release|Any CPU.Build.0 = Release|Any CPU
		{DD4B625A-4C6C-4A40-A505-16AB49918E85}.Debug|Any CPU.ActiveCfg = Debug|Any CPU
		{DD4B625A-4C6C-4A40-A505-16AB49918E85}.Debug|Any CPU.Build.0 = Debug|Any CPU
		{DD4B625A-4C6C-4A40-A505-16AB49918E85}.Release|Any CPU.ActiveCfg = Release|Any CPU
		{DD4B625A-4C6C-4A40-A505-16AB49918E85}.Release|Any CPU.Build.0 = Release|Any CPU
		{30E12056-5328-4F7B-B82A-033AC6177509}.Debug|Any CPU.ActiveCfg = Debug|Any CPU
		{30E12056-5328-4F7B-B82A-033AC6177509}.Debug|Any CPU.Build.0 = Debug|Any CPU
		{30E12056-5328-4F7B-B82A-033AC6177509}.Release|Any CPU.ActiveCfg = Release|Any CPU
		{30E12056-5328-4F7B-B82A-033AC6177509}.Release|Any CPU.Build.0 = Release|Any CPU
		{000131CF-449E-45FB-85E5-51C361CB6FFF}.Debug|Any CPU.ActiveCfg = Debug|Any CPU
		{000131CF-449E-45FB-85E5-51C361CB6FFF}.Debug|Any CPU.Build.0 = Debug|Any CPU
		{000131CF-449E-45FB-85E5-51C361CB6FFF}.Release|Any CPU.ActiveCfg = Release|Any CPU
		{000131CF-449E-45FB-85E5-51C361CB6FFF}.Release|Any CPU.Build.0 = Release|Any CPU
		{2F7D0203-8485-40E0-BAAC-3C0314B72F20}.Debug|Any CPU.ActiveCfg = Debug|Any CPU
		{2F7D0203-8485-40E0-BAAC-3C0314B72F20}.Debug|Any CPU.Build.0 = Debug|Any CPU
		{2F7D0203-8485-40E0-BAAC-3C0314B72F20}.Release|Any CPU.ActiveCfg = Release|Any CPU
		{2F7D0203-8485-40E0-BAAC-3C0314B72F20}.Release|Any CPU.Build.0 = Release|Any CPU
		{ACECF906-689E-4C7D-B3DE-814943005399}.Debug|Any CPU.ActiveCfg = Debug|Any CPU
		{ACECF906-689E-4C7D-B3DE-814943005399}.Debug|Any CPU.Build.0 = Debug|Any CPU
		{ACECF906-689E-4C7D-B3DE-814943005399}.Release|Any CPU.ActiveCfg = Release|Any CPU
		{ACECF906-689E-4C7D-B3DE-814943005399}.Release|Any CPU.Build.0 = Release|Any CPU
		{67B1FFE5-4EAF-48F6-BA02-289D050AEC07}.Debug|Any CPU.ActiveCfg = Debug|Any CPU
		{67B1FFE5-4EAF-48F6-BA02-289D050AEC07}.Debug|Any CPU.Build.0 = Debug|Any CPU
		{67B1FFE5-4EAF-48F6-BA02-289D050AEC07}.Release|Any CPU.ActiveCfg = Release|Any CPU
		{67B1FFE5-4EAF-48F6-BA02-289D050AEC07}.Release|Any CPU.Build.0 = Release|Any CPU
		{35AEC564-BF4F-45A4-B738-4B9AC250A787}.Debug|Any CPU.ActiveCfg = Debug|Any CPU
		{35AEC564-BF4F-45A4-B738-4B9AC250A787}.Debug|Any CPU.Build.0 = Debug|Any CPU
		{35AEC564-BF4F-45A4-B738-4B9AC250A787}.Release|Any CPU.ActiveCfg = Release|Any CPU
		{35AEC564-BF4F-45A4-B738-4B9AC250A787}.Release|Any CPU.Build.0 = Release|Any CPU
		{6F8DBF7D-638C-469F-8C8C-ADE00E79E358}.Debug|Any CPU.ActiveCfg = Debug|Any CPU
		{6F8DBF7D-638C-469F-8C8C-ADE00E79E358}.Debug|Any CPU.Build.0 = Debug|Any CPU
		{6F8DBF7D-638C-469F-8C8C-ADE00E79E358}.Release|Any CPU.ActiveCfg = Release|Any CPU
		{6F8DBF7D-638C-469F-8C8C-ADE00E79E358}.Release|Any CPU.Build.0 = Release|Any CPU
		{3FD73017-F264-4FFD-A5EF-3C3D82820BF2}.Debug|Any CPU.ActiveCfg = Debug|Any CPU
		{3FD73017-F264-4FFD-A5EF-3C3D82820BF2}.Debug|Any CPU.Build.0 = Debug|Any CPU
		{3FD73017-F264-4FFD-A5EF-3C3D82820BF2}.Release|Any CPU.ActiveCfg = Release|Any CPU
		{3FD73017-F264-4FFD-A5EF-3C3D82820BF2}.Release|Any CPU.Build.0 = Release|Any CPU
		{7CED940F-9677-41C7-B3CF-4F1D37AE794F}.Debug|Any CPU.ActiveCfg = Debug|Any CPU
		{7CED940F-9677-41C7-B3CF-4F1D37AE794F}.Debug|Any CPU.Build.0 = Debug|Any CPU
		{7CED940F-9677-41C7-B3CF-4F1D37AE794F}.Release|Any CPU.ActiveCfg = Release|Any CPU
		{7CED940F-9677-41C7-B3CF-4F1D37AE794F}.Release|Any CPU.Build.0 = Release|Any CPU
		{261694E1-06EC-4107-B092-464D1D11E362}.Debug|Any CPU.ActiveCfg = Debug|Any CPU
		{261694E1-06EC-4107-B092-464D1D11E362}.Debug|Any CPU.Build.0 = Debug|Any CPU
		{261694E1-06EC-4107-B092-464D1D11E362}.Release|Any CPU.ActiveCfg = Release|Any CPU
		{261694E1-06EC-4107-B092-464D1D11E362}.Release|Any CPU.Build.0 = Release|Any CPU
		{C3AC51F3-BA4D-453A-99C8-DA14A613B9AA}.Debug|Any CPU.ActiveCfg = Debug|Any CPU
		{C3AC51F3-BA4D-453A-99C8-DA14A613B9AA}.Debug|Any CPU.Build.0 = Debug|Any CPU
		{C3AC51F3-BA4D-453A-99C8-DA14A613B9AA}.Release|Any CPU.ActiveCfg = Release|Any CPU
		{C3AC51F3-BA4D-453A-99C8-DA14A613B9AA}.Release|Any CPU.Build.0 = Release|Any CPU
		{26D7958F-1756-4364-98FF-1D7553C3BA84}.Debug|Any CPU.ActiveCfg = Debug|Any CPU
		{26D7958F-1756-4364-98FF-1D7553C3BA84}.Debug|Any CPU.Build.0 = Debug|Any CPU
		{26D7958F-1756-4364-98FF-1D7553C3BA84}.Release|Any CPU.ActiveCfg = Release|Any CPU
		{26D7958F-1756-4364-98FF-1D7553C3BA84}.Release|Any CPU.Build.0 = Release|Any CPU
		{99DF5B2F-E0C0-477A-95AD-78568ED24818}.Debug|Any CPU.ActiveCfg = Debug|Any CPU
		{99DF5B2F-E0C0-477A-95AD-78568ED24818}.Debug|Any CPU.Build.0 = Debug|Any CPU
		{99DF5B2F-E0C0-477A-95AD-78568ED24818}.Release|Any CPU.ActiveCfg = Release|Any CPU
		{99DF5B2F-E0C0-477A-95AD-78568ED24818}.Release|Any CPU.Build.0 = Release|Any CPU
		{0EF311A1-75AD-4947-AACE-81E232155E22}.Debug|Any CPU.ActiveCfg = Debug|Any CPU
		{0EF311A1-75AD-4947-AACE-81E232155E22}.Debug|Any CPU.Build.0 = Debug|Any CPU
		{0EF311A1-75AD-4947-AACE-81E232155E22}.Release|Any CPU.ActiveCfg = Release|Any CPU
		{0EF311A1-75AD-4947-AACE-81E232155E22}.Release|Any CPU.Build.0 = Release|Any CPU
		{CFD61D2A-D62E-4921-B57E-2198ACD6CBA8}.Debug|Any CPU.ActiveCfg = Debug|Any CPU
		{CFD61D2A-D62E-4921-B57E-2198ACD6CBA8}.Debug|Any CPU.Build.0 = Debug|Any CPU
		{CFD61D2A-D62E-4921-B57E-2198ACD6CBA8}.Release|Any CPU.ActiveCfg = Release|Any CPU
		{CFD61D2A-D62E-4921-B57E-2198ACD6CBA8}.Release|Any CPU.Build.0 = Release|Any CPU
		{25844A9F-41F5-4976-889D-B875C58FF507}.Debug|Any CPU.ActiveCfg = Debug|Any CPU
		{25844A9F-41F5-4976-889D-B875C58FF507}.Debug|Any CPU.Build.0 = Debug|Any CPU
		{25844A9F-41F5-4976-889D-B875C58FF507}.Release|Any CPU.ActiveCfg = Release|Any CPU
		{25844A9F-41F5-4976-889D-B875C58FF507}.Release|Any CPU.Build.0 = Release|Any CPU
		{2CD7AC2F-995B-4B9D-8B5F-05BEDCD5D30E}.Debug|Any CPU.ActiveCfg = Debug|Any CPU
		{2CD7AC2F-995B-4B9D-8B5F-05BEDCD5D30E}.Debug|Any CPU.Build.0 = Debug|Any CPU
		{2CD7AC2F-995B-4B9D-8B5F-05BEDCD5D30E}.Release|Any CPU.ActiveCfg = Release|Any CPU
		{2CD7AC2F-995B-4B9D-8B5F-05BEDCD5D30E}.Release|Any CPU.Build.0 = Release|Any CPU
		{E5A84597-46E6-49C2-BC71-07A75DC49038}.Debug|Any CPU.ActiveCfg = Debug|Any CPU
		{E5A84597-46E6-49C2-BC71-07A75DC49038}.Debug|Any CPU.Build.0 = Debug|Any CPU
		{E5A84597-46E6-49C2-BC71-07A75DC49038}.Release|Any CPU.ActiveCfg = Release|Any CPU
		{E5A84597-46E6-49C2-BC71-07A75DC49038}.Release|Any CPU.Build.0 = Release|Any CPU
		{4517B7FC-8BE5-4DE8-A232-157D410BE968}.Debug|Any CPU.ActiveCfg = Debug|Any CPU
		{4517B7FC-8BE5-4DE8-A232-157D410BE968}.Debug|Any CPU.Build.0 = Debug|Any CPU
		{4517B7FC-8BE5-4DE8-A232-157D410BE968}.Release|Any CPU.ActiveCfg = Release|Any CPU
		{4517B7FC-8BE5-4DE8-A232-157D410BE968}.Release|Any CPU.Build.0 = Release|Any CPU
		{52881568-F4CB-4AFA-8B95-ECAAEE6BE0BD}.Debug|Any CPU.ActiveCfg = Debug|Any CPU
		{52881568-F4CB-4AFA-8B95-ECAAEE6BE0BD}.Debug|Any CPU.Build.0 = Debug|Any CPU
		{52881568-F4CB-4AFA-8B95-ECAAEE6BE0BD}.Release|Any CPU.ActiveCfg = Release|Any CPU
		{52881568-F4CB-4AFA-8B95-ECAAEE6BE0BD}.Release|Any CPU.Build.0 = Release|Any CPU
		{93DC2646-7465-45C7-A2BC-D3E52351E825}.Debug|Any CPU.ActiveCfg = Debug|Any CPU
		{93DC2646-7465-45C7-A2BC-D3E52351E825}.Debug|Any CPU.Build.0 = Debug|Any CPU
		{93DC2646-7465-45C7-A2BC-D3E52351E825}.Release|Any CPU.ActiveCfg = Release|Any CPU
		{93DC2646-7465-45C7-A2BC-D3E52351E825}.Release|Any CPU.Build.0 = Release|Any CPU
		{9AA63388-6731-4125-BC28-25E639E64381}.Debug|Any CPU.ActiveCfg = Debug|Any CPU
		{9AA63388-6731-4125-BC28-25E639E64381}.Debug|Any CPU.Build.0 = Debug|Any CPU
		{9AA63388-6731-4125-BC28-25E639E64381}.Release|Any CPU.ActiveCfg = Release|Any CPU
		{9AA63388-6731-4125-BC28-25E639E64381}.Release|Any CPU.Build.0 = Release|Any CPU
		{7BE101D3-1E54-4A2D-A326-1A8BD637E7C9}.Debug|Any CPU.ActiveCfg = Debug|Any CPU
		{7BE101D3-1E54-4A2D-A326-1A8BD637E7C9}.Debug|Any CPU.Build.0 = Debug|Any CPU
		{7BE101D3-1E54-4A2D-A326-1A8BD637E7C9}.Release|Any CPU.ActiveCfg = Release|Any CPU
		{7BE101D3-1E54-4A2D-A326-1A8BD637E7C9}.Release|Any CPU.Build.0 = Release|Any CPU
		{89FECBBE-D44F-4162-B88C-1BAB6A20C67C}.Debug|Any CPU.ActiveCfg = Debug|Any CPU
		{89FECBBE-D44F-4162-B88C-1BAB6A20C67C}.Debug|Any CPU.Build.0 = Debug|Any CPU
		{89FECBBE-D44F-4162-B88C-1BAB6A20C67C}.Release|Any CPU.ActiveCfg = Release|Any CPU
		{89FECBBE-D44F-4162-B88C-1BAB6A20C67C}.Release|Any CPU.Build.0 = Release|Any CPU
		{4AFB3080-834A-42DB-82B1-8AF4DD21EF7F}.Debug|Any CPU.ActiveCfg = Debug|Any CPU
		{4AFB3080-834A-42DB-82B1-8AF4DD21EF7F}.Debug|Any CPU.Build.0 = Debug|Any CPU
		{4AFB3080-834A-42DB-82B1-8AF4DD21EF7F}.Release|Any CPU.ActiveCfg = Release|Any CPU
		{4AFB3080-834A-42DB-82B1-8AF4DD21EF7F}.Release|Any CPU.Build.0 = Release|Any CPU
		{22CB63FF-CCEA-4236-B868-82D0E5EB85F4}.Debug|Any CPU.ActiveCfg = Debug|Any CPU
		{22CB63FF-CCEA-4236-B868-82D0E5EB85F4}.Debug|Any CPU.Build.0 = Debug|Any CPU
		{22CB63FF-CCEA-4236-B868-82D0E5EB85F4}.Release|Any CPU.ActiveCfg = Release|Any CPU
		{22CB63FF-CCEA-4236-B868-82D0E5EB85F4}.Release|Any CPU.Build.0 = Release|Any CPU
		{CA8DE726-C378-4827-841B-68D02FD4EA4D}.Debug|Any CPU.ActiveCfg = Debug|Any CPU
		{CA8DE726-C378-4827-841B-68D02FD4EA4D}.Debug|Any CPU.Build.0 = Debug|Any CPU
		{CA8DE726-C378-4827-841B-68D02FD4EA4D}.Release|Any CPU.ActiveCfg = Release|Any CPU
		{CA8DE726-C378-4827-841B-68D02FD4EA4D}.Release|Any CPU.Build.0 = Release|Any CPU
		{23912B6D-E78C-4866-816A-EC0DFD7BA4DB}.Debug|Any CPU.ActiveCfg = Debug|Any CPU
		{23912B6D-E78C-4866-816A-EC0DFD7BA4DB}.Debug|Any CPU.Build.0 = Debug|Any CPU
		{23912B6D-E78C-4866-816A-EC0DFD7BA4DB}.Release|Any CPU.ActiveCfg = Release|Any CPU
		{23912B6D-E78C-4866-816A-EC0DFD7BA4DB}.Release|Any CPU.Build.0 = Release|Any CPU
		{72A50014-907E-4621-9B2E-544D39F8A0F3}.Debug|Any CPU.ActiveCfg = Debug|Any CPU
		{72A50014-907E-4621-9B2E-544D39F8A0F3}.Debug|Any CPU.Build.0 = Debug|Any CPU
		{72A50014-907E-4621-9B2E-544D39F8A0F3}.Release|Any CPU.ActiveCfg = Release|Any CPU
		{72A50014-907E-4621-9B2E-544D39F8A0F3}.Release|Any CPU.Build.0 = Release|Any CPU
		{A2451CC5-2CB6-4872-9864-60E9B711D2A7}.Debug|Any CPU.ActiveCfg = Debug|Any CPU
		{A2451CC5-2CB6-4872-9864-60E9B711D2A7}.Debug|Any CPU.Build.0 = Debug|Any CPU
		{A2451CC5-2CB6-4872-9864-60E9B711D2A7}.Release|Any CPU.ActiveCfg = Release|Any CPU
		{A2451CC5-2CB6-4872-9864-60E9B711D2A7}.Release|Any CPU.Build.0 = Release|Any CPU
		{B1F4E8B2-B270-4068-A7FE-876BBF76F862}.Debug|Any CPU.ActiveCfg = Debug|Any CPU
		{B1F4E8B2-B270-4068-A7FE-876BBF76F862}.Debug|Any CPU.Build.0 = Debug|Any CPU
		{B1F4E8B2-B270-4068-A7FE-876BBF76F862}.Release|Any CPU.ActiveCfg = Release|Any CPU
		{B1F4E8B2-B270-4068-A7FE-876BBF76F862}.Release|Any CPU.Build.0 = Release|Any CPU
		{0A1F84DB-3A80-40C8-AEAC-778604B5B905}.Debug|Any CPU.ActiveCfg = Debug|Any CPU
		{0A1F84DB-3A80-40C8-AEAC-778604B5B905}.Debug|Any CPU.Build.0 = Debug|Any CPU
		{0A1F84DB-3A80-40C8-AEAC-778604B5B905}.Release|Any CPU.ActiveCfg = Release|Any CPU
		{0A1F84DB-3A80-40C8-AEAC-778604B5B905}.Release|Any CPU.Build.0 = Release|Any CPU
		{12DA8232-F3A5-42CE-8CF9-60595E32370E}.Debug|Any CPU.ActiveCfg = Debug|Any CPU
		{12DA8232-F3A5-42CE-8CF9-60595E32370E}.Debug|Any CPU.Build.0 = Debug|Any CPU
		{12DA8232-F3A5-42CE-8CF9-60595E32370E}.Release|Any CPU.ActiveCfg = Release|Any CPU
		{12DA8232-F3A5-42CE-8CF9-60595E32370E}.Release|Any CPU.Build.0 = Release|Any CPU
		{69CF0CD7-513E-41D3-BD6A-489DC2AFE6DD}.Debug|Any CPU.ActiveCfg = Debug|Any CPU
		{69CF0CD7-513E-41D3-BD6A-489DC2AFE6DD}.Debug|Any CPU.Build.0 = Debug|Any CPU
		{69CF0CD7-513E-41D3-BD6A-489DC2AFE6DD}.Release|Any CPU.ActiveCfg = Release|Any CPU
		{69CF0CD7-513E-41D3-BD6A-489DC2AFE6DD}.Release|Any CPU.Build.0 = Release|Any CPU
		{2C6DB5AD-FDB8-40CD-BF1B-8F469BBCD159}.Debug|Any CPU.ActiveCfg = Debug|Any CPU
		{2C6DB5AD-FDB8-40CD-BF1B-8F469BBCD159}.Debug|Any CPU.Build.0 = Debug|Any CPU
		{2C6DB5AD-FDB8-40CD-BF1B-8F469BBCD159}.Release|Any CPU.ActiveCfg = Release|Any CPU
		{2C6DB5AD-FDB8-40CD-BF1B-8F469BBCD159}.Release|Any CPU.Build.0 = Release|Any CPU
		{31047400-55F7-4FEC-B31C-A76660457C2F}.Debug|Any CPU.ActiveCfg = Debug|Any CPU
		{31047400-55F7-4FEC-B31C-A76660457C2F}.Debug|Any CPU.Build.0 = Debug|Any CPU
		{31047400-55F7-4FEC-B31C-A76660457C2F}.Release|Any CPU.ActiveCfg = Release|Any CPU
		{31047400-55F7-4FEC-B31C-A76660457C2F}.Release|Any CPU.Build.0 = Release|Any CPU
		{E47D9C75-C06D-47A8-ABF6-39F1E4FF807F}.Debug|Any CPU.ActiveCfg = Debug|Any CPU
		{E47D9C75-C06D-47A8-ABF6-39F1E4FF807F}.Debug|Any CPU.Build.0 = Debug|Any CPU
		{E47D9C75-C06D-47A8-ABF6-39F1E4FF807F}.Release|Any CPU.ActiveCfg = Release|Any CPU
		{E47D9C75-C06D-47A8-ABF6-39F1E4FF807F}.Release|Any CPU.Build.0 = Release|Any CPU
		{7F44E7B7-F362-4141-9A3C-613538E7E86A}.Debug|Any CPU.ActiveCfg = Debug|Any CPU
		{7F44E7B7-F362-4141-9A3C-613538E7E86A}.Debug|Any CPU.Build.0 = Debug|Any CPU
		{7F44E7B7-F362-4141-9A3C-613538E7E86A}.Release|Any CPU.ActiveCfg = Release|Any CPU
		{7F44E7B7-F362-4141-9A3C-613538E7E86A}.Release|Any CPU.Build.0 = Release|Any CPU
		{B6E69D72-8742-42A0-B05E-01E3D2125ECE}.Debug|Any CPU.ActiveCfg = Debug|Any CPU
		{B6E69D72-8742-42A0-B05E-01E3D2125ECE}.Debug|Any CPU.Build.0 = Debug|Any CPU
		{B6E69D72-8742-42A0-B05E-01E3D2125ECE}.Release|Any CPU.ActiveCfg = Release|Any CPU
		{B6E69D72-8742-42A0-B05E-01E3D2125ECE}.Release|Any CPU.Build.0 = Release|Any CPU
		{27C7BBE4-8560-4A22-A293-954FDB63ADCA}.Debug|Any CPU.ActiveCfg = Debug|Any CPU
		{27C7BBE4-8560-4A22-A293-954FDB63ADCA}.Debug|Any CPU.Build.0 = Debug|Any CPU
		{27C7BBE4-8560-4A22-A293-954FDB63ADCA}.Release|Any CPU.ActiveCfg = Release|Any CPU
		{27C7BBE4-8560-4A22-A293-954FDB63ADCA}.Release|Any CPU.Build.0 = Release|Any CPU
		{E5A1C4FF-9EB8-4EDE-B0C5-E7B0B7503479}.Debug|Any CPU.ActiveCfg = Debug|Any CPU
		{E5A1C4FF-9EB8-4EDE-B0C5-E7B0B7503479}.Debug|Any CPU.Build.0 = Debug|Any CPU
		{E5A1C4FF-9EB8-4EDE-B0C5-E7B0B7503479}.Release|Any CPU.ActiveCfg = Release|Any CPU
		{E5A1C4FF-9EB8-4EDE-B0C5-E7B0B7503479}.Release|Any CPU.Build.0 = Release|Any CPU
		{3F196A2B-2C87-45EA-B977-398E4A876E70}.Debug|Any CPU.ActiveCfg = Debug|Any CPU
		{3F196A2B-2C87-45EA-B977-398E4A876E70}.Debug|Any CPU.Build.0 = Debug|Any CPU
		{3F196A2B-2C87-45EA-B977-398E4A876E70}.Release|Any CPU.ActiveCfg = Release|Any CPU
		{3F196A2B-2C87-45EA-B977-398E4A876E70}.Release|Any CPU.Build.0 = Release|Any CPU
		{EE31A090-3E9A-4039-ADEB-3E414837F3C5}.Debug|Any CPU.ActiveCfg = Debug|Any CPU
		{EE31A090-3E9A-4039-ADEB-3E414837F3C5}.Debug|Any CPU.Build.0 = Debug|Any CPU
		{EE31A090-3E9A-4039-ADEB-3E414837F3C5}.Release|Any CPU.ActiveCfg = Release|Any CPU
		{EE31A090-3E9A-4039-ADEB-3E414837F3C5}.Release|Any CPU.Build.0 = Release|Any CPU
		{7DFC44E9-60FA-4497-8A03-D36FBC0EAD0F}.Debug|Any CPU.ActiveCfg = Debug|Any CPU
		{7DFC44E9-60FA-4497-8A03-D36FBC0EAD0F}.Debug|Any CPU.Build.0 = Debug|Any CPU
		{7DFC44E9-60FA-4497-8A03-D36FBC0EAD0F}.Release|Any CPU.ActiveCfg = Release|Any CPU
		{7DFC44E9-60FA-4497-8A03-D36FBC0EAD0F}.Release|Any CPU.Build.0 = Release|Any CPU
		{7BD39BD6-B008-4AF5-9E99-F9ED4A73A57B}.Debug|Any CPU.ActiveCfg = Debug|Any CPU
		{7BD39BD6-B008-4AF5-9E99-F9ED4A73A57B}.Debug|Any CPU.Build.0 = Debug|Any CPU
		{7BD39BD6-B008-4AF5-9E99-F9ED4A73A57B}.Release|Any CPU.ActiveCfg = Release|Any CPU
		{7BD39BD6-B008-4AF5-9E99-F9ED4A73A57B}.Release|Any CPU.Build.0 = Release|Any CPU
		{72F2CE3B-A66E-425E-AC57-BA34BF484573}.Debug|Any CPU.ActiveCfg = Debug|Any CPU
		{72F2CE3B-A66E-425E-AC57-BA34BF484573}.Debug|Any CPU.Build.0 = Debug|Any CPU
		{72F2CE3B-A66E-425E-AC57-BA34BF484573}.Release|Any CPU.ActiveCfg = Release|Any CPU
		{72F2CE3B-A66E-425E-AC57-BA34BF484573}.Release|Any CPU.Build.0 = Release|Any CPU
		{1B4BFA26-DE4F-4B98-963A-C7A73597800E}.Debug|Any CPU.ActiveCfg = Debug|Any CPU
		{1B4BFA26-DE4F-4B98-963A-C7A73597800E}.Debug|Any CPU.Build.0 = Debug|Any CPU
		{1B4BFA26-DE4F-4B98-963A-C7A73597800E}.Release|Any CPU.ActiveCfg = Release|Any CPU
		{1B4BFA26-DE4F-4B98-963A-C7A73597800E}.Release|Any CPU.Build.0 = Release|Any CPU
		{19626F52-A480-49E8-A4DD-975F8D543EF6}.Debug|Any CPU.ActiveCfg = Debug|Any CPU
		{19626F52-A480-49E8-A4DD-975F8D543EF6}.Debug|Any CPU.Build.0 = Debug|Any CPU
		{19626F52-A480-49E8-A4DD-975F8D543EF6}.Release|Any CPU.ActiveCfg = Release|Any CPU
		{19626F52-A480-49E8-A4DD-975F8D543EF6}.Release|Any CPU.Build.0 = Release|Any CPU
		{34FE7463-3C27-47F1-B340-9D446E87E782}.Debug|Any CPU.ActiveCfg = Debug|Any CPU
		{34FE7463-3C27-47F1-B340-9D446E87E782}.Debug|Any CPU.Build.0 = Debug|Any CPU
		{34FE7463-3C27-47F1-B340-9D446E87E782}.Release|Any CPU.ActiveCfg = Release|Any CPU
		{34FE7463-3C27-47F1-B340-9D446E87E782}.Release|Any CPU.Build.0 = Release|Any CPU
		{6468DDB4-4FA5-4D8B-9A26-3481EC1E1422}.Debug|Any CPU.ActiveCfg = Debug|Any CPU
		{6468DDB4-4FA5-4D8B-9A26-3481EC1E1422}.Debug|Any CPU.Build.0 = Debug|Any CPU
		{6468DDB4-4FA5-4D8B-9A26-3481EC1E1422}.Release|Any CPU.ActiveCfg = Release|Any CPU
		{6468DDB4-4FA5-4D8B-9A26-3481EC1E1422}.Release|Any CPU.Build.0 = Release|Any CPU
		{44673469-ADA0-4D77-AC1F-5437803589A2}.Debug|Any CPU.ActiveCfg = Debug|Any CPU
		{44673469-ADA0-4D77-AC1F-5437803589A2}.Debug|Any CPU.Build.0 = Debug|Any CPU
		{44673469-ADA0-4D77-AC1F-5437803589A2}.Release|Any CPU.ActiveCfg = Release|Any CPU
		{44673469-ADA0-4D77-AC1F-5437803589A2}.Release|Any CPU.Build.0 = Release|Any CPU
		{E8BE562C-2BA7-4843-9A30-F0BC1957D52C}.Debug|Any CPU.ActiveCfg = Debug|Any CPU
		{E8BE562C-2BA7-4843-9A30-F0BC1957D52C}.Debug|Any CPU.Build.0 = Debug|Any CPU
		{E8BE562C-2BA7-4843-9A30-F0BC1957D52C}.Release|Any CPU.ActiveCfg = Release|Any CPU
		{E8BE562C-2BA7-4843-9A30-F0BC1957D52C}.Release|Any CPU.Build.0 = Release|Any CPU
		{5961E2C9-DC79-4976-8FB3-E602351F4DA9}.Debug|Any CPU.ActiveCfg = Debug|Any CPU
		{5961E2C9-DC79-4976-8FB3-E602351F4DA9}.Debug|Any CPU.Build.0 = Debug|Any CPU
		{5961E2C9-DC79-4976-8FB3-E602351F4DA9}.Release|Any CPU.ActiveCfg = Release|Any CPU
		{5961E2C9-DC79-4976-8FB3-E602351F4DA9}.Release|Any CPU.Build.0 = Release|Any CPU
		{8BE0C7D7-BE1F-4860-838F-74F0440EB257}.Debug|Any CPU.ActiveCfg = Debug|Any CPU
		{8BE0C7D7-BE1F-4860-838F-74F0440EB257}.Debug|Any CPU.Build.0 = Debug|Any CPU
		{8BE0C7D7-BE1F-4860-838F-74F0440EB257}.Release|Any CPU.ActiveCfg = Release|Any CPU
		{8BE0C7D7-BE1F-4860-838F-74F0440EB257}.Release|Any CPU.Build.0 = Release|Any CPU
		{74C09650-CC6F-4B7D-9C59-4F8037EF09E4}.Debug|Any CPU.ActiveCfg = Debug|Any CPU
		{74C09650-CC6F-4B7D-9C59-4F8037EF09E4}.Debug|Any CPU.Build.0 = Debug|Any CPU
		{74C09650-CC6F-4B7D-9C59-4F8037EF09E4}.Release|Any CPU.ActiveCfg = Release|Any CPU
		{74C09650-CC6F-4B7D-9C59-4F8037EF09E4}.Release|Any CPU.Build.0 = Release|Any CPU
		{C9A3D36E-B9D3-4211-AC05-A2A558B728FE}.Debug|Any CPU.ActiveCfg = Debug|Any CPU
		{C9A3D36E-B9D3-4211-AC05-A2A558B728FE}.Debug|Any CPU.Build.0 = Debug|Any CPU
		{C9A3D36E-B9D3-4211-AC05-A2A558B728FE}.Release|Any CPU.ActiveCfg = Release|Any CPU
		{C9A3D36E-B9D3-4211-AC05-A2A558B728FE}.Release|Any CPU.Build.0 = Release|Any CPU
		{0963F740-8E96-4554-A2C1-B4E0F0531C38}.Debug|Any CPU.ActiveCfg = Debug|Any CPU
		{0963F740-8E96-4554-A2C1-B4E0F0531C38}.Debug|Any CPU.Build.0 = Debug|Any CPU
		{0963F740-8E96-4554-A2C1-B4E0F0531C38}.Release|Any CPU.ActiveCfg = Release|Any CPU
		{0963F740-8E96-4554-A2C1-B4E0F0531C38}.Release|Any CPU.Build.0 = Release|Any CPU
		{DD40B5DB-5823-4962-97B4-BB76AA2B1A99}.Debug|Any CPU.ActiveCfg = Debug|Any CPU
		{DD40B5DB-5823-4962-97B4-BB76AA2B1A99}.Debug|Any CPU.Build.0 = Debug|Any CPU
		{DD40B5DB-5823-4962-97B4-BB76AA2B1A99}.Release|Any CPU.ActiveCfg = Release|Any CPU
		{DD40B5DB-5823-4962-97B4-BB76AA2B1A99}.Release|Any CPU.Build.0 = Release|Any CPU
		{2FF461AE-08D8-4AB5-B106-8670861C0DC9}.Debug|Any CPU.ActiveCfg = Debug|Any CPU
		{2FF461AE-08D8-4AB5-B106-8670861C0DC9}.Debug|Any CPU.Build.0 = Debug|Any CPU
		{2FF461AE-08D8-4AB5-B106-8670861C0DC9}.Release|Any CPU.ActiveCfg = Release|Any CPU
		{2FF461AE-08D8-4AB5-B106-8670861C0DC9}.Release|Any CPU.Build.0 = Release|Any CPU
		{73061C8A-3638-4B44-899C-847273147748}.Debug|Any CPU.ActiveCfg = Debug|Any CPU
		{73061C8A-3638-4B44-899C-847273147748}.Debug|Any CPU.Build.0 = Debug|Any CPU
		{73061C8A-3638-4B44-899C-847273147748}.Release|Any CPU.ActiveCfg = Release|Any CPU
		{73061C8A-3638-4B44-899C-847273147748}.Release|Any CPU.Build.0 = Release|Any CPU
		{D475BF93-7BE2-463E-BC8B-A200CE0F046E}.Debug|Any CPU.ActiveCfg = Debug|Any CPU
		{D475BF93-7BE2-463E-BC8B-A200CE0F046E}.Debug|Any CPU.Build.0 = Debug|Any CPU
		{D475BF93-7BE2-463E-BC8B-A200CE0F046E}.Release|Any CPU.ActiveCfg = Release|Any CPU
		{D475BF93-7BE2-463E-BC8B-A200CE0F046E}.Release|Any CPU.Build.0 = Release|Any CPU
		{E22A4071-D7C0-42CD-9036-7DE32D5E7642}.Debug|Any CPU.ActiveCfg = Debug|Any CPU
		{E22A4071-D7C0-42CD-9036-7DE32D5E7642}.Debug|Any CPU.Build.0 = Debug|Any CPU
		{E22A4071-D7C0-42CD-9036-7DE32D5E7642}.Release|Any CPU.ActiveCfg = Release|Any CPU
		{E22A4071-D7C0-42CD-9036-7DE32D5E7642}.Release|Any CPU.Build.0 = Release|Any CPU
		{8BB504BD-6F02-47F8-9AAF-974622AE4C31}.Debug|Any CPU.ActiveCfg = Debug|Any CPU
		{8BB504BD-6F02-47F8-9AAF-974622AE4C31}.Debug|Any CPU.Build.0 = Debug|Any CPU
		{8BB504BD-6F02-47F8-9AAF-974622AE4C31}.Release|Any CPU.ActiveCfg = Release|Any CPU
		{8BB504BD-6F02-47F8-9AAF-974622AE4C31}.Release|Any CPU.Build.0 = Release|Any CPU
		{0B624B82-332F-48AC-AA30-F824103D9EA5}.Debug|Any CPU.ActiveCfg = Debug|Any CPU
		{0B624B82-332F-48AC-AA30-F824103D9EA5}.Debug|Any CPU.Build.0 = Debug|Any CPU
		{0B624B82-332F-48AC-AA30-F824103D9EA5}.Release|Any CPU.ActiveCfg = Release|Any CPU
		{0B624B82-332F-48AC-AA30-F824103D9EA5}.Release|Any CPU.Build.0 = Release|Any CPU
		{254EA9A1-A49A-4ABE-875C-20B8337E2F5C}.Debug|Any CPU.ActiveCfg = Debug|Any CPU
		{254EA9A1-A49A-4ABE-875C-20B8337E2F5C}.Debug|Any CPU.Build.0 = Debug|Any CPU
		{254EA9A1-A49A-4ABE-875C-20B8337E2F5C}.Release|Any CPU.ActiveCfg = Release|Any CPU
		{254EA9A1-A49A-4ABE-875C-20B8337E2F5C}.Release|Any CPU.Build.0 = Release|Any CPU
		{EFA8E369-EE15-422F-B157-AA8658F3DDEE}.Debug|Any CPU.ActiveCfg = Debug|Any CPU
		{EFA8E369-EE15-422F-B157-AA8658F3DDEE}.Debug|Any CPU.Build.0 = Debug|Any CPU
		{EFA8E369-EE15-422F-B157-AA8658F3DDEE}.Release|Any CPU.ActiveCfg = Release|Any CPU
		{EFA8E369-EE15-422F-B157-AA8658F3DDEE}.Release|Any CPU.Build.0 = Release|Any CPU
		{C2A87C7B-1CF2-4006-8655-F2C26FF0D071}.Debug|Any CPU.ActiveCfg = Debug|Any CPU
		{C2A87C7B-1CF2-4006-8655-F2C26FF0D071}.Debug|Any CPU.Build.0 = Debug|Any CPU
		{C2A87C7B-1CF2-4006-8655-F2C26FF0D071}.Release|Any CPU.ActiveCfg = Release|Any CPU
		{C2A87C7B-1CF2-4006-8655-F2C26FF0D071}.Release|Any CPU.Build.0 = Release|Any CPU
		{E0CA5398-ABAC-4D2D-B49F-28D7C4398256}.Debug|Any CPU.ActiveCfg = Debug|Any CPU
		{E0CA5398-ABAC-4D2D-B49F-28D7C4398256}.Debug|Any CPU.Build.0 = Debug|Any CPU
		{E0CA5398-ABAC-4D2D-B49F-28D7C4398256}.Release|Any CPU.ActiveCfg = Release|Any CPU
		{E0CA5398-ABAC-4D2D-B49F-28D7C4398256}.Release|Any CPU.Build.0 = Release|Any CPU
		{592B7158-9603-4198-AE14-9162B8FB8581}.Debug|Any CPU.ActiveCfg = Debug|Any CPU
		{592B7158-9603-4198-AE14-9162B8FB8581}.Debug|Any CPU.Build.0 = Debug|Any CPU
		{592B7158-9603-4198-AE14-9162B8FB8581}.Release|Any CPU.ActiveCfg = Release|Any CPU
		{592B7158-9603-4198-AE14-9162B8FB8581}.Release|Any CPU.Build.0 = Release|Any CPU
		{824F90E6-64E0-40A8-8958-F9744B8AB17E}.Debug|Any CPU.ActiveCfg = Debug|Any CPU
		{824F90E6-64E0-40A8-8958-F9744B8AB17E}.Debug|Any CPU.Build.0 = Debug|Any CPU
		{824F90E6-64E0-40A8-8958-F9744B8AB17E}.Release|Any CPU.ActiveCfg = Release|Any CPU
		{824F90E6-64E0-40A8-8958-F9744B8AB17E}.Release|Any CPU.Build.0 = Release|Any CPU
		{09304C73-B3C9-48C1-8B18-62F079AB1590}.Debug|Any CPU.ActiveCfg = Debug|Any CPU
		{09304C73-B3C9-48C1-8B18-62F079AB1590}.Debug|Any CPU.Build.0 = Debug|Any CPU
		{09304C73-B3C9-48C1-8B18-62F079AB1590}.Release|Any CPU.ActiveCfg = Release|Any CPU
		{09304C73-B3C9-48C1-8B18-62F079AB1590}.Release|Any CPU.Build.0 = Release|Any CPU
		{4CA6FA81-B0FD-4909-8D1A-B0E5807E8689}.Debug|Any CPU.ActiveCfg = Debug|Any CPU
		{4CA6FA81-B0FD-4909-8D1A-B0E5807E8689}.Debug|Any CPU.Build.0 = Debug|Any CPU
		{4CA6FA81-B0FD-4909-8D1A-B0E5807E8689}.Release|Any CPU.ActiveCfg = Release|Any CPU
		{4CA6FA81-B0FD-4909-8D1A-B0E5807E8689}.Release|Any CPU.Build.0 = Release|Any CPU
		{23D5776D-F00D-494C-AE4D-E150F7BB5A61}.Debug|Any CPU.ActiveCfg = Debug|Any CPU
		{23D5776D-F00D-494C-AE4D-E150F7BB5A61}.Debug|Any CPU.Build.0 = Debug|Any CPU
		{23D5776D-F00D-494C-AE4D-E150F7BB5A61}.Release|Any CPU.ActiveCfg = Release|Any CPU
		{23D5776D-F00D-494C-AE4D-E150F7BB5A61}.Release|Any CPU.Build.0 = Release|Any CPU
		{46D34016-24EA-4018-8231-4CFE36707328}.Debug|Any CPU.ActiveCfg = Debug|Any CPU
		{46D34016-24EA-4018-8231-4CFE36707328}.Debug|Any CPU.Build.0 = Debug|Any CPU
		{46D34016-24EA-4018-8231-4CFE36707328}.Release|Any CPU.ActiveCfg = Release|Any CPU
		{46D34016-24EA-4018-8231-4CFE36707328}.Release|Any CPU.Build.0 = Release|Any CPU
		{959F113D-A08F-4D2D-8CB2-A8EC7318B295}.Debug|Any CPU.ActiveCfg = Debug|Any CPU
		{959F113D-A08F-4D2D-8CB2-A8EC7318B295}.Debug|Any CPU.Build.0 = Debug|Any CPU
		{959F113D-A08F-4D2D-8CB2-A8EC7318B295}.Release|Any CPU.ActiveCfg = Release|Any CPU
		{959F113D-A08F-4D2D-8CB2-A8EC7318B295}.Release|Any CPU.Build.0 = Release|Any CPU
		{74BE6C91-885F-42D0-A671-3C447D2799FC}.Debug|Any CPU.ActiveCfg = Debug|Any CPU
		{74BE6C91-885F-42D0-A671-3C447D2799FC}.Debug|Any CPU.Build.0 = Debug|Any CPU
		{74BE6C91-885F-42D0-A671-3C447D2799FC}.Release|Any CPU.ActiveCfg = Release|Any CPU
		{74BE6C91-885F-42D0-A671-3C447D2799FC}.Release|Any CPU.Build.0 = Release|Any CPU
		{67FBA82E-11D6-420A-A428-43C1BD719810}.Debug|Any CPU.ActiveCfg = Debug|Any CPU
		{67FBA82E-11D6-420A-A428-43C1BD719810}.Debug|Any CPU.Build.0 = Debug|Any CPU
		{67FBA82E-11D6-420A-A428-43C1BD719810}.Release|Any CPU.ActiveCfg = Release|Any CPU
		{67FBA82E-11D6-420A-A428-43C1BD719810}.Release|Any CPU.Build.0 = Release|Any CPU
		{F65F6D16-258F-498D-AB12-8D405E5D1C8C}.Debug|Any CPU.ActiveCfg = Debug|Any CPU
		{F65F6D16-258F-498D-AB12-8D405E5D1C8C}.Debug|Any CPU.Build.0 = Debug|Any CPU
		{F65F6D16-258F-498D-AB12-8D405E5D1C8C}.Release|Any CPU.ActiveCfg = Release|Any CPU
		{F65F6D16-258F-498D-AB12-8D405E5D1C8C}.Release|Any CPU.Build.0 = Release|Any CPU
		{44822182-D5CA-4D2F-AE34-7528EA27A510}.Debug|Any CPU.ActiveCfg = Debug|Any CPU
		{44822182-D5CA-4D2F-AE34-7528EA27A510}.Debug|Any CPU.Build.0 = Debug|Any CPU
		{44822182-D5CA-4D2F-AE34-7528EA27A510}.Release|Any CPU.ActiveCfg = Release|Any CPU
		{44822182-D5CA-4D2F-AE34-7528EA27A510}.Release|Any CPU.Build.0 = Release|Any CPU
		{77ACEB66-0C51-4C6D-AD63-2D8B6A1AB29C}.Debug|Any CPU.ActiveCfg = Debug|Any CPU
		{77ACEB66-0C51-4C6D-AD63-2D8B6A1AB29C}.Debug|Any CPU.Build.0 = Debug|Any CPU
		{77ACEB66-0C51-4C6D-AD63-2D8B6A1AB29C}.Release|Any CPU.ActiveCfg = Release|Any CPU
		{77ACEB66-0C51-4C6D-AD63-2D8B6A1AB29C}.Release|Any CPU.Build.0 = Release|Any CPU
		{54970E61-6176-409E-8811-881885D2C24E}.Debug|Any CPU.ActiveCfg = Debug|Any CPU
		{54970E61-6176-409E-8811-881885D2C24E}.Debug|Any CPU.Build.0 = Debug|Any CPU
		{54970E61-6176-409E-8811-881885D2C24E}.Release|Any CPU.ActiveCfg = Release|Any CPU
		{54970E61-6176-409E-8811-881885D2C24E}.Release|Any CPU.Build.0 = Release|Any CPU
		{9788181A-02C1-46BA-BCEA-50DECD558805}.Debug|Any CPU.ActiveCfg = Debug|Any CPU
		{9788181A-02C1-46BA-BCEA-50DECD558805}.Debug|Any CPU.Build.0 = Debug|Any CPU
		{9788181A-02C1-46BA-BCEA-50DECD558805}.Release|Any CPU.ActiveCfg = Release|Any CPU
		{9788181A-02C1-46BA-BCEA-50DECD558805}.Release|Any CPU.Build.0 = Release|Any CPU
		{BEB44B44-98AB-4004-B4CA-593759034637}.Debug|Any CPU.ActiveCfg = Debug|Any CPU
		{BEB44B44-98AB-4004-B4CA-593759034637}.Debug|Any CPU.Build.0 = Debug|Any CPU
		{BEB44B44-98AB-4004-B4CA-593759034637}.Release|Any CPU.ActiveCfg = Release|Any CPU
		{BEB44B44-98AB-4004-B4CA-593759034637}.Release|Any CPU.Build.0 = Release|Any CPU
		{751BA8FA-C7C8-4890-82A2-1F13A4AEF83E}.Debug|Any CPU.ActiveCfg = Debug|Any CPU
		{751BA8FA-C7C8-4890-82A2-1F13A4AEF83E}.Debug|Any CPU.Build.0 = Debug|Any CPU
		{751BA8FA-C7C8-4890-82A2-1F13A4AEF83E}.Release|Any CPU.ActiveCfg = Release|Any CPU
		{751BA8FA-C7C8-4890-82A2-1F13A4AEF83E}.Release|Any CPU.Build.0 = Release|Any CPU
		{E6ED475E-92F0-483E-B714-C4A6F8EADA96}.Debug|Any CPU.ActiveCfg = Debug|Any CPU
		{E6ED475E-92F0-483E-B714-C4A6F8EADA96}.Debug|Any CPU.Build.0 = Debug|Any CPU
		{E6ED475E-92F0-483E-B714-C4A6F8EADA96}.Release|Any CPU.ActiveCfg = Release|Any CPU
		{E6ED475E-92F0-483E-B714-C4A6F8EADA96}.Release|Any CPU.Build.0 = Release|Any CPU
		{8975EF5A-0BCE-458C-806E-A1FF623E8326}.Debug|Any CPU.ActiveCfg = Debug|Any CPU
		{8975EF5A-0BCE-458C-806E-A1FF623E8326}.Debug|Any CPU.Build.0 = Debug|Any CPU
		{8975EF5A-0BCE-458C-806E-A1FF623E8326}.Release|Any CPU.ActiveCfg = Release|Any CPU
		{8975EF5A-0BCE-458C-806E-A1FF623E8326}.Release|Any CPU.Build.0 = Release|Any CPU
		{07D268D1-1EC7-47F3-A623-9632C1D716C5}.Debug|Any CPU.ActiveCfg = Debug|Any CPU
		{07D268D1-1EC7-47F3-A623-9632C1D716C5}.Debug|Any CPU.Build.0 = Debug|Any CPU
		{07D268D1-1EC7-47F3-A623-9632C1D716C5}.Release|Any CPU.ActiveCfg = Release|Any CPU
		{07D268D1-1EC7-47F3-A623-9632C1D716C5}.Release|Any CPU.Build.0 = Release|Any CPU
		{12C3DD34-D60C-4CC2-9168-21EFD96D849E}.Debug|Any CPU.ActiveCfg = Debug|Any CPU
		{12C3DD34-D60C-4CC2-9168-21EFD96D849E}.Debug|Any CPU.Build.0 = Debug|Any CPU
		{12C3DD34-D60C-4CC2-9168-21EFD96D849E}.Release|Any CPU.ActiveCfg = Release|Any CPU
		{12C3DD34-D60C-4CC2-9168-21EFD96D849E}.Release|Any CPU.Build.0 = Release|Any CPU
		{4A9D07C7-00E0-4999-974C-7D8CB1760CC5}.Debug|Any CPU.ActiveCfg = Debug|Any CPU
		{4A9D07C7-00E0-4999-974C-7D8CB1760CC5}.Debug|Any CPU.Build.0 = Debug|Any CPU
		{4A9D07C7-00E0-4999-974C-7D8CB1760CC5}.Release|Any CPU.ActiveCfg = Release|Any CPU
		{4A9D07C7-00E0-4999-974C-7D8CB1760CC5}.Release|Any CPU.Build.0 = Release|Any CPU
		{81007775-426E-49E8-94CD-7E7607657F97}.Debug|Any CPU.ActiveCfg = Debug|Any CPU
		{81007775-426E-49E8-94CD-7E7607657F97}.Debug|Any CPU.Build.0 = Debug|Any CPU
		{81007775-426E-49E8-94CD-7E7607657F97}.Release|Any CPU.ActiveCfg = Release|Any CPU
		{81007775-426E-49E8-94CD-7E7607657F97}.Release|Any CPU.Build.0 = Release|Any CPU
		{78A4D888-F5C3-4398-B77F-49D3798C7DAC}.Debug|Any CPU.ActiveCfg = Debug|Any CPU
		{78A4D888-F5C3-4398-B77F-49D3798C7DAC}.Debug|Any CPU.Build.0 = Debug|Any CPU
		{78A4D888-F5C3-4398-B77F-49D3798C7DAC}.Release|Any CPU.ActiveCfg = Release|Any CPU
		{78A4D888-F5C3-4398-B77F-49D3798C7DAC}.Release|Any CPU.Build.0 = Release|Any CPU
	EndGlobalSection
EndGlobal
