
Microsoft Visual Studio Solution File, Format Version 12.00
Project("{FAE04EC0-301F-11D3-BF4B-00C04F79EFBC}") = "LeetCode.TwoSum", "LeetCode.TwoSum\LeetCode.TwoSum.csproj", "{572F6ABA-B205-474A-9A1E-1C4F85BCBE25}"
EndProject
Project("{FAE04EC0-301F-11D3-BF4B-00C04F79EFBC}") = "CustomHashTable", "CustomHashTable\CustomHashTable.csproj", "{4B663F79-C179-4807-BF23-2A29EBC72878}"
EndProject
Project("{FAE04EC0-301F-11D3-BF4B-00C04F79EFBC}") = "LeetCode.AddTwoNumbers", "LeetCode.AddTwoNumbers\LeetCode.AddTwoNumbers.csproj", "{73DEA1ED-047A-4FF6-96AA-3930A70594C4}"
EndProject
Project("{FAE04EC0-301F-11D3-BF4B-00C04F79EFBC}") = "LeetCode.LongestSubstring", "LeetCode.LongestSubstring\LeetCode.LongestSubstring.csproj", "{6D17BEB4-9BF8-45B8-8A3C-6C7D9D46926C}"
EndProject
Project("{FAE04EC0-301F-11D3-BF4B-00C04F79EFBC}") = "LeetCode.MedianOfTwoSortedArrays", "LeetCode.MedianOfTwoSortedArrays\LeetCode.MedianOfTwoSortedArrays.csproj", "{58AE911D-81CC-4BCE-A5F0-E797AB2586B3}"
EndProject
Project("{FAE04EC0-301F-11D3-BF4B-00C04F79EFBC}") = "LeetCode.LongestPalindromicSubstring", "LeetCode.LongestPalindromicSubstring\LeetCode.LongestPalindromicSubstring.csproj", "{C44EECE2-4CC9-425E-9194-31E9BE3F28A9}"
EndProject
Project("{FAE04EC0-301F-11D3-BF4B-00C04F79EFBC}") = "LeetCode.ZigzagConversion", "LeetCode.ZigzagConversion\LeetCode.ZigzagConversion.csproj", "{2C312C04-8F4F-4CFA-9223-5312A12EED6D}"
EndProject
Project("{FAE04EC0-301F-11D3-BF4B-00C04F79EFBC}") = "LeetCode.ReverseInteger", "LeetCode.ReverseInteger\LeetCode.ReverseInteger.csproj", "{A1187F45-A636-4F9F-9055-53F19D0C02D1}"
EndProject
Project("{FAE04EC0-301F-11D3-BF4B-00C04F79EFBC}") = "LeetCode.StringToInteger", "LeetCode.StringToInteger\LeetCode.StringToInteger.csproj", "{C2EDD2CF-A194-4729-B117-5C02878ECC50}"
EndProject
Project("{FAE04EC0-301F-11D3-BF4B-00C04F79EFBC}") = "LeetCode.PalindromeNumber", "LeetCode.PalindromeNumber\LeetCode.PalindromeNumber.csproj", "{C2F2922F-58EF-420A-8B94-FB8BF410B290}"
EndProject
Project("{FAE04EC0-301F-11D3-BF4B-00C04F79EFBC}") = "LeetCode.RegularExpessionMatching", "LeetCode.RegularExpessionMatching\LeetCode.RegularExpessionMatching.csproj", "{440F8925-F3F4-4BCA-BF64-7078219FB294}"
EndProject
Project("{FAE04EC0-301F-11D3-BF4B-00C04F79EFBC}") = "LeetCode.ContainerWithMostWater", "LeetCode.ContainerWithMostWater\LeetCode.ContainerWithMostWater.csproj", "{F259FF73-6098-41C4-A376-40E37CF23721}"
EndProject
Project("{FAE04EC0-301F-11D3-BF4B-00C04F79EFBC}") = "LeetCode.IntegerToRoman", "LeetCode.IntegerToRoman\LeetCode.IntegerToRoman.csproj", "{05BA76B1-6E7E-475D-A576-BBB8433493BB}"
EndProject
Project("{FAE04EC0-301F-11D3-BF4B-00C04F79EFBC}") = "LeetCode.RomanToInteger", "LeetCode.RomanToInteger\LeetCode.RomanToInteger.csproj", "{70055571-75EE-4780-A209-A9489E88C8AC}"
EndProject
Project("{FAE04EC0-301F-11D3-BF4B-00C04F79EFBC}") = "LeetCode.LongestCommonPrefix", "LeetCode.LongestCommonPrefix\LeetCode.LongestCommonPrefix.csproj", "{C2CD242B-5FF7-4320-B20C-1D81693DD475}"
EndProject
Project("{FAE04EC0-301F-11D3-BF4B-00C04F79EFBC}") = "LeetCode.LetterCombinations", "LeetCode.LetterCombinations\LeetCode.LetterCombinations.csproj", "{F386C4C9-BFF2-4613-9A13-8DAC9D5CCE9A}"
EndProject
Project("{FAE04EC0-301F-11D3-BF4B-00C04F79EFBC}") = "LeetCode.ThreeSum", "LeetCode.ThreeSum\LeetCode.ThreeSum.csproj", "{DA96D339-5942-45A2-8921-D36D96EF3CB8}"
EndProject
Project("{FAE04EC0-301F-11D3-BF4B-00C04F79EFBC}") = "LeetCode.ThreeSumClosest", "LeetCode.ThreeSumClosest\LeetCode.ThreeSumClosest.csproj", "{0B907586-133E-403F-9473-0E94BB87D052}"
EndProject
Project("{FAE04EC0-301F-11D3-BF4B-00C04F79EFBC}") = "LeetCode.ForSum", "LeetCode.ForSum\LeetCode.ForSum.csproj", "{4916DAD5-7012-49EE-A4EC-2E11F974A172}"
EndProject
Project("{FAE04EC0-301F-11D3-BF4B-00C04F79EFBC}") = "LeetCode.RemoveNthNode", "LeetCode.RemoveNthNode\LeetCode.RemoveNthNode.csproj", "{B3A7724A-6DAE-473A-AD42-7DE20FA038B5}"
EndProject
Project("{FAE04EC0-301F-11D3-BF4B-00C04F79EFBC}") = "LeetCode.ValidParentheses", "LeetCode.ValidParentheses\LeetCode.ValidParentheses.csproj", "{5F4DA9E7-0357-4673-B88E-840F344CC363}"
EndProject
Project("{FAE04EC0-301F-11D3-BF4B-00C04F79EFBC}") = "LeetCode.MergeTwoSortedLists", "LeetCode.MergeTwoSortedLists\LeetCode.MergeTwoSortedLists.csproj", "{38F01CBE-EC7E-44F4-990B-9CD1E100948D}"
EndProject
Project("{FAE04EC0-301F-11D3-BF4B-00C04F79EFBC}") = "LeetCode.GenerateParentheses", "LeetCode.GenerateParentheses\LeetCode.GenerateParentheses.csproj", "{7D76F3AA-98D5-4D7A-B15A-4CCD36390935}"
EndProject
Project("{FAE04EC0-301F-11D3-BF4B-00C04F79EFBC}") = "LeetCode.MergeKSortedLists", "LeetCode.MergeKSortedLists\LeetCode.MergeKSortedLists.csproj", "{D90684BC-5488-447F-9456-352FA8B09117}"
EndProject
Project("{FAE04EC0-301F-11D3-BF4B-00C04F79EFBC}") = "LeetCode.SwapNodesInPairs", "LeetCode.SwapNodesInPairs\LeetCode.SwapNodesInPairs.csproj", "{FABF7CCB-4E73-4292-9C72-AF8F3CA96A7D}"
EndProject
Project("{FAE04EC0-301F-11D3-BF4B-00C04F79EFBC}") = "LeetCode.ReverseNodeGroup", "LeetCode.ReverseNodeGroup\LeetCode.ReverseNodeGroup.csproj", "{978E04B0-C5D3-4117-AD2D-897244960604}"
EndProject
Project("{FAE04EC0-301F-11D3-BF4B-00C04F79EFBC}") = "LeetCode.RemoveDuplicatesFromSortedArray", "LeetCode.RemoveDuplicatesFromSortedArray\LeetCode.RemoveDuplicatesFromSortedArray.csproj", "{6A55B6D0-76E8-437C-954F-A083D89576E3}"
EndProject
Project("{FAE04EC0-301F-11D3-BF4B-00C04F79EFBC}") = "LeetCode.RemoveElement", "LeetCode.RemoveElement\LeetCode.RemoveElement.csproj", "{B875F272-CAEE-4253-A72D-94BE28DB15D6}"
EndProject
Project("{FAE04EC0-301F-11D3-BF4B-00C04F79EFBC}") = "LeetCode.FindTheIndexOf", "LeetCode.FindTheIndexOf\LeetCode.FindTheIndexOf.csproj", "{65AE7D0B-97B4-488C-9281-7E7E61CC96FE}"
EndProject
Project("{FAE04EC0-301F-11D3-BF4B-00C04F79EFBC}") = "LeetCode.DivideTwoIntegers", "LeetCode.DivideTwoIntegers\LeetCode.DivideTwoIntegers.csproj", "{6B776561-BD4F-4BE3-A57B-08EE4267EFC5}"
EndProject
Project("{FAE04EC0-301F-11D3-BF4B-00C04F79EFBC}") = "LeetCode.SubstringWithConcatenation", "LeetCode.SubstringWithConcatenation\LeetCode.SubstringWithConcatenation.csproj", "{D87AE7AA-F8FF-44CD-9C1D-2DEF2267B631}"
EndProject
Project("{FAE04EC0-301F-11D3-BF4B-00C04F79EFBC}") = "LeetCode.NextPermutation", "LeetCode.NextPermutation\LeetCode.NextPermutation.csproj", "{8C8FEB77-9F87-43D2-BE40-DED60933BDC3}"
EndProject
Project("{FAE04EC0-301F-11D3-BF4B-00C04F79EFBC}") = "LeetCode.LongestValidParentheses", "LeetCode.LongestValidParentheses\LeetCode.LongestValidParentheses.csproj", "{41C36EC0-24E4-4F97-A7B0-A66F1619F601}"
EndProject
Project("{FAE04EC0-301F-11D3-BF4B-00C04F79EFBC}") = "LeetCode.SearchInRotatedSortedArray", "LeetCode.SearchInRotatedSortedArray\LeetCode.SearchInRotatedSortedArray.csproj", "{9F75944E-2E88-4294-B98B-05B1D219AF0B}"
EndProject
Project("{FAE04EC0-301F-11D3-BF4B-00C04F79EFBC}") = "LeetCode.FindFirstAndLastPosition", "LeetCode.FindFirstAndLastPosition\LeetCode.FindFirstAndLastPosition.csproj", "{4C934ADD-DF0C-4D7A-ADF9-844EED7D0464}"
EndProject
Project("{FAE04EC0-301F-11D3-BF4B-00C04F79EFBC}") = "LeetCode.SearchInsertPosition", "LeetCode.SearchInsertPosition\LeetCode.SearchInsertPosition.csproj", "{39D30C4F-E61D-440B-8AD9-91587840820D}"
EndProject
Project("{FAE04EC0-301F-11D3-BF4B-00C04F79EFBC}") = "LeetCode.ValidSudoku", "LeetCode.ValidSudoku\LeetCode.ValidSudoku.csproj", "{6A6E1422-1E74-42C6-B10B-CDDAFF1D33E0}"
EndProject
Project("{FAE04EC0-301F-11D3-BF4B-00C04F79EFBC}") = "LeetCode.CountAndSay", "LeetCode.CountAndSay\LeetCode.CountAndSay.csproj", "{930E2668-C621-4913-AF96-270F6BB4B1CB}"
EndProject
Project("{FAE04EC0-301F-11D3-BF4B-00C04F79EFBC}") = "LeetCode.CombinationSum", "LeetCode.CombinationSum\LeetCode.CombinationSum.csproj", "{B9E6289D-19DD-4AF9-A4B7-624D852C57BD}"
EndProject
Project("{FAE04EC0-301F-11D3-BF4B-00C04F79EFBC}") = "LeetCode.CombinationSum2", "LeetCode.CombinationSum2\LeetCode.CombinationSum2.csproj", "{387DBDFB-BB77-4FF1-8C09-09F7604270A0}"
EndProject
Project("{FAE04EC0-301F-11D3-BF4B-00C04F79EFBC}") = "LeetCode.FirstMissingPositive", "LeetCode.FirstMissingPositive\LeetCode.FirstMissingPositive.csproj", "{A3FCC31E-285E-4BA4-85C0-50A165E2EE94}"
EndProject
Project("{FAE04EC0-301F-11D3-BF4B-00C04F79EFBC}") = "RecursiveProblem", "RecursiveProblem\RecursiveProblem.csproj", "{DDCCB8FA-70AC-4D53-A847-6844E9E75965}"
EndProject
Project("{FAE04EC0-301F-11D3-BF4B-00C04F79EFBC}") = "LeetCode.TrappingRainWater", "LeetCode.TrappingRainWater\LeetCode.TrappingRainWater.csproj", "{220044AC-BD60-476A-B397-0F4C26EE7C38}"
EndProject
Project("{FAE04EC0-301F-11D3-BF4B-00C04F79EFBC}") = "DynamicProgramming", "DynamicProgramming\DynamicProgramming.csproj", "{5C1F2B57-651C-4FF9-A817-1A1A0DBDA79F}"
EndProject
Project("{FAE04EC0-301F-11D3-BF4B-00C04F79EFBC}") = "LeetCode.MultiplyStrings", "LeetCode.MultiplyStrings\LeetCode.MultiplyStrings.csproj", "{D3343D8C-11CE-4890-888E-575621A0EFA9}"
EndProject
Project("{FAE04EC0-301F-11D3-BF4B-00C04F79EFBC}") = "LeetCode.WildcardMatching", "LeetCode.WildcardMatching\LeetCode.WildcardMatching.csproj", "{8C540125-104B-4526-8651-3B2C9BDA1FAC}"
EndProject
Project("{FAE04EC0-301F-11D3-BF4B-00C04F79EFBC}") = "DepthFirstSearch", "DepthFirstSearch\DepthFirstSearch.csproj", "{2BA9C03A-C55C-4D80-A6A6-E51AA8A764A0}"
EndProject
Project("{FAE04EC0-301F-11D3-BF4B-00C04F79EFBC}") = "LeetCode.KthLargestElement", "LeetCode.KthLargestElement\LeetCode.KthLargestElement.csproj", "{419E347B-35A7-4F31-90AF-42916686B147}"
EndProject
Project("{FAE04EC0-301F-11D3-BF4B-00C04F79EFBC}") = "LeetCode.Permutations", "LeetCode.Permutations\LeetCode.Permutations.csproj", "{B32D37C7-5AE0-4E61-AEF7-38EEB601BA65}"
EndProject
Project("{FAE04EC0-301F-11D3-BF4B-00C04F79EFBC}") = "LeetCode.Permutations2", "LeetCode.Permutations2\LeetCode.Permutations2.csproj", "{DED71F33-1945-418A-A897-BC6892A09DF0}"
EndProject
Project("{FAE04EC0-301F-11D3-BF4B-00C04F79EFBC}") = "LeetCode.RotateImage", "LeetCode.RotateImage\LeetCode.RotateImage.csproj", "{D2D8A7DA-6766-47C6-90D4-B4C8D7A2721D}"
EndProject
Project("{FAE04EC0-301F-11D3-BF4B-00C04F79EFBC}") = "LeetCode.GroupAnagrams", "LeetCode.GroupAnagrams\LeetCode.GroupAnagrams.csproj", "{B4FAA19C-3299-489F-BA07-EB606EDB503B}"
EndProject
Project("{FAE04EC0-301F-11D3-BF4B-00C04F79EFBC}") = "LeetCode.N-Queens", "LeetCode.N-Queens\LeetCode.N-Queens.csproj", "{2FD929EE-70C7-4958-94CE-9C1B8D431381}"
EndProject
Project("{FAE04EC0-301F-11D3-BF4B-00C04F79EFBC}") = "LeetCode.MaximumSubarray", "LeetCode.MaximumSubarray\LeetCode.MaximumSubarray.csproj", "{5AA8C0B5-9FCA-4F3C-83BF-CE25F94715B6}"
EndProject
Project("{FAE04EC0-301F-11D3-BF4B-00C04F79EFBC}") = "LeetCode. SpiralMatrix", "LeetCode. SpiralMatrix\LeetCode. SpiralMatrix.csproj", "{45BA8002-FFEC-4DF2-989C-89B82CFD49FB}"
EndProject
Project("{FAE04EC0-301F-11D3-BF4B-00C04F79EFBC}") = "LeetCode.JumpGame", "LeetCode.JumpGame\LeetCode.JumpGame.csproj", "{B1C34DE2-C124-4E33-A10A-7486FC27B29B}"
EndProject
Project("{FAE04EC0-301F-11D3-BF4B-00C04F79EFBC}") = "LeetCode.MergeIntervals", "LeetCode.MergeIntervals\LeetCode.MergeIntervals.csproj", "{6E1703C9-6074-4579-8D95-0B8060064978}"
EndProject
Project("{FAE04EC0-301F-11D3-BF4B-00C04F79EFBC}") = "LeetCode.InsertInterval", "LeetCode.InsertInterval\LeetCode.InsertInterval.csproj", "{35CA3B0A-5CA5-4FDB-837D-7064B18C4D54}"
EndProject
Project("{FAE04EC0-301F-11D3-BF4B-00C04F79EFBC}") = "LeetCode.LengthOfLastWord", "LeetCode.LengthOfLastWord\LeetCode.LengthOfLastWord.csproj", "{62FF42F6-1840-47D3-8070-D47C708BDC00}"
EndProject
Project("{FAE04EC0-301F-11D3-BF4B-00C04F79EFBC}") = "LeetCode.SpiralMatrix2", "LeetCode.SpiralMatrix2\LeetCode.SpiralMatrix2.csproj", "{DB901B0F-AED3-4C46-B0B7-C17CD97B0482}"
EndProject
Project("{FAE04EC0-301F-11D3-BF4B-00C04F79EFBC}") = "LeetCode.RotateList", "LeetCode.RotateList\LeetCode.RotateList.csproj", "{4E23D2B3-9B20-4986-B5F8-D6C8FD936468}"
EndProject
Project("{FAE04EC0-301F-11D3-BF4B-00C04F79EFBC}") = "LeetCode.UniquePaths", "LeetCode.UniquePaths\LeetCode.UniquePaths.csproj", "{27704B4E-995C-4F77-85D9-8D168F0F4541}"
EndProject
Project("{FAE04EC0-301F-11D3-BF4B-00C04F79EFBC}") = "LeetCode.UniquePaths2", "LeetCode.UniquePaths2\LeetCode.UniquePaths2.csproj", "{44BF3638-1AC9-4D06-843A-E32E51462190}"
EndProject
Project("{FAE04EC0-301F-11D3-BF4B-00C04F79EFBC}") = "LeetCode.MinimumPathSum", "LeetCode.MinimumPathSum\LeetCode.MinimumPathSum.csproj", "{AB387F46-2CCE-44C6-9762-F178B42BFD07}"
EndProject
Project("{FAE04EC0-301F-11D3-BF4B-00C04F79EFBC}") = "LeetCode.PlusOne", "LeetCode.PlusOne\LeetCode.PlusOne.csproj", "{C390C06C-53F4-486A-9AD9-FF06835E76BA}"
EndProject
Project("{FAE04EC0-301F-11D3-BF4B-00C04F79EFBC}") = "LeetCode.AddBinary", "LeetCode.AddBinary\LeetCode.AddBinary.csproj", "{D9398A1C-3F84-4258-9398-3717ACB890A6}"
EndProject
Project("{FAE04EC0-301F-11D3-BF4B-00C04F79EFBC}") = "LeetCode.TextJustification", "LeetCode.TextJustification\LeetCode.TextJustification.csproj", "{D04171FC-F422-45CE-8C8A-19B5B2EAB7C7}"
EndProject
Project("{FAE04EC0-301F-11D3-BF4B-00C04F79EFBC}") = "LeetCode.Sqrt", "LeetCode.Sqrt\LeetCode.Sqrt.csproj", "{0C969A34-5910-47CA-ABFE-B5358DA420F1}"
EndProject
Project("{FAE04EC0-301F-11D3-BF4B-00C04F79EFBC}") = "LeetCode.ClimbingStairs", "LeetCode.ClimbingStairs\LeetCode.ClimbingStairs.csproj", "{4B47DE52-C642-4DCD-9B9A-69BA22D6BA3A}"
EndProject
Project("{FAE04EC0-301F-11D3-BF4B-00C04F79EFBC}") = "LeetCode.SimplifyPath", "LeetCode.SimplifyPath\LeetCode.SimplifyPath.csproj", "{8DF0B1D4-FD32-420B-A909-599E135FD8F0}"
EndProject
Global
	GlobalSection(SolutionConfigurationPlatforms) = preSolution
		Debug|Any CPU = Debug|Any CPU
		Release|Any CPU = Release|Any CPU
	EndGlobalSection
	GlobalSection(ProjectConfigurationPlatforms) = postSolution
		{572F6ABA-B205-474A-9A1E-1C4F85BCBE25}.Debug|Any CPU.ActiveCfg = Debug|Any CPU
		{572F6ABA-B205-474A-9A1E-1C4F85BCBE25}.Debug|Any CPU.Build.0 = Debug|Any CPU
		{572F6ABA-B205-474A-9A1E-1C4F85BCBE25}.Release|Any CPU.ActiveCfg = Release|Any CPU
		{572F6ABA-B205-474A-9A1E-1C4F85BCBE25}.Release|Any CPU.Build.0 = Release|Any CPU
		{4B663F79-C179-4807-BF23-2A29EBC72878}.Debug|Any CPU.ActiveCfg = Debug|Any CPU
		{4B663F79-C179-4807-BF23-2A29EBC72878}.Debug|Any CPU.Build.0 = Debug|Any CPU
		{4B663F79-C179-4807-BF23-2A29EBC72878}.Release|Any CPU.ActiveCfg = Release|Any CPU
		{4B663F79-C179-4807-BF23-2A29EBC72878}.Release|Any CPU.Build.0 = Release|Any CPU
		{73DEA1ED-047A-4FF6-96AA-3930A70594C4}.Debug|Any CPU.ActiveCfg = Debug|Any CPU
		{73DEA1ED-047A-4FF6-96AA-3930A70594C4}.Debug|Any CPU.Build.0 = Debug|Any CPU
		{73DEA1ED-047A-4FF6-96AA-3930A70594C4}.Release|Any CPU.ActiveCfg = Release|Any CPU
		{73DEA1ED-047A-4FF6-96AA-3930A70594C4}.Release|Any CPU.Build.0 = Release|Any CPU
		{6D17BEB4-9BF8-45B8-8A3C-6C7D9D46926C}.Debug|Any CPU.ActiveCfg = Debug|Any CPU
		{6D17BEB4-9BF8-45B8-8A3C-6C7D9D46926C}.Debug|Any CPU.Build.0 = Debug|Any CPU
		{6D17BEB4-9BF8-45B8-8A3C-6C7D9D46926C}.Release|Any CPU.ActiveCfg = Release|Any CPU
		{6D17BEB4-9BF8-45B8-8A3C-6C7D9D46926C}.Release|Any CPU.Build.0 = Release|Any CPU
		{58AE911D-81CC-4BCE-A5F0-E797AB2586B3}.Debug|Any CPU.ActiveCfg = Debug|Any CPU
		{58AE911D-81CC-4BCE-A5F0-E797AB2586B3}.Debug|Any CPU.Build.0 = Debug|Any CPU
		{58AE911D-81CC-4BCE-A5F0-E797AB2586B3}.Release|Any CPU.ActiveCfg = Release|Any CPU
		{58AE911D-81CC-4BCE-A5F0-E797AB2586B3}.Release|Any CPU.Build.0 = Release|Any CPU
		{C44EECE2-4CC9-425E-9194-31E9BE3F28A9}.Debug|Any CPU.ActiveCfg = Debug|Any CPU
		{C44EECE2-4CC9-425E-9194-31E9BE3F28A9}.Debug|Any CPU.Build.0 = Debug|Any CPU
		{C44EECE2-4CC9-425E-9194-31E9BE3F28A9}.Release|Any CPU.ActiveCfg = Release|Any CPU
		{C44EECE2-4CC9-425E-9194-31E9BE3F28A9}.Release|Any CPU.Build.0 = Release|Any CPU
		{2C312C04-8F4F-4CFA-9223-5312A12EED6D}.Debug|Any CPU.ActiveCfg = Debug|Any CPU
		{2C312C04-8F4F-4CFA-9223-5312A12EED6D}.Debug|Any CPU.Build.0 = Debug|Any CPU
		{2C312C04-8F4F-4CFA-9223-5312A12EED6D}.Release|Any CPU.ActiveCfg = Release|Any CPU
		{2C312C04-8F4F-4CFA-9223-5312A12EED6D}.Release|Any CPU.Build.0 = Release|Any CPU
		{A1187F45-A636-4F9F-9055-53F19D0C02D1}.Debug|Any CPU.ActiveCfg = Debug|Any CPU
		{A1187F45-A636-4F9F-9055-53F19D0C02D1}.Debug|Any CPU.Build.0 = Debug|Any CPU
		{A1187F45-A636-4F9F-9055-53F19D0C02D1}.Release|Any CPU.ActiveCfg = Release|Any CPU
		{A1187F45-A636-4F9F-9055-53F19D0C02D1}.Release|Any CPU.Build.0 = Release|Any CPU
		{C2EDD2CF-A194-4729-B117-5C02878ECC50}.Debug|Any CPU.ActiveCfg = Debug|Any CPU
		{C2EDD2CF-A194-4729-B117-5C02878ECC50}.Debug|Any CPU.Build.0 = Debug|Any CPU
		{C2EDD2CF-A194-4729-B117-5C02878ECC50}.Release|Any CPU.ActiveCfg = Release|Any CPU
		{C2EDD2CF-A194-4729-B117-5C02878ECC50}.Release|Any CPU.Build.0 = Release|Any CPU
		{C2F2922F-58EF-420A-8B94-FB8BF410B290}.Debug|Any CPU.ActiveCfg = Debug|Any CPU
		{C2F2922F-58EF-420A-8B94-FB8BF410B290}.Debug|Any CPU.Build.0 = Debug|Any CPU
		{C2F2922F-58EF-420A-8B94-FB8BF410B290}.Release|Any CPU.ActiveCfg = Release|Any CPU
		{C2F2922F-58EF-420A-8B94-FB8BF410B290}.Release|Any CPU.Build.0 = Release|Any CPU
		{440F8925-F3F4-4BCA-BF64-7078219FB294}.Debug|Any CPU.ActiveCfg = Debug|Any CPU
		{440F8925-F3F4-4BCA-BF64-7078219FB294}.Debug|Any CPU.Build.0 = Debug|Any CPU
		{440F8925-F3F4-4BCA-BF64-7078219FB294}.Release|Any CPU.ActiveCfg = Release|Any CPU
		{440F8925-F3F4-4BCA-BF64-7078219FB294}.Release|Any CPU.Build.0 = Release|Any CPU
		{F259FF73-6098-41C4-A376-40E37CF23721}.Debug|Any CPU.ActiveCfg = Debug|Any CPU
		{F259FF73-6098-41C4-A376-40E37CF23721}.Debug|Any CPU.Build.0 = Debug|Any CPU
		{F259FF73-6098-41C4-A376-40E37CF23721}.Release|Any CPU.ActiveCfg = Release|Any CPU
		{F259FF73-6098-41C4-A376-40E37CF23721}.Release|Any CPU.Build.0 = Release|Any CPU
		{05BA76B1-6E7E-475D-A576-BBB8433493BB}.Debug|Any CPU.ActiveCfg = Debug|Any CPU
		{05BA76B1-6E7E-475D-A576-BBB8433493BB}.Debug|Any CPU.Build.0 = Debug|Any CPU
		{05BA76B1-6E7E-475D-A576-BBB8433493BB}.Release|Any CPU.ActiveCfg = Release|Any CPU
		{05BA76B1-6E7E-475D-A576-BBB8433493BB}.Release|Any CPU.Build.0 = Release|Any CPU
		{70055571-75EE-4780-A209-A9489E88C8AC}.Debug|Any CPU.ActiveCfg = Debug|Any CPU
		{70055571-75EE-4780-A209-A9489E88C8AC}.Debug|Any CPU.Build.0 = Debug|Any CPU
		{70055571-75EE-4780-A209-A9489E88C8AC}.Release|Any CPU.ActiveCfg = Release|Any CPU
		{70055571-75EE-4780-A209-A9489E88C8AC}.Release|Any CPU.Build.0 = Release|Any CPU
		{C2CD242B-5FF7-4320-B20C-1D81693DD475}.Debug|Any CPU.ActiveCfg = Debug|Any CPU
		{C2CD242B-5FF7-4320-B20C-1D81693DD475}.Debug|Any CPU.Build.0 = Debug|Any CPU
		{C2CD242B-5FF7-4320-B20C-1D81693DD475}.Release|Any CPU.ActiveCfg = Release|Any CPU
		{C2CD242B-5FF7-4320-B20C-1D81693DD475}.Release|Any CPU.Build.0 = Release|Any CPU
		{F386C4C9-BFF2-4613-9A13-8DAC9D5CCE9A}.Debug|Any CPU.ActiveCfg = Debug|Any CPU
		{F386C4C9-BFF2-4613-9A13-8DAC9D5CCE9A}.Debug|Any CPU.Build.0 = Debug|Any CPU
		{F386C4C9-BFF2-4613-9A13-8DAC9D5CCE9A}.Release|Any CPU.ActiveCfg = Release|Any CPU
		{F386C4C9-BFF2-4613-9A13-8DAC9D5CCE9A}.Release|Any CPU.Build.0 = Release|Any CPU
		{DA96D339-5942-45A2-8921-D36D96EF3CB8}.Debug|Any CPU.ActiveCfg = Debug|Any CPU
		{DA96D339-5942-45A2-8921-D36D96EF3CB8}.Debug|Any CPU.Build.0 = Debug|Any CPU
		{DA96D339-5942-45A2-8921-D36D96EF3CB8}.Release|Any CPU.ActiveCfg = Release|Any CPU
		{DA96D339-5942-45A2-8921-D36D96EF3CB8}.Release|Any CPU.Build.0 = Release|Any CPU
		{0B907586-133E-403F-9473-0E94BB87D052}.Debug|Any CPU.ActiveCfg = Debug|Any CPU
		{0B907586-133E-403F-9473-0E94BB87D052}.Debug|Any CPU.Build.0 = Debug|Any CPU
		{0B907586-133E-403F-9473-0E94BB87D052}.Release|Any CPU.ActiveCfg = Release|Any CPU
		{0B907586-133E-403F-9473-0E94BB87D052}.Release|Any CPU.Build.0 = Release|Any CPU
		{4916DAD5-7012-49EE-A4EC-2E11F974A172}.Debug|Any CPU.ActiveCfg = Debug|Any CPU
		{4916DAD5-7012-49EE-A4EC-2E11F974A172}.Debug|Any CPU.Build.0 = Debug|Any CPU
		{4916DAD5-7012-49EE-A4EC-2E11F974A172}.Release|Any CPU.ActiveCfg = Release|Any CPU
		{4916DAD5-7012-49EE-A4EC-2E11F974A172}.Release|Any CPU.Build.0 = Release|Any CPU
		{B3A7724A-6DAE-473A-AD42-7DE20FA038B5}.Debug|Any CPU.ActiveCfg = Debug|Any CPU
		{B3A7724A-6DAE-473A-AD42-7DE20FA038B5}.Debug|Any CPU.Build.0 = Debug|Any CPU
		{B3A7724A-6DAE-473A-AD42-7DE20FA038B5}.Release|Any CPU.ActiveCfg = Release|Any CPU
		{B3A7724A-6DAE-473A-AD42-7DE20FA038B5}.Release|Any CPU.Build.0 = Release|Any CPU
		{5F4DA9E7-0357-4673-B88E-840F344CC363}.Debug|Any CPU.ActiveCfg = Debug|Any CPU
		{5F4DA9E7-0357-4673-B88E-840F344CC363}.Debug|Any CPU.Build.0 = Debug|Any CPU
		{5F4DA9E7-0357-4673-B88E-840F344CC363}.Release|Any CPU.ActiveCfg = Release|Any CPU
		{5F4DA9E7-0357-4673-B88E-840F344CC363}.Release|Any CPU.Build.0 = Release|Any CPU
		{38F01CBE-EC7E-44F4-990B-9CD1E100948D}.Debug|Any CPU.ActiveCfg = Debug|Any CPU
		{38F01CBE-EC7E-44F4-990B-9CD1E100948D}.Debug|Any CPU.Build.0 = Debug|Any CPU
		{38F01CBE-EC7E-44F4-990B-9CD1E100948D}.Release|Any CPU.ActiveCfg = Release|Any CPU
		{38F01CBE-EC7E-44F4-990B-9CD1E100948D}.Release|Any CPU.Build.0 = Release|Any CPU
		{7D76F3AA-98D5-4D7A-B15A-4CCD36390935}.Debug|Any CPU.ActiveCfg = Debug|Any CPU
		{7D76F3AA-98D5-4D7A-B15A-4CCD36390935}.Debug|Any CPU.Build.0 = Debug|Any CPU
		{7D76F3AA-98D5-4D7A-B15A-4CCD36390935}.Release|Any CPU.ActiveCfg = Release|Any CPU
		{7D76F3AA-98D5-4D7A-B15A-4CCD36390935}.Release|Any CPU.Build.0 = Release|Any CPU
		{D90684BC-5488-447F-9456-352FA8B09117}.Debug|Any CPU.ActiveCfg = Debug|Any CPU
		{D90684BC-5488-447F-9456-352FA8B09117}.Debug|Any CPU.Build.0 = Debug|Any CPU
		{D90684BC-5488-447F-9456-352FA8B09117}.Release|Any CPU.ActiveCfg = Release|Any CPU
		{D90684BC-5488-447F-9456-352FA8B09117}.Release|Any CPU.Build.0 = Release|Any CPU
		{FABF7CCB-4E73-4292-9C72-AF8F3CA96A7D}.Debug|Any CPU.ActiveCfg = Debug|Any CPU
		{FABF7CCB-4E73-4292-9C72-AF8F3CA96A7D}.Debug|Any CPU.Build.0 = Debug|Any CPU
		{FABF7CCB-4E73-4292-9C72-AF8F3CA96A7D}.Release|Any CPU.ActiveCfg = Release|Any CPU
		{FABF7CCB-4E73-4292-9C72-AF8F3CA96A7D}.Release|Any CPU.Build.0 = Release|Any CPU
		{978E04B0-C5D3-4117-AD2D-897244960604}.Debug|Any CPU.ActiveCfg = Debug|Any CPU
		{978E04B0-C5D3-4117-AD2D-897244960604}.Debug|Any CPU.Build.0 = Debug|Any CPU
		{978E04B0-C5D3-4117-AD2D-897244960604}.Release|Any CPU.ActiveCfg = Release|Any CPU
		{978E04B0-C5D3-4117-AD2D-897244960604}.Release|Any CPU.Build.0 = Release|Any CPU
		{6A55B6D0-76E8-437C-954F-A083D89576E3}.Debug|Any CPU.ActiveCfg = Debug|Any CPU
		{6A55B6D0-76E8-437C-954F-A083D89576E3}.Debug|Any CPU.Build.0 = Debug|Any CPU
		{6A55B6D0-76E8-437C-954F-A083D89576E3}.Release|Any CPU.ActiveCfg = Release|Any CPU
		{6A55B6D0-76E8-437C-954F-A083D89576E3}.Release|Any CPU.Build.0 = Release|Any CPU
		{B875F272-CAEE-4253-A72D-94BE28DB15D6}.Debug|Any CPU.ActiveCfg = Debug|Any CPU
		{B875F272-CAEE-4253-A72D-94BE28DB15D6}.Debug|Any CPU.Build.0 = Debug|Any CPU
		{B875F272-CAEE-4253-A72D-94BE28DB15D6}.Release|Any CPU.ActiveCfg = Release|Any CPU
		{B875F272-CAEE-4253-A72D-94BE28DB15D6}.Release|Any CPU.Build.0 = Release|Any CPU
		{65AE7D0B-97B4-488C-9281-7E7E61CC96FE}.Debug|Any CPU.ActiveCfg = Debug|Any CPU
		{65AE7D0B-97B4-488C-9281-7E7E61CC96FE}.Debug|Any CPU.Build.0 = Debug|Any CPU
		{65AE7D0B-97B4-488C-9281-7E7E61CC96FE}.Release|Any CPU.ActiveCfg = Release|Any CPU
		{65AE7D0B-97B4-488C-9281-7E7E61CC96FE}.Release|Any CPU.Build.0 = Release|Any CPU
		{6B776561-BD4F-4BE3-A57B-08EE4267EFC5}.Debug|Any CPU.ActiveCfg = Debug|Any CPU
		{6B776561-BD4F-4BE3-A57B-08EE4267EFC5}.Debug|Any CPU.Build.0 = Debug|Any CPU
		{6B776561-BD4F-4BE3-A57B-08EE4267EFC5}.Release|Any CPU.ActiveCfg = Release|Any CPU
		{6B776561-BD4F-4BE3-A57B-08EE4267EFC5}.Release|Any CPU.Build.0 = Release|Any CPU
		{D87AE7AA-F8FF-44CD-9C1D-2DEF2267B631}.Debug|Any CPU.ActiveCfg = Debug|Any CPU
		{D87AE7AA-F8FF-44CD-9C1D-2DEF2267B631}.Debug|Any CPU.Build.0 = Debug|Any CPU
		{D87AE7AA-F8FF-44CD-9C1D-2DEF2267B631}.Release|Any CPU.ActiveCfg = Release|Any CPU
		{D87AE7AA-F8FF-44CD-9C1D-2DEF2267B631}.Release|Any CPU.Build.0 = Release|Any CPU
		{8C8FEB77-9F87-43D2-BE40-DED60933BDC3}.Debug|Any CPU.ActiveCfg = Debug|Any CPU
		{8C8FEB77-9F87-43D2-BE40-DED60933BDC3}.Debug|Any CPU.Build.0 = Debug|Any CPU
		{8C8FEB77-9F87-43D2-BE40-DED60933BDC3}.Release|Any CPU.ActiveCfg = Release|Any CPU
		{8C8FEB77-9F87-43D2-BE40-DED60933BDC3}.Release|Any CPU.Build.0 = Release|Any CPU
		{41C36EC0-24E4-4F97-A7B0-A66F1619F601}.Debug|Any CPU.ActiveCfg = Debug|Any CPU
		{41C36EC0-24E4-4F97-A7B0-A66F1619F601}.Debug|Any CPU.Build.0 = Debug|Any CPU
		{41C36EC0-24E4-4F97-A7B0-A66F1619F601}.Release|Any CPU.ActiveCfg = Release|Any CPU
		{41C36EC0-24E4-4F97-A7B0-A66F1619F601}.Release|Any CPU.Build.0 = Release|Any CPU
		{9F75944E-2E88-4294-B98B-05B1D219AF0B}.Debug|Any CPU.ActiveCfg = Debug|Any CPU
		{9F75944E-2E88-4294-B98B-05B1D219AF0B}.Debug|Any CPU.Build.0 = Debug|Any CPU
		{9F75944E-2E88-4294-B98B-05B1D219AF0B}.Release|Any CPU.ActiveCfg = Release|Any CPU
		{9F75944E-2E88-4294-B98B-05B1D219AF0B}.Release|Any CPU.Build.0 = Release|Any CPU
		{4C934ADD-DF0C-4D7A-ADF9-844EED7D0464}.Debug|Any CPU.ActiveCfg = Debug|Any CPU
		{4C934ADD-DF0C-4D7A-ADF9-844EED7D0464}.Debug|Any CPU.Build.0 = Debug|Any CPU
		{4C934ADD-DF0C-4D7A-ADF9-844EED7D0464}.Release|Any CPU.ActiveCfg = Release|Any CPU
		{4C934ADD-DF0C-4D7A-ADF9-844EED7D0464}.Release|Any CPU.Build.0 = Release|Any CPU
		{39D30C4F-E61D-440B-8AD9-91587840820D}.Debug|Any CPU.ActiveCfg = Debug|Any CPU
		{39D30C4F-E61D-440B-8AD9-91587840820D}.Debug|Any CPU.Build.0 = Debug|Any CPU
		{39D30C4F-E61D-440B-8AD9-91587840820D}.Release|Any CPU.ActiveCfg = Release|Any CPU
		{39D30C4F-E61D-440B-8AD9-91587840820D}.Release|Any CPU.Build.0 = Release|Any CPU
		{6A6E1422-1E74-42C6-B10B-CDDAFF1D33E0}.Debug|Any CPU.ActiveCfg = Debug|Any CPU
		{6A6E1422-1E74-42C6-B10B-CDDAFF1D33E0}.Debug|Any CPU.Build.0 = Debug|Any CPU
		{6A6E1422-1E74-42C6-B10B-CDDAFF1D33E0}.Release|Any CPU.ActiveCfg = Release|Any CPU
		{6A6E1422-1E74-42C6-B10B-CDDAFF1D33E0}.Release|Any CPU.Build.0 = Release|Any CPU
		{930E2668-C621-4913-AF96-270F6BB4B1CB}.Debug|Any CPU.ActiveCfg = Debug|Any CPU
		{930E2668-C621-4913-AF96-270F6BB4B1CB}.Debug|Any CPU.Build.0 = Debug|Any CPU
		{930E2668-C621-4913-AF96-270F6BB4B1CB}.Release|Any CPU.ActiveCfg = Release|Any CPU
		{930E2668-C621-4913-AF96-270F6BB4B1CB}.Release|Any CPU.Build.0 = Release|Any CPU
		{B9E6289D-19DD-4AF9-A4B7-624D852C57BD}.Debug|Any CPU.ActiveCfg = Debug|Any CPU
		{B9E6289D-19DD-4AF9-A4B7-624D852C57BD}.Debug|Any CPU.Build.0 = Debug|Any CPU
		{B9E6289D-19DD-4AF9-A4B7-624D852C57BD}.Release|Any CPU.ActiveCfg = Release|Any CPU
		{B9E6289D-19DD-4AF9-A4B7-624D852C57BD}.Release|Any CPU.Build.0 = Release|Any CPU
		{387DBDFB-BB77-4FF1-8C09-09F7604270A0}.Debug|Any CPU.ActiveCfg = Debug|Any CPU
		{387DBDFB-BB77-4FF1-8C09-09F7604270A0}.Debug|Any CPU.Build.0 = Debug|Any CPU
		{387DBDFB-BB77-4FF1-8C09-09F7604270A0}.Release|Any CPU.ActiveCfg = Release|Any CPU
		{387DBDFB-BB77-4FF1-8C09-09F7604270A0}.Release|Any CPU.Build.0 = Release|Any CPU
		{A3FCC31E-285E-4BA4-85C0-50A165E2EE94}.Debug|Any CPU.ActiveCfg = Debug|Any CPU
		{A3FCC31E-285E-4BA4-85C0-50A165E2EE94}.Debug|Any CPU.Build.0 = Debug|Any CPU
		{A3FCC31E-285E-4BA4-85C0-50A165E2EE94}.Release|Any CPU.ActiveCfg = Release|Any CPU
		{A3FCC31E-285E-4BA4-85C0-50A165E2EE94}.Release|Any CPU.Build.0 = Release|Any CPU
		{DDCCB8FA-70AC-4D53-A847-6844E9E75965}.Debug|Any CPU.ActiveCfg = Debug|Any CPU
		{DDCCB8FA-70AC-4D53-A847-6844E9E75965}.Debug|Any CPU.Build.0 = Debug|Any CPU
		{DDCCB8FA-70AC-4D53-A847-6844E9E75965}.Release|Any CPU.ActiveCfg = Release|Any CPU
		{DDCCB8FA-70AC-4D53-A847-6844E9E75965}.Release|Any CPU.Build.0 = Release|Any CPU
		{220044AC-BD60-476A-B397-0F4C26EE7C38}.Debug|Any CPU.ActiveCfg = Debug|Any CPU
		{220044AC-BD60-476A-B397-0F4C26EE7C38}.Debug|Any CPU.Build.0 = Debug|Any CPU
		{220044AC-BD60-476A-B397-0F4C26EE7C38}.Release|Any CPU.ActiveCfg = Release|Any CPU
		{220044AC-BD60-476A-B397-0F4C26EE7C38}.Release|Any CPU.Build.0 = Release|Any CPU
		{5C1F2B57-651C-4FF9-A817-1A1A0DBDA79F}.Debug|Any CPU.ActiveCfg = Debug|Any CPU
		{5C1F2B57-651C-4FF9-A817-1A1A0DBDA79F}.Debug|Any CPU.Build.0 = Debug|Any CPU
		{5C1F2B57-651C-4FF9-A817-1A1A0DBDA79F}.Release|Any CPU.ActiveCfg = Release|Any CPU
		{5C1F2B57-651C-4FF9-A817-1A1A0DBDA79F}.Release|Any CPU.Build.0 = Release|Any CPU
		{D3343D8C-11CE-4890-888E-575621A0EFA9}.Debug|Any CPU.ActiveCfg = Debug|Any CPU
		{D3343D8C-11CE-4890-888E-575621A0EFA9}.Debug|Any CPU.Build.0 = Debug|Any CPU
		{D3343D8C-11CE-4890-888E-575621A0EFA9}.Release|Any CPU.ActiveCfg = Release|Any CPU
		{D3343D8C-11CE-4890-888E-575621A0EFA9}.Release|Any CPU.Build.0 = Release|Any CPU
		{8C540125-104B-4526-8651-3B2C9BDA1FAC}.Debug|Any CPU.ActiveCfg = Debug|Any CPU
		{8C540125-104B-4526-8651-3B2C9BDA1FAC}.Debug|Any CPU.Build.0 = Debug|Any CPU
		{8C540125-104B-4526-8651-3B2C9BDA1FAC}.Release|Any CPU.ActiveCfg = Release|Any CPU
		{8C540125-104B-4526-8651-3B2C9BDA1FAC}.Release|Any CPU.Build.0 = Release|Any CPU
		{2BA9C03A-C55C-4D80-A6A6-E51AA8A764A0}.Debug|Any CPU.ActiveCfg = Debug|Any CPU
		{2BA9C03A-C55C-4D80-A6A6-E51AA8A764A0}.Debug|Any CPU.Build.0 = Debug|Any CPU
		{2BA9C03A-C55C-4D80-A6A6-E51AA8A764A0}.Release|Any CPU.ActiveCfg = Release|Any CPU
		{2BA9C03A-C55C-4D80-A6A6-E51AA8A764A0}.Release|Any CPU.Build.0 = Release|Any CPU
		{419E347B-35A7-4F31-90AF-42916686B147}.Debug|Any CPU.ActiveCfg = Debug|Any CPU
		{419E347B-35A7-4F31-90AF-42916686B147}.Debug|Any CPU.Build.0 = Debug|Any CPU
		{419E347B-35A7-4F31-90AF-42916686B147}.Release|Any CPU.ActiveCfg = Release|Any CPU
		{419E347B-35A7-4F31-90AF-42916686B147}.Release|Any CPU.Build.0 = Release|Any CPU
		{B32D37C7-5AE0-4E61-AEF7-38EEB601BA65}.Debug|Any CPU.ActiveCfg = Debug|Any CPU
		{B32D37C7-5AE0-4E61-AEF7-38EEB601BA65}.Debug|Any CPU.Build.0 = Debug|Any CPU
		{B32D37C7-5AE0-4E61-AEF7-38EEB601BA65}.Release|Any CPU.ActiveCfg = Release|Any CPU
		{B32D37C7-5AE0-4E61-AEF7-38EEB601BA65}.Release|Any CPU.Build.0 = Release|Any CPU
		{DED71F33-1945-418A-A897-BC6892A09DF0}.Debug|Any CPU.ActiveCfg = Debug|Any CPU
		{DED71F33-1945-418A-A897-BC6892A09DF0}.Debug|Any CPU.Build.0 = Debug|Any CPU
		{DED71F33-1945-418A-A897-BC6892A09DF0}.Release|Any CPU.ActiveCfg = Release|Any CPU
		{DED71F33-1945-418A-A897-BC6892A09DF0}.Release|Any CPU.Build.0 = Release|Any CPU
		{D2D8A7DA-6766-47C6-90D4-B4C8D7A2721D}.Debug|Any CPU.ActiveCfg = Debug|Any CPU
		{D2D8A7DA-6766-47C6-90D4-B4C8D7A2721D}.Debug|Any CPU.Build.0 = Debug|Any CPU
		{D2D8A7DA-6766-47C6-90D4-B4C8D7A2721D}.Release|Any CPU.ActiveCfg = Release|Any CPU
		{D2D8A7DA-6766-47C6-90D4-B4C8D7A2721D}.Release|Any CPU.Build.0 = Release|Any CPU
		{B4FAA19C-3299-489F-BA07-EB606EDB503B}.Debug|Any CPU.ActiveCfg = Debug|Any CPU
		{B4FAA19C-3299-489F-BA07-EB606EDB503B}.Debug|Any CPU.Build.0 = Debug|Any CPU
		{B4FAA19C-3299-489F-BA07-EB606EDB503B}.Release|Any CPU.ActiveCfg = Release|Any CPU
		{B4FAA19C-3299-489F-BA07-EB606EDB503B}.Release|Any CPU.Build.0 = Release|Any CPU
		{2FD929EE-70C7-4958-94CE-9C1B8D431381}.Debug|Any CPU.ActiveCfg = Debug|Any CPU
		{2FD929EE-70C7-4958-94CE-9C1B8D431381}.Debug|Any CPU.Build.0 = Debug|Any CPU
		{2FD929EE-70C7-4958-94CE-9C1B8D431381}.Release|Any CPU.ActiveCfg = Release|Any CPU
		{2FD929EE-70C7-4958-94CE-9C1B8D431381}.Release|Any CPU.Build.0 = Release|Any CPU
		{5AA8C0B5-9FCA-4F3C-83BF-CE25F94715B6}.Debug|Any CPU.ActiveCfg = Debug|Any CPU
		{5AA8C0B5-9FCA-4F3C-83BF-CE25F94715B6}.Debug|Any CPU.Build.0 = Debug|Any CPU
		{5AA8C0B5-9FCA-4F3C-83BF-CE25F94715B6}.Release|Any CPU.ActiveCfg = Release|Any CPU
		{5AA8C0B5-9FCA-4F3C-83BF-CE25F94715B6}.Release|Any CPU.Build.0 = Release|Any CPU
		{45BA8002-FFEC-4DF2-989C-89B82CFD49FB}.Debug|Any CPU.ActiveCfg = Debug|Any CPU
		{45BA8002-FFEC-4DF2-989C-89B82CFD49FB}.Debug|Any CPU.Build.0 = Debug|Any CPU
		{45BA8002-FFEC-4DF2-989C-89B82CFD49FB}.Release|Any CPU.ActiveCfg = Release|Any CPU
		{45BA8002-FFEC-4DF2-989C-89B82CFD49FB}.Release|Any CPU.Build.0 = Release|Any CPU
		{B1C34DE2-C124-4E33-A10A-7486FC27B29B}.Debug|Any CPU.ActiveCfg = Debug|Any CPU
		{B1C34DE2-C124-4E33-A10A-7486FC27B29B}.Debug|Any CPU.Build.0 = Debug|Any CPU
		{B1C34DE2-C124-4E33-A10A-7486FC27B29B}.Release|Any CPU.ActiveCfg = Release|Any CPU
		{B1C34DE2-C124-4E33-A10A-7486FC27B29B}.Release|Any CPU.Build.0 = Release|Any CPU
		{6E1703C9-6074-4579-8D95-0B8060064978}.Debug|Any CPU.ActiveCfg = Debug|Any CPU
		{6E1703C9-6074-4579-8D95-0B8060064978}.Debug|Any CPU.Build.0 = Debug|Any CPU
		{6E1703C9-6074-4579-8D95-0B8060064978}.Release|Any CPU.ActiveCfg = Release|Any CPU
		{6E1703C9-6074-4579-8D95-0B8060064978}.Release|Any CPU.Build.0 = Release|Any CPU
		{35CA3B0A-5CA5-4FDB-837D-7064B18C4D54}.Debug|Any CPU.ActiveCfg = Debug|Any CPU
		{35CA3B0A-5CA5-4FDB-837D-7064B18C4D54}.Debug|Any CPU.Build.0 = Debug|Any CPU
		{35CA3B0A-5CA5-4FDB-837D-7064B18C4D54}.Release|Any CPU.ActiveCfg = Release|Any CPU
		{35CA3B0A-5CA5-4FDB-837D-7064B18C4D54}.Release|Any CPU.Build.0 = Release|Any CPU
		{62FF42F6-1840-47D3-8070-D47C708BDC00}.Debug|Any CPU.ActiveCfg = Debug|Any CPU
		{62FF42F6-1840-47D3-8070-D47C708BDC00}.Debug|Any CPU.Build.0 = Debug|Any CPU
		{62FF42F6-1840-47D3-8070-D47C708BDC00}.Release|Any CPU.ActiveCfg = Release|Any CPU
		{62FF42F6-1840-47D3-8070-D47C708BDC00}.Release|Any CPU.Build.0 = Release|Any CPU
		{DB901B0F-AED3-4C46-B0B7-C17CD97B0482}.Debug|Any CPU.ActiveCfg = Debug|Any CPU
		{DB901B0F-AED3-4C46-B0B7-C17CD97B0482}.Debug|Any CPU.Build.0 = Debug|Any CPU
		{DB901B0F-AED3-4C46-B0B7-C17CD97B0482}.Release|Any CPU.ActiveCfg = Release|Any CPU
		{DB901B0F-AED3-4C46-B0B7-C17CD97B0482}.Release|Any CPU.Build.0 = Release|Any CPU
		{4E23D2B3-9B20-4986-B5F8-D6C8FD936468}.Debug|Any CPU.ActiveCfg = Debug|Any CPU
		{4E23D2B3-9B20-4986-B5F8-D6C8FD936468}.Debug|Any CPU.Build.0 = Debug|Any CPU
		{4E23D2B3-9B20-4986-B5F8-D6C8FD936468}.Release|Any CPU.ActiveCfg = Release|Any CPU
		{4E23D2B3-9B20-4986-B5F8-D6C8FD936468}.Release|Any CPU.Build.0 = Release|Any CPU
		{27704B4E-995C-4F77-85D9-8D168F0F4541}.Debug|Any CPU.ActiveCfg = Debug|Any CPU
		{27704B4E-995C-4F77-85D9-8D168F0F4541}.Debug|Any CPU.Build.0 = Debug|Any CPU
		{27704B4E-995C-4F77-85D9-8D168F0F4541}.Release|Any CPU.ActiveCfg = Release|Any CPU
		{27704B4E-995C-4F77-85D9-8D168F0F4541}.Release|Any CPU.Build.0 = Release|Any CPU
		{44BF3638-1AC9-4D06-843A-E32E51462190}.Debug|Any CPU.ActiveCfg = Debug|Any CPU
		{44BF3638-1AC9-4D06-843A-E32E51462190}.Debug|Any CPU.Build.0 = Debug|Any CPU
		{44BF3638-1AC9-4D06-843A-E32E51462190}.Release|Any CPU.ActiveCfg = Release|Any CPU
		{44BF3638-1AC9-4D06-843A-E32E51462190}.Release|Any CPU.Build.0 = Release|Any CPU
		{AB387F46-2CCE-44C6-9762-F178B42BFD07}.Debug|Any CPU.ActiveCfg = Debug|Any CPU
		{AB387F46-2CCE-44C6-9762-F178B42BFD07}.Debug|Any CPU.Build.0 = Debug|Any CPU
		{AB387F46-2CCE-44C6-9762-F178B42BFD07}.Release|Any CPU.ActiveCfg = Release|Any CPU
		{AB387F46-2CCE-44C6-9762-F178B42BFD07}.Release|Any CPU.Build.0 = Release|Any CPU
		{C390C06C-53F4-486A-9AD9-FF06835E76BA}.Debug|Any CPU.ActiveCfg = Debug|Any CPU
		{C390C06C-53F4-486A-9AD9-FF06835E76BA}.Debug|Any CPU.Build.0 = Debug|Any CPU
		{C390C06C-53F4-486A-9AD9-FF06835E76BA}.Release|Any CPU.ActiveCfg = Release|Any CPU
		{C390C06C-53F4-486A-9AD9-FF06835E76BA}.Release|Any CPU.Build.0 = Release|Any CPU
		{D9398A1C-3F84-4258-9398-3717ACB890A6}.Debug|Any CPU.ActiveCfg = Debug|Any CPU
		{D9398A1C-3F84-4258-9398-3717ACB890A6}.Debug|Any CPU.Build.0 = Debug|Any CPU
		{D9398A1C-3F84-4258-9398-3717ACB890A6}.Release|Any CPU.ActiveCfg = Release|Any CPU
		{D9398A1C-3F84-4258-9398-3717ACB890A6}.Release|Any CPU.Build.0 = Release|Any CPU
		{D04171FC-F422-45CE-8C8A-19B5B2EAB7C7}.Debug|Any CPU.ActiveCfg = Debug|Any CPU
		{D04171FC-F422-45CE-8C8A-19B5B2EAB7C7}.Debug|Any CPU.Build.0 = Debug|Any CPU
		{D04171FC-F422-45CE-8C8A-19B5B2EAB7C7}.Release|Any CPU.ActiveCfg = Release|Any CPU
		{D04171FC-F422-45CE-8C8A-19B5B2EAB7C7}.Release|Any CPU.Build.0 = Release|Any CPU
		{0C969A34-5910-47CA-ABFE-B5358DA420F1}.Debug|Any CPU.ActiveCfg = Debug|Any CPU
		{0C969A34-5910-47CA-ABFE-B5358DA420F1}.Debug|Any CPU.Build.0 = Debug|Any CPU
		{0C969A34-5910-47CA-ABFE-B5358DA420F1}.Release|Any CPU.ActiveCfg = Release|Any CPU
		{0C969A34-5910-47CA-ABFE-B5358DA420F1}.Release|Any CPU.Build.0 = Release|Any CPU
		{4B47DE52-C642-4DCD-9B9A-69BA22D6BA3A}.Debug|Any CPU.ActiveCfg = Debug|Any CPU
		{4B47DE52-C642-4DCD-9B9A-69BA22D6BA3A}.Debug|Any CPU.Build.0 = Debug|Any CPU
		{4B47DE52-C642-4DCD-9B9A-69BA22D6BA3A}.Release|Any CPU.ActiveCfg = Release|Any CPU
		{4B47DE52-C642-4DCD-9B9A-69BA22D6BA3A}.Release|Any CPU.Build.0 = Release|Any CPU
		{8DF0B1D4-FD32-420B-A909-599E135FD8F0}.Debug|Any CPU.ActiveCfg = Debug|Any CPU
		{8DF0B1D4-FD32-420B-A909-599E135FD8F0}.Debug|Any CPU.Build.0 = Debug|Any CPU
		{8DF0B1D4-FD32-420B-A909-599E135FD8F0}.Release|Any CPU.ActiveCfg = Release|Any CPU
		{8DF0B1D4-FD32-420B-A909-599E135FD8F0}.Release|Any CPU.Build.0 = Release|Any CPU
	EndGlobalSection
EndGlobal
